// !$*UTF8*$!
{
	archiveVersion = 1;
	classes = {
	};
	objectVersion = 46;
	objects = {

/* Begin PBXBuildFile section */
		421774269F5DF5997622C2F9 /* libPods-Lets Do This.a in Frameworks */ = {isa = PBXBuildFile; fileRef = FD644C9FDE4E95B4C94D523F /* libPods-Lets Do This.a */; };
		569AA55E1B4085A000D8C8C9 /* InterfaceBuilderView.m in Sources */ = {isa = PBXBuildFile; fileRef = 569AA55D1B4085A000D8C8C9 /* InterfaceBuilderView.m */; };
		B20881A11B0B9B0F00E697B2 /* keys.plist in Resources */ = {isa = PBXBuildFile; fileRef = B20881A01B0B9B0F00E697B2 /* keys.plist */; };
		B20D06D11B3A58F40053D3B6 /* LDTMessage.m in Sources */ = {isa = PBXBuildFile; fileRef = B20D06D01B3A58F40053D3B6 /* LDTMessage.m */; };
		B21126271B618038009128E7 /* DSOUserManager.m in Sources */ = {isa = PBXBuildFile; fileRef = B21126261B618038009128E7 /* DSOUserManager.m */; };
		B212C2621B4ED6F300376BB1 /* LDTBaseViewController.m in Sources */ = {isa = PBXBuildFile; fileRef = B212C2611B4ED6F300376BB1 /* LDTBaseViewController.m */; };
		B216CFC61B685EE8007E1914 /* UIImageView+LDT.m in Sources */ = {isa = PBXBuildFile; fileRef = B216CFC51B685EE8007E1914 /* UIImageView+LDT.m */; };
		B21996B11B7CFEDA0054EADC /* LDTHeaderCollectionReusableView.m in Sources */ = {isa = PBXBuildFile; fileRef = B21996AF1B7CFEDA0054EADC /* LDTHeaderCollectionReusableView.m */; };
		B21996B21B7CFEDA0054EADC /* LDTHeaderCollectionReusableView.xib in Resources */ = {isa = PBXBuildFile; fileRef = B21996B01B7CFEDA0054EADC /* LDTHeaderCollectionReusableView.xib */; };
		B22273FE1B58076F005C896D /* DSOAPI.m in Sources */ = {isa = PBXBuildFile; fileRef = B22273FD1B58076F005C896D /* DSOAPI.m */; };
		B22274011B5879B3005C896D /* LDTCampaignListView.xib in Resources */ = {isa = PBXBuildFile; fileRef = B22274001B5879B3005C896D /* LDTCampaignListView.xib */; };
		B22274051B587A20005C896D /* LDTCampaignListViewController.m in Sources */ = {isa = PBXBuildFile; fileRef = B22274041B587A20005C896D /* LDTCampaignListViewController.m */; };
		B223AD761B7A724000D4AA40 /* DSOReportbackItem.m in Sources */ = {isa = PBXBuildFile; fileRef = B223AD751B7A724000D4AA40 /* DSOReportbackItem.m */; };
		B22AB7661B4EE78500BE7052 /* LDTUserLoginViewController.m in Sources */ = {isa = PBXBuildFile; fileRef = B22AB7651B4EE78500BE7052 /* LDTUserLoginViewController.m */; };
		B22AB7681B4EE7BE00BE7052 /* LDTUserLoginView.xib in Resources */ = {isa = PBXBuildFile; fileRef = B22AB7671B4EE7BE00BE7052 /* LDTUserLoginView.xib */; };
		B2399FD41BB4A00D00314F39 /* LDTCampaignDetailSelfReportbackCell.m in Sources */ = {isa = PBXBuildFile; fileRef = B2399FD21BB4A00D00314F39 /* LDTCampaignDetailSelfReportbackCell.m */; settings = {ASSET_TAGS = (); }; };
		B2399FD51BB4A00D00314F39 /* LDTCampaignDetailSelfReportbackCell.xib in Resources */ = {isa = PBXBuildFile; fileRef = B2399FD31BB4A00D00314F39 /* LDTCampaignDetailSelfReportbackCell.xib */; settings = {ASSET_TAGS = (); }; };
		B23E68211B8FC728005BFB5E /* LDTCampaignDetailCampaignCell.m in Sources */ = {isa = PBXBuildFile; fileRef = B23E681F1B8FC728005BFB5E /* LDTCampaignDetailCampaignCell.m */; };
		B23E68221B8FC728005BFB5E /* LDTCampaignDetailCampaignCell.xib in Resources */ = {isa = PBXBuildFile; fileRef = B23E68201B8FC728005BFB5E /* LDTCampaignDetailCampaignCell.xib */; };
		B23E68261B8FC74E005BFB5E /* LDTCampaignDetailReportbackItemCell.m in Sources */ = {isa = PBXBuildFile; fileRef = B23E68241B8FC74E005BFB5E /* LDTCampaignDetailReportbackItemCell.m */; };
		B23E68271B8FC74E005BFB5E /* LDTCampaignDetailReportbackItemCell.xib in Resources */ = {isa = PBXBuildFile; fileRef = B23E68251B8FC74E005BFB5E /* LDTCampaignDetailReportbackItemCell.xib */; };
		B240DD321B73DA4D00CA6C6E /* LDTTabBarController.m in Sources */ = {isa = PBXBuildFile; fileRef = B240DD311B73DA4D00CA6C6E /* LDTTabBarController.m */; };
		B24FE0311BAA49AA001CAD5D /* LDTSubmitReportbackViewController.m in Sources */ = {isa = PBXBuildFile; fileRef = B24FE0301BAA49AA001CAD5D /* LDTSubmitReportbackViewController.m */; };
		B24FE0331BAA49CE001CAD5D /* LDTSubmitReportbackView.xib in Resources */ = {isa = PBXBuildFile; fileRef = B24FE0321BAA49CE001CAD5D /* LDTSubmitReportbackView.xib */; };
		B258EB311B8E548B00B298C0 /* LDTReportbackItemDetailView.m in Sources */ = {isa = PBXBuildFile; fileRef = B258EB301B8E548B00B298C0 /* LDTReportbackItemDetailView.m */; };
		B258EB331B8E696100B298C0 /* LDTReportbackItemDetailSingleView.xib in Resources */ = {isa = PBXBuildFile; fileRef = B258EB321B8E696100B298C0 /* LDTReportbackItemDetailSingleView.xib */; };
		B2629F231BAB45C800A1B5C3 /* LDTUpdateAvatarViewController.m in Sources */ = {isa = PBXBuildFile; fileRef = B2629F221BAB45C800A1B5C3 /* LDTUpdateAvatarViewController.m */; };
		B2629F261BAB460D00A1B5C3 /* LDTUpdateAvatarView.xib in Resources */ = {isa = PBXBuildFile; fileRef = B2629F251BAB460D00A1B5C3 /* LDTUpdateAvatarView.xib */; };
		B273A7681B459BB700CBD4E1 /* Brandon_med.otf in Resources */ = {isa = PBXBuildFile; fileRef = B273A7661B459B6C00CBD4E1 /* Brandon_med.otf */; };
		B273A7691B459BBA00CBD4E1 /* Brandon_bld.otf in Resources */ = {isa = PBXBuildFile; fileRef = B273A7671B459BA300CBD4E1 /* Brandon_bld.otf */; };
		B27AF0E41B4F48BC00164926 /* LDTUserProfileViewController.m in Sources */ = {isa = PBXBuildFile; fileRef = B27AF0E31B4F48BC00164926 /* LDTUserProfileViewController.m */; };
		B27AF0E71B4F493D00164926 /* LDTUserProfileView.xib in Resources */ = {isa = PBXBuildFile; fileRef = B27AF0E61B4F493D00164926 /* LDTUserProfileView.xib */; };
		B27AF0EB1B4F64B200164926 /* LDTLoadingViewController.m in Sources */ = {isa = PBXBuildFile; fileRef = B27AF0EA1B4F64B200164926 /* LDTLoadingViewController.m */; };
		B27AF0ED1B4F64D200164926 /* LDTLoadingView.xib in Resources */ = {isa = PBXBuildFile; fileRef = B27AF0EC1B4F64D200164926 /* LDTLoadingView.xib */; };
		B27F49EA1B6ADB68005CFC35 /* LDTCampaignDetailView.xib in Resources */ = {isa = PBXBuildFile; fileRef = B27F49E91B6ADB68005CFC35 /* LDTCampaignDetailView.xib */; };
		B27F49ED1B6ADB93005CFC35 /* LDTCampaignDetailViewController.m in Sources */ = {isa = PBXBuildFile; fileRef = B27F49EC1B6ADB93005CFC35 /* LDTCampaignDetailViewController.m */; };
		B27FD03F1BBD99FF00A44952 /* LDTEpicFailViewController.m in Sources */ = {isa = PBXBuildFile; fileRef = B27FD03D1BBD99FF00A44952 /* LDTEpicFailViewController.m */; settings = {ASSET_TAGS = (); }; };
		B27FD0401BBD99FF00A44952 /* LDTEpicFailView.xib in Resources */ = {isa = PBXBuildFile; fileRef = B27FD03E1BBD99FF00A44952 /* LDTEpicFailView.xib */; settings = {ASSET_TAGS = (); }; };
		B28124CF1BAA0DF000DF58DA /* UINavigationController+LDT.m in Sources */ = {isa = PBXBuildFile; fileRef = B28124CE1BAA0DF000DF58DA /* UINavigationController+LDT.m */; };
		B28124D21BAA1FB700DF58DA /* UIViewController+LDT.m in Sources */ = {isa = PBXBuildFile; fileRef = B28124D11BAA1FB700DF58DA /* UIViewController+LDT.m */; };
		B29A657F1BB60F0B008C0E2A /* DSOCampaignSignup.m in Sources */ = {isa = PBXBuildFile; fileRef = B29A657E1BB60F0B008C0E2A /* DSOCampaignSignup.m */; settings = {ASSET_TAGS = (); }; };
		B2A1365B1B3C9FDA00D20273 /* LDTUserConnectView.xib in Resources */ = {isa = PBXBuildFile; fileRef = B2A1365A1B3C9FDA00D20273 /* LDTUserConnectView.xib */; };
		B2A1365E1B3CA4B100D20273 /* LDTUserConnectViewController.m in Sources */ = {isa = PBXBuildFile; fileRef = B2A1365D1B3CA4B100D20273 /* LDTUserConnectViewController.m */; };
		B2A136601B3D1AEF00D20273 /* LDTUserRegisterView.xib in Resources */ = {isa = PBXBuildFile; fileRef = B2A1365F1B3D1AEF00D20273 /* LDTUserRegisterView.xib */; };
		B2A136631B3D9BC600D20273 /* LDTUserRegisterViewController.m in Sources */ = {isa = PBXBuildFile; fileRef = B2A136621B3D9BC600D20273 /* LDTUserRegisterViewController.m */; };
		B2A41A051B5DCC5300C6C1A6 /* LDTSettingsView.xib in Resources */ = {isa = PBXBuildFile; fileRef = B2A41A041B5DCC5300C6C1A6 /* LDTSettingsView.xib */; };
		B2DB71991B754E3F00915A18 /* LDTCampaignListCampaignCell.m in Sources */ = {isa = PBXBuildFile; fileRef = B2DB71971B754E3F00915A18 /* LDTCampaignListCampaignCell.m */; };
		B2DB719A1B754E3F00915A18 /* LDTCampaignListCampaignCell.xib in Resources */ = {isa = PBXBuildFile; fileRef = B2DB71981B754E3F00915A18 /* LDTCampaignListCampaignCell.xib */; };
		B2DB719E1B755E6300915A18 /* LDTCampaignListReportbackItemCell.m in Sources */ = {isa = PBXBuildFile; fileRef = B2DB719C1B755E6300915A18 /* LDTCampaignListReportbackItemCell.m */; };
		B2DB719F1B755E6300915A18 /* LDTCampaignListReportbackItemCell.xib in Resources */ = {isa = PBXBuildFile; fileRef = B2DB719D1B755E6300915A18 /* LDTCampaignListReportbackItemCell.xib */; };
		B2E652DF1B4380AD00EF9D69 /* LDTTheme.m in Sources */ = {isa = PBXBuildFile; fileRef = B2E652DE1B4380AD00EF9D69 /* LDTTheme.m */; };
		B2E652E21B43822600EF9D69 /* LDTButton.m in Sources */ = {isa = PBXBuildFile; fileRef = B2E652E11B43822600EF9D69 /* LDTButton.m */; };
		B2E75D7F1B87B1610015BE4A /* LDTReportbackItemDetailView.xib in Resources */ = {isa = PBXBuildFile; fileRef = B2E75D7E1B87B1610015BE4A /* LDTReportbackItemDetailView.xib */; };
		B2E75D831B87B1920015BE4A /* LDTReportbackItemDetailSingleViewController.m in Sources */ = {isa = PBXBuildFile; fileRef = B2E75D821B87B1920015BE4A /* LDTReportbackItemDetailSingleViewController.m */; };
		C20BA2831AF3DBE400E9886F /* DSOCampaign.m in Sources */ = {isa = PBXBuildFile; fileRef = C20BA2781AF3DBE400E9886F /* DSOCampaign.m */; };
		C20BA2881AF3DBE400E9886F /* DSOUser.m in Sources */ = {isa = PBXBuildFile; fileRef = C20BA2821AF3DBE400E9886F /* DSOUser.m */; };
		C20BA28D1AF3DCAB00E9886F /* NSDate+DSO.m in Sources */ = {isa = PBXBuildFile; fileRef = C20BA28A1AF3DCAB00E9886F /* NSDate+DSO.m */; };
		C20BA28E1AF3DCAB00E9886F /* NSDictionary+DSOJsonHelper.m in Sources */ = {isa = PBXBuildFile; fileRef = C20BA28C1AF3DCAB00E9886F /* NSDictionary+DSOJsonHelper.m */; };
		C2B151EF1ACE04C30028C336 /* main.m in Sources */ = {isa = PBXBuildFile; fileRef = C2B151EE1ACE04C30028C336 /* main.m */; };
		C2B151FD1ACE04C30028C336 /* Images.xcassets in Resources */ = {isa = PBXBuildFile; fileRef = C2B151FC1ACE04C30028C336 /* Images.xcassets */; };
		C2B152001ACE04C30028C336 /* LaunchScreen.xib in Resources */ = {isa = PBXBuildFile; fileRef = C2B151FE1ACE04C30028C336 /* LaunchScreen.xib */; };
		C2B1520C1ACE04C30028C336 /* Lets_Do_ThisTests.m in Sources */ = {isa = PBXBuildFile; fileRef = C2B1520B1ACE04C30028C336 /* Lets_Do_ThisTests.m */; };
		C2B152201ACE05510028C336 /* AppDelegate.m in Sources */ = {isa = PBXBuildFile; fileRef = C2B152181ACE05510028C336 /* AppDelegate.m */; };
		C2B152381ACE0BB50028C336 /* LDTSettingsViewController.m in Sources */ = {isa = PBXBuildFile; fileRef = C2B152371ACE0BB50028C336 /* LDTSettingsViewController.m */; };
		EA0353311BAC63BA00D2B987 /* LDTMessageDefaultDesign.json in Resources */ = {isa = PBXBuildFile; fileRef = EA0353301BAC63BA00D2B987 /* LDTMessageDefaultDesign.json */; };
		EA5C9F1B1B694712001D3EEA /* UITextField+LDT.m in Sources */ = {isa = PBXBuildFile; fileRef = EA5C9F1A1B694712001D3EEA /* UITextField+LDT.m */; };
		EA6FBC721BBDBFC1006736AC /* debug-keys.plist in Resources */ = {isa = PBXBuildFile; fileRef = EA6FBC711BBDBFC1006736AC /* debug-keys.plist */; settings = {ASSET_TAGS = (); }; };
/* End PBXBuildFile section */

/* Begin PBXContainerItemProxy section */
		C2B152061ACE04C30028C336 /* PBXContainerItemProxy */ = {
			isa = PBXContainerItemProxy;
			containerPortal = C2B151E11ACE04C30028C336 /* Project object */;
			proxyType = 1;
			remoteGlobalIDString = C2B151E81ACE04C30028C336;
			remoteInfo = "Lets Do This";
		};
/* End PBXContainerItemProxy section */

/* Begin PBXFileReference section */
		481832CD7E534871B0CC8938 /* Pods-Lets Do This.debug.xcconfig */ = {isa = PBXFileReference; includeInIndex = 1; lastKnownFileType = text.xcconfig; name = "Pods-Lets Do This.debug.xcconfig"; path = "Pods/Target Support Files/Pods-Lets Do This/Pods-Lets Do This.debug.xcconfig"; sourceTree = "<group>"; };
		569AA55C1B4085A000D8C8C9 /* InterfaceBuilderView.h */ = {isa = PBXFileReference; fileEncoding = 4; lastKnownFileType = sourcecode.c.h; name = InterfaceBuilderView.h; path = Base/InterfaceBuilderView.h; sourceTree = "<group>"; };
		569AA55D1B4085A000D8C8C9 /* InterfaceBuilderView.m */ = {isa = PBXFileReference; fileEncoding = 4; lastKnownFileType = sourcecode.c.objc; name = InterfaceBuilderView.m; path = Base/InterfaceBuilderView.m; sourceTree = "<group>"; };
		B20881A01B0B9B0F00E697B2 /* keys.plist */ = {isa = PBXFileReference; fileEncoding = 4; lastKnownFileType = text.plist.xml; path = keys.plist; sourceTree = "<group>"; };
		B20D06CF1B3A58F40053D3B6 /* LDTMessage.h */ = {isa = PBXFileReference; fileEncoding = 4; lastKnownFileType = sourcecode.c.h; path = LDTMessage.h; sourceTree = "<group>"; };
		B20D06D01B3A58F40053D3B6 /* LDTMessage.m */ = {isa = PBXFileReference; fileEncoding = 4; lastKnownFileType = sourcecode.c.objc; path = LDTMessage.m; sourceTree = "<group>"; };
		B21126251B618038009128E7 /* DSOUserManager.h */ = {isa = PBXFileReference; fileEncoding = 4; lastKnownFileType = sourcecode.c.h; name = DSOUserManager.h; path = Networking/DSOUserManager.h; sourceTree = "<group>"; };
		B21126261B618038009128E7 /* DSOUserManager.m */ = {isa = PBXFileReference; fileEncoding = 4; lastKnownFileType = sourcecode.c.objc; name = DSOUserManager.m; path = Networking/DSOUserManager.m; sourceTree = "<group>"; };
		B212C2601B4ED6F300376BB1 /* LDTBaseViewController.h */ = {isa = PBXFileReference; fileEncoding = 4; lastKnownFileType = sourcecode.c.h; name = LDTBaseViewController.h; path = Base/LDTBaseViewController.h; sourceTree = "<group>"; };
		B212C2611B4ED6F300376BB1 /* LDTBaseViewController.m */ = {isa = PBXFileReference; fileEncoding = 4; lastKnownFileType = sourcecode.c.objc; name = LDTBaseViewController.m; path = Base/LDTBaseViewController.m; sourceTree = "<group>"; };
		B216CFC41B685EE8007E1914 /* UIImageView+LDT.h */ = {isa = PBXFileReference; fileEncoding = 4; lastKnownFileType = sourcecode.c.h; path = "UIImageView+LDT.h"; sourceTree = "<group>"; };
		B216CFC51B685EE8007E1914 /* UIImageView+LDT.m */ = {isa = PBXFileReference; fileEncoding = 4; lastKnownFileType = sourcecode.c.objc; path = "UIImageView+LDT.m"; sourceTree = "<group>"; };
		B21996AE1B7CFEDA0054EADC /* LDTHeaderCollectionReusableView.h */ = {isa = PBXFileReference; fileEncoding = 4; lastKnownFileType = sourcecode.c.h; path = LDTHeaderCollectionReusableView.h; sourceTree = "<group>"; };
		B21996AF1B7CFEDA0054EADC /* LDTHeaderCollectionReusableView.m */ = {isa = PBXFileReference; fileEncoding = 4; lastKnownFileType = sourcecode.c.objc; path = LDTHeaderCollectionReusableView.m; sourceTree = "<group>"; };
		B21996B01B7CFEDA0054EADC /* LDTHeaderCollectionReusableView.xib */ = {isa = PBXFileReference; fileEncoding = 4; lastKnownFileType = file.xib; path = LDTHeaderCollectionReusableView.xib; sourceTree = "<group>"; };
		B22273FC1B58076F005C896D /* DSOAPI.h */ = {isa = PBXFileReference; fileEncoding = 4; lastKnownFileType = sourcecode.c.h; name = DSOAPI.h; path = Networking/DSOAPI.h; sourceTree = "<group>"; };
		B22273FD1B58076F005C896D /* DSOAPI.m */ = {isa = PBXFileReference; fileEncoding = 4; lastKnownFileType = sourcecode.c.objc; name = DSOAPI.m; path = Networking/DSOAPI.m; sourceTree = "<group>"; };
		B22274001B5879B3005C896D /* LDTCampaignListView.xib */ = {isa = PBXFileReference; fileEncoding = 4; lastKnownFileType = file.xib; name = LDTCampaignListView.xib; path = Campaign/LDTCampaignListView.xib; sourceTree = "<group>"; };
		B22274031B587A20005C896D /* LDTCampaignListViewController.h */ = {isa = PBXFileReference; fileEncoding = 4; lastKnownFileType = sourcecode.c.h; name = LDTCampaignListViewController.h; path = Campaign/LDTCampaignListViewController.h; sourceTree = "<group>"; };
		B22274041B587A20005C896D /* LDTCampaignListViewController.m */ = {isa = PBXFileReference; fileEncoding = 4; lastKnownFileType = sourcecode.c.objc; name = LDTCampaignListViewController.m; path = Campaign/LDTCampaignListViewController.m; sourceTree = "<group>"; };
		B223AD741B7A724000D4AA40 /* DSOReportbackItem.h */ = {isa = PBXFileReference; fileEncoding = 4; lastKnownFileType = sourcecode.c.h; path = DSOReportbackItem.h; sourceTree = "<group>"; };
		B223AD751B7A724000D4AA40 /* DSOReportbackItem.m */ = {isa = PBXFileReference; fileEncoding = 4; lastKnownFileType = sourcecode.c.objc; path = DSOReportbackItem.m; sourceTree = "<group>"; };
		B22AB7641B4EE78500BE7052 /* LDTUserLoginViewController.h */ = {isa = PBXFileReference; fileEncoding = 4; lastKnownFileType = sourcecode.c.h; name = LDTUserLoginViewController.h; path = Login/LDTUserLoginViewController.h; sourceTree = "<group>"; };
		B22AB7651B4EE78500BE7052 /* LDTUserLoginViewController.m */ = {isa = PBXFileReference; fileEncoding = 4; lastKnownFileType = sourcecode.c.objc; name = LDTUserLoginViewController.m; path = Login/LDTUserLoginViewController.m; sourceTree = "<group>"; };
		B22AB7671B4EE7BE00BE7052 /* LDTUserLoginView.xib */ = {isa = PBXFileReference; fileEncoding = 4; lastKnownFileType = file.xib; name = LDTUserLoginView.xib; path = Login/LDTUserLoginView.xib; sourceTree = "<group>"; };
		B2399FD11BB4A00D00314F39 /* LDTCampaignDetailSelfReportbackCell.h */ = {isa = PBXFileReference; fileEncoding = 4; lastKnownFileType = sourcecode.c.h; name = LDTCampaignDetailSelfReportbackCell.h; path = Campaign/LDTCampaignDetailSelfReportbackCell.h; sourceTree = "<group>"; };
		B2399FD21BB4A00D00314F39 /* LDTCampaignDetailSelfReportbackCell.m */ = {isa = PBXFileReference; fileEncoding = 4; lastKnownFileType = sourcecode.c.objc; name = LDTCampaignDetailSelfReportbackCell.m; path = Campaign/LDTCampaignDetailSelfReportbackCell.m; sourceTree = "<group>"; };
		B2399FD31BB4A00D00314F39 /* LDTCampaignDetailSelfReportbackCell.xib */ = {isa = PBXFileReference; fileEncoding = 4; lastKnownFileType = file.xib; name = LDTCampaignDetailSelfReportbackCell.xib; path = Campaign/LDTCampaignDetailSelfReportbackCell.xib; sourceTree = "<group>"; };
		B23E681E1B8FC728005BFB5E /* LDTCampaignDetailCampaignCell.h */ = {isa = PBXFileReference; fileEncoding = 4; lastKnownFileType = sourcecode.c.h; name = LDTCampaignDetailCampaignCell.h; path = Campaign/LDTCampaignDetailCampaignCell.h; sourceTree = "<group>"; };
		B23E681F1B8FC728005BFB5E /* LDTCampaignDetailCampaignCell.m */ = {isa = PBXFileReference; fileEncoding = 4; lastKnownFileType = sourcecode.c.objc; name = LDTCampaignDetailCampaignCell.m; path = Campaign/LDTCampaignDetailCampaignCell.m; sourceTree = "<group>"; };
		B23E68201B8FC728005BFB5E /* LDTCampaignDetailCampaignCell.xib */ = {isa = PBXFileReference; fileEncoding = 4; lastKnownFileType = file.xib; name = LDTCampaignDetailCampaignCell.xib; path = Campaign/LDTCampaignDetailCampaignCell.xib; sourceTree = "<group>"; };
		B23E68231B8FC74E005BFB5E /* LDTCampaignDetailReportbackItemCell.h */ = {isa = PBXFileReference; fileEncoding = 4; lastKnownFileType = sourcecode.c.h; name = LDTCampaignDetailReportbackItemCell.h; path = Campaign/LDTCampaignDetailReportbackItemCell.h; sourceTree = "<group>"; };
		B23E68241B8FC74E005BFB5E /* LDTCampaignDetailReportbackItemCell.m */ = {isa = PBXFileReference; fileEncoding = 4; lastKnownFileType = sourcecode.c.objc; name = LDTCampaignDetailReportbackItemCell.m; path = Campaign/LDTCampaignDetailReportbackItemCell.m; sourceTree = "<group>"; };
		B23E68251B8FC74E005BFB5E /* LDTCampaignDetailReportbackItemCell.xib */ = {isa = PBXFileReference; fileEncoding = 4; lastKnownFileType = file.xib; name = LDTCampaignDetailReportbackItemCell.xib; path = Campaign/LDTCampaignDetailReportbackItemCell.xib; sourceTree = "<group>"; };
		B240DD301B73DA4D00CA6C6E /* LDTTabBarController.h */ = {isa = PBXFileReference; fileEncoding = 4; lastKnownFileType = sourcecode.c.h; name = LDTTabBarController.h; path = Base/LDTTabBarController.h; sourceTree = "<group>"; };
		B240DD311B73DA4D00CA6C6E /* LDTTabBarController.m */ = {isa = PBXFileReference; fileEncoding = 4; lastKnownFileType = sourcecode.c.objc; name = LDTTabBarController.m; path = Base/LDTTabBarController.m; sourceTree = "<group>"; };
		B24FE02F1BAA49AA001CAD5D /* LDTSubmitReportbackViewController.h */ = {isa = PBXFileReference; fileEncoding = 4; lastKnownFileType = sourcecode.c.h; name = LDTSubmitReportbackViewController.h; path = Reportback/LDTSubmitReportbackViewController.h; sourceTree = "<group>"; };
		B24FE0301BAA49AA001CAD5D /* LDTSubmitReportbackViewController.m */ = {isa = PBXFileReference; fileEncoding = 4; lastKnownFileType = sourcecode.c.objc; name = LDTSubmitReportbackViewController.m; path = Reportback/LDTSubmitReportbackViewController.m; sourceTree = "<group>"; };
		B24FE0321BAA49CE001CAD5D /* LDTSubmitReportbackView.xib */ = {isa = PBXFileReference; fileEncoding = 4; lastKnownFileType = file.xib; name = LDTSubmitReportbackView.xib; path = Reportback/LDTSubmitReportbackView.xib; sourceTree = "<group>"; };
		B258EB2F1B8E548B00B298C0 /* LDTReportbackItemDetailView.h */ = {isa = PBXFileReference; fileEncoding = 4; lastKnownFileType = sourcecode.c.h; name = LDTReportbackItemDetailView.h; path = Reportback/LDTReportbackItemDetailView.h; sourceTree = "<group>"; };
		B258EB301B8E548B00B298C0 /* LDTReportbackItemDetailView.m */ = {isa = PBXFileReference; fileEncoding = 4; lastKnownFileType = sourcecode.c.objc; name = LDTReportbackItemDetailView.m; path = Reportback/LDTReportbackItemDetailView.m; sourceTree = "<group>"; };
		B258EB321B8E696100B298C0 /* LDTReportbackItemDetailSingleView.xib */ = {isa = PBXFileReference; fileEncoding = 4; lastKnownFileType = file.xib; name = LDTReportbackItemDetailSingleView.xib; path = Reportback/LDTReportbackItemDetailSingleView.xib; sourceTree = "<group>"; };
		B2629F211BAB45C800A1B5C3 /* LDTUpdateAvatarViewController.h */ = {isa = PBXFileReference; fileEncoding = 4; lastKnownFileType = sourcecode.c.h; name = LDTUpdateAvatarViewController.h; path = Settings/LDTUpdateAvatarViewController.h; sourceTree = "<group>"; };
		B2629F221BAB45C800A1B5C3 /* LDTUpdateAvatarViewController.m */ = {isa = PBXFileReference; fileEncoding = 4; lastKnownFileType = sourcecode.c.objc; name = LDTUpdateAvatarViewController.m; path = Settings/LDTUpdateAvatarViewController.m; sourceTree = "<group>"; };
		B2629F251BAB460D00A1B5C3 /* LDTUpdateAvatarView.xib */ = {isa = PBXFileReference; fileEncoding = 4; lastKnownFileType = file.xib; name = LDTUpdateAvatarView.xib; path = Settings/LDTUpdateAvatarView.xib; sourceTree = "<group>"; };
		B273A7661B459B6C00CBD4E1 /* Brandon_med.otf */ = {isa = PBXFileReference; lastKnownFileType = file; name = Brandon_med.otf; path = Resources/Fonts/Brandon_med.otf; sourceTree = "<group>"; };
		B273A7671B459BA300CBD4E1 /* Brandon_bld.otf */ = {isa = PBXFileReference; lastKnownFileType = file; name = Brandon_bld.otf; path = Resources/Fonts/Brandon_bld.otf; sourceTree = "<group>"; };
		B27AF0E21B4F48BC00164926 /* LDTUserProfileViewController.h */ = {isa = PBXFileReference; fileEncoding = 4; lastKnownFileType = sourcecode.c.h; name = LDTUserProfileViewController.h; path = Profile/LDTUserProfileViewController.h; sourceTree = "<group>"; };
		B27AF0E31B4F48BC00164926 /* LDTUserProfileViewController.m */ = {isa = PBXFileReference; fileEncoding = 4; lastKnownFileType = sourcecode.c.objc; name = LDTUserProfileViewController.m; path = Profile/LDTUserProfileViewController.m; sourceTree = "<group>"; };
		B27AF0E61B4F493D00164926 /* LDTUserProfileView.xib */ = {isa = PBXFileReference; fileEncoding = 4; lastKnownFileType = file.xib; name = LDTUserProfileView.xib; path = Profile/LDTUserProfileView.xib; sourceTree = "<group>"; };
		B27AF0E91B4F64B200164926 /* LDTLoadingViewController.h */ = {isa = PBXFileReference; fileEncoding = 4; lastKnownFileType = sourcecode.c.h; name = LDTLoadingViewController.h; path = Base/LDTLoadingViewController.h; sourceTree = "<group>"; };
		B27AF0EA1B4F64B200164926 /* LDTLoadingViewController.m */ = {isa = PBXFileReference; fileEncoding = 4; lastKnownFileType = sourcecode.c.objc; name = LDTLoadingViewController.m; path = Base/LDTLoadingViewController.m; sourceTree = "<group>"; };
		B27AF0EC1B4F64D200164926 /* LDTLoadingView.xib */ = {isa = PBXFileReference; fileEncoding = 4; lastKnownFileType = file.xib; name = LDTLoadingView.xib; path = Base/LDTLoadingView.xib; sourceTree = "<group>"; };
		B27F49E91B6ADB68005CFC35 /* LDTCampaignDetailView.xib */ = {isa = PBXFileReference; fileEncoding = 4; lastKnownFileType = file.xib; name = LDTCampaignDetailView.xib; path = Campaign/LDTCampaignDetailView.xib; sourceTree = "<group>"; };
		B27F49EB1B6ADB93005CFC35 /* LDTCampaignDetailViewController.h */ = {isa = PBXFileReference; fileEncoding = 4; lastKnownFileType = sourcecode.c.h; name = LDTCampaignDetailViewController.h; path = Campaign/LDTCampaignDetailViewController.h; sourceTree = "<group>"; };
		B27F49EC1B6ADB93005CFC35 /* LDTCampaignDetailViewController.m */ = {isa = PBXFileReference; fileEncoding = 4; lastKnownFileType = sourcecode.c.objc; name = LDTCampaignDetailViewController.m; path = Campaign/LDTCampaignDetailViewController.m; sourceTree = "<group>"; };
		B27FD03C1BBD99FF00A44952 /* LDTEpicFailViewController.h */ = {isa = PBXFileReference; fileEncoding = 4; lastKnownFileType = sourcecode.c.h; path = LDTEpicFailViewController.h; sourceTree = "<group>"; };
		B27FD03D1BBD99FF00A44952 /* LDTEpicFailViewController.m */ = {isa = PBXFileReference; fileEncoding = 4; lastKnownFileType = sourcecode.c.objc; path = LDTEpicFailViewController.m; sourceTree = "<group>"; };
		B27FD03E1BBD99FF00A44952 /* LDTEpicFailView.xib */ = {isa = PBXFileReference; fileEncoding = 4; lastKnownFileType = file.xib; name = LDTEpicFailView.xib; path = ../Controllers/LDTEpicFailView.xib; sourceTree = "<group>"; };
		B28124CD1BAA0DF000DF58DA /* UINavigationController+LDT.h */ = {isa = PBXFileReference; fileEncoding = 4; lastKnownFileType = sourcecode.c.h; path = "UINavigationController+LDT.h"; sourceTree = "<group>"; };
		B28124CE1BAA0DF000DF58DA /* UINavigationController+LDT.m */ = {isa = PBXFileReference; fileEncoding = 4; lastKnownFileType = sourcecode.c.objc; path = "UINavigationController+LDT.m"; sourceTree = "<group>"; };
		B28124D01BAA1FB700DF58DA /* UIViewController+LDT.h */ = {isa = PBXFileReference; fileEncoding = 4; lastKnownFileType = sourcecode.c.h; path = "UIViewController+LDT.h"; sourceTree = "<group>"; };
		B28124D11BAA1FB700DF58DA /* UIViewController+LDT.m */ = {isa = PBXFileReference; fileEncoding = 4; lastKnownFileType = sourcecode.c.objc; path = "UIViewController+LDT.m"; sourceTree = "<group>"; };
		B29A657D1BB60F0B008C0E2A /* DSOCampaignSignup.h */ = {isa = PBXFileReference; fileEncoding = 4; lastKnownFileType = sourcecode.c.h; path = DSOCampaignSignup.h; sourceTree = "<group>"; };
		B29A657E1BB60F0B008C0E2A /* DSOCampaignSignup.m */ = {isa = PBXFileReference; fileEncoding = 4; lastKnownFileType = sourcecode.c.objc; path = DSOCampaignSignup.m; sourceTree = "<group>"; };
		B2A1365A1B3C9FDA00D20273 /* LDTUserConnectView.xib */ = {isa = PBXFileReference; fileEncoding = 4; lastKnownFileType = file.xib; name = LDTUserConnectView.xib; path = Login/LDTUserConnectView.xib; sourceTree = "<group>"; };
		B2A1365C1B3CA4B100D20273 /* LDTUserConnectViewController.h */ = {isa = PBXFileReference; fileEncoding = 4; lastKnownFileType = sourcecode.c.h; name = LDTUserConnectViewController.h; path = Login/LDTUserConnectViewController.h; sourceTree = "<group>"; };
		B2A1365D1B3CA4B100D20273 /* LDTUserConnectViewController.m */ = {isa = PBXFileReference; fileEncoding = 4; lastKnownFileType = sourcecode.c.objc; name = LDTUserConnectViewController.m; path = Login/LDTUserConnectViewController.m; sourceTree = "<group>"; };
		B2A1365F1B3D1AEF00D20273 /* LDTUserRegisterView.xib */ = {isa = PBXFileReference; fileEncoding = 4; lastKnownFileType = file.xib; name = LDTUserRegisterView.xib; path = Login/LDTUserRegisterView.xib; sourceTree = "<group>"; };
		B2A136611B3D9BC600D20273 /* LDTUserRegisterViewController.h */ = {isa = PBXFileReference; fileEncoding = 4; lastKnownFileType = sourcecode.c.h; name = LDTUserRegisterViewController.h; path = Login/LDTUserRegisterViewController.h; sourceTree = "<group>"; };
		B2A136621B3D9BC600D20273 /* LDTUserRegisterViewController.m */ = {isa = PBXFileReference; fileEncoding = 4; lastKnownFileType = sourcecode.c.objc; name = LDTUserRegisterViewController.m; path = Login/LDTUserRegisterViewController.m; sourceTree = "<group>"; };
		B2A41A041B5DCC5300C6C1A6 /* LDTSettingsView.xib */ = {isa = PBXFileReference; fileEncoding = 4; lastKnownFileType = file.xib; name = LDTSettingsView.xib; path = Profile/LDTSettingsView.xib; sourceTree = "<group>"; };
		B2DB71961B754E3F00915A18 /* LDTCampaignListCampaignCell.h */ = {isa = PBXFileReference; fileEncoding = 4; lastKnownFileType = sourcecode.c.h; name = LDTCampaignListCampaignCell.h; path = Campaign/LDTCampaignListCampaignCell.h; sourceTree = "<group>"; };
		B2DB71971B754E3F00915A18 /* LDTCampaignListCampaignCell.m */ = {isa = PBXFileReference; fileEncoding = 4; lastKnownFileType = sourcecode.c.objc; name = LDTCampaignListCampaignCell.m; path = Campaign/LDTCampaignListCampaignCell.m; sourceTree = "<group>"; };
		B2DB71981B754E3F00915A18 /* LDTCampaignListCampaignCell.xib */ = {isa = PBXFileReference; fileEncoding = 4; lastKnownFileType = file.xib; name = LDTCampaignListCampaignCell.xib; path = Campaign/LDTCampaignListCampaignCell.xib; sourceTree = "<group>"; };
		B2DB719B1B755E6300915A18 /* LDTCampaignListReportbackItemCell.h */ = {isa = PBXFileReference; fileEncoding = 4; lastKnownFileType = sourcecode.c.h; name = LDTCampaignListReportbackItemCell.h; path = Campaign/LDTCampaignListReportbackItemCell.h; sourceTree = "<group>"; };
		B2DB719C1B755E6300915A18 /* LDTCampaignListReportbackItemCell.m */ = {isa = PBXFileReference; fileEncoding = 4; lastKnownFileType = sourcecode.c.objc; name = LDTCampaignListReportbackItemCell.m; path = Campaign/LDTCampaignListReportbackItemCell.m; sourceTree = "<group>"; };
		B2DB719D1B755E6300915A18 /* LDTCampaignListReportbackItemCell.xib */ = {isa = PBXFileReference; fileEncoding = 4; lastKnownFileType = file.xib; name = LDTCampaignListReportbackItemCell.xib; path = Campaign/LDTCampaignListReportbackItemCell.xib; sourceTree = "<group>"; };
		B2E652DD1B4380AD00EF9D69 /* LDTTheme.h */ = {isa = PBXFileReference; fileEncoding = 4; lastKnownFileType = sourcecode.c.h; name = LDTTheme.h; path = Base/LDTTheme.h; sourceTree = "<group>"; };
		B2E652DE1B4380AD00EF9D69 /* LDTTheme.m */ = {isa = PBXFileReference; fileEncoding = 4; lastKnownFileType = sourcecode.c.objc; name = LDTTheme.m; path = Base/LDTTheme.m; sourceTree = "<group>"; };
		B2E652E01B43822600EF9D69 /* LDTButton.h */ = {isa = PBXFileReference; fileEncoding = 4; lastKnownFileType = sourcecode.c.h; name = LDTButton.h; path = Base/LDTButton.h; sourceTree = "<group>"; };
		B2E652E11B43822600EF9D69 /* LDTButton.m */ = {isa = PBXFileReference; fileEncoding = 4; lastKnownFileType = sourcecode.c.objc; name = LDTButton.m; path = Base/LDTButton.m; sourceTree = "<group>"; };
		B2E75D7E1B87B1610015BE4A /* LDTReportbackItemDetailView.xib */ = {isa = PBXFileReference; fileEncoding = 4; lastKnownFileType = file.xib; name = LDTReportbackItemDetailView.xib; path = Reportback/LDTReportbackItemDetailView.xib; sourceTree = "<group>"; };
		B2E75D811B87B1920015BE4A /* LDTReportbackItemDetailSingleViewController.h */ = {isa = PBXFileReference; fileEncoding = 4; lastKnownFileType = sourcecode.c.h; name = LDTReportbackItemDetailSingleViewController.h; path = Reportback/LDTReportbackItemDetailSingleViewController.h; sourceTree = "<group>"; };
		B2E75D821B87B1920015BE4A /* LDTReportbackItemDetailSingleViewController.m */ = {isa = PBXFileReference; fileEncoding = 4; lastKnownFileType = sourcecode.c.objc; name = LDTReportbackItemDetailSingleViewController.m; path = Reportback/LDTReportbackItemDetailSingleViewController.m; sourceTree = "<group>"; };
		B92B81EBB03D9FF4D34E3FD9 /* Pods-Lets Do This.release.xcconfig */ = {isa = PBXFileReference; includeInIndex = 1; lastKnownFileType = text.xcconfig; name = "Pods-Lets Do This.release.xcconfig"; path = "Pods/Target Support Files/Pods-Lets Do This/Pods-Lets Do This.release.xcconfig"; sourceTree = "<group>"; };
		C20BA2771AF3DBE400E9886F /* DSOCampaign.h */ = {isa = PBXFileReference; fileEncoding = 4; lastKnownFileType = sourcecode.c.h; path = DSOCampaign.h; sourceTree = "<group>"; };
		C20BA2781AF3DBE400E9886F /* DSOCampaign.m */ = {isa = PBXFileReference; fileEncoding = 4; lastKnownFileType = sourcecode.c.objc; path = DSOCampaign.m; sourceTree = "<group>"; };
		C20BA2811AF3DBE400E9886F /* DSOUser.h */ = {isa = PBXFileReference; fileEncoding = 4; lastKnownFileType = sourcecode.c.h; path = DSOUser.h; sourceTree = "<group>"; };
		C20BA2821AF3DBE400E9886F /* DSOUser.m */ = {isa = PBXFileReference; fileEncoding = 4; lastKnownFileType = sourcecode.c.objc; path = DSOUser.m; sourceTree = "<group>"; };
		C20BA2891AF3DCAB00E9886F /* NSDate+DSO.h */ = {isa = PBXFileReference; fileEncoding = 4; lastKnownFileType = sourcecode.c.h; path = "NSDate+DSO.h"; sourceTree = "<group>"; };
		C20BA28A1AF3DCAB00E9886F /* NSDate+DSO.m */ = {isa = PBXFileReference; fileEncoding = 4; lastKnownFileType = sourcecode.c.objc; path = "NSDate+DSO.m"; sourceTree = "<group>"; };
		C20BA28B1AF3DCAB00E9886F /* NSDictionary+DSOJsonHelper.h */ = {isa = PBXFileReference; fileEncoding = 4; lastKnownFileType = sourcecode.c.h; path = "NSDictionary+DSOJsonHelper.h"; sourceTree = "<group>"; };
		C20BA28C1AF3DCAB00E9886F /* NSDictionary+DSOJsonHelper.m */ = {isa = PBXFileReference; fileEncoding = 4; lastKnownFileType = sourcecode.c.objc; path = "NSDictionary+DSOJsonHelper.m"; sourceTree = "<group>"; };
		C20BA28F1AF3DE0D00E9886F /* LetsDoThis.pch */ = {isa = PBXFileReference; lastKnownFileType = sourcecode.c.h; path = LetsDoThis.pch; sourceTree = "<group>"; };
		C2B151E91ACE04C30028C336 /* Lets Do This.app */ = {isa = PBXFileReference; explicitFileType = wrapper.application; includeInIndex = 0; path = "Lets Do This.app"; sourceTree = BUILT_PRODUCTS_DIR; };
		C2B151ED1ACE04C30028C336 /* Info.plist */ = {isa = PBXFileReference; lastKnownFileType = text.plist.xml; path = Info.plist; sourceTree = "<group>"; };
		C2B151EE1ACE04C30028C336 /* main.m */ = {isa = PBXFileReference; lastKnownFileType = sourcecode.c.objc; path = main.m; sourceTree = "<group>"; };
		C2B151FC1ACE04C30028C336 /* Images.xcassets */ = {isa = PBXFileReference; lastKnownFileType = folder.assetcatalog; path = Images.xcassets; sourceTree = "<group>"; };
		C2B151FF1ACE04C30028C336 /* Base */ = {isa = PBXFileReference; lastKnownFileType = file.xib; name = Base; path = Base.lproj/LaunchScreen.xib; sourceTree = "<group>"; };
		C2B152051ACE04C30028C336 /* Lets Do ThisTests.xctest */ = {isa = PBXFileReference; explicitFileType = wrapper.cfbundle; includeInIndex = 0; path = "Lets Do ThisTests.xctest"; sourceTree = BUILT_PRODUCTS_DIR; };
		C2B1520A1ACE04C30028C336 /* Info.plist */ = {isa = PBXFileReference; lastKnownFileType = text.plist.xml; path = Info.plist; sourceTree = "<group>"; };
		C2B1520B1ACE04C30028C336 /* Lets_Do_ThisTests.m */ = {isa = PBXFileReference; lastKnownFileType = sourcecode.c.objc; path = Lets_Do_ThisTests.m; sourceTree = "<group>"; };
		C2B152171ACE05510028C336 /* AppDelegate.h */ = {isa = PBXFileReference; fileEncoding = 4; lastKnownFileType = sourcecode.c.h; path = AppDelegate.h; sourceTree = "<group>"; };
		C2B152181ACE05510028C336 /* AppDelegate.m */ = {isa = PBXFileReference; fileEncoding = 4; lastKnownFileType = sourcecode.c.objc; path = AppDelegate.m; sourceTree = "<group>"; };
		C2B152361ACE0BB50028C336 /* LDTSettingsViewController.h */ = {isa = PBXFileReference; fileEncoding = 4; lastKnownFileType = sourcecode.c.h; name = LDTSettingsViewController.h; path = Profile/LDTSettingsViewController.h; sourceTree = "<group>"; };
		C2B152371ACE0BB50028C336 /* LDTSettingsViewController.m */ = {isa = PBXFileReference; fileEncoding = 4; lastKnownFileType = sourcecode.c.objc; name = LDTSettingsViewController.m; path = Profile/LDTSettingsViewController.m; sourceTree = "<group>"; };
		EA0353301BAC63BA00D2B987 /* LDTMessageDefaultDesign.json */ = {isa = PBXFileReference; lastKnownFileType = text.json; path = LDTMessageDefaultDesign.json; sourceTree = "<group>"; };
		EA5C9F191B694712001D3EEA /* UITextField+LDT.h */ = {isa = PBXFileReference; fileEncoding = 4; lastKnownFileType = sourcecode.c.h; path = "UITextField+LDT.h"; sourceTree = "<group>"; };
		EA5C9F1A1B694712001D3EEA /* UITextField+LDT.m */ = {isa = PBXFileReference; fileEncoding = 4; lastKnownFileType = sourcecode.c.objc; path = "UITextField+LDT.m"; sourceTree = "<group>"; };
		EA6FBC711BBDBFC1006736AC /* debug-keys.plist */ = {isa = PBXFileReference; fileEncoding = 4; lastKnownFileType = text.plist.xml; path = "debug-keys.plist"; sourceTree = "<group>"; };
		FD644C9FDE4E95B4C94D523F /* libPods-Lets Do This.a */ = {isa = PBXFileReference; explicitFileType = archive.ar; includeInIndex = 0; path = "libPods-Lets Do This.a"; sourceTree = BUILT_PRODUCTS_DIR; };
/* End PBXFileReference section */

/* Begin PBXFrameworksBuildPhase section */
		C2B151E61ACE04C30028C336 /* Frameworks */ = {
			isa = PBXFrameworksBuildPhase;
			buildActionMask = 2147483647;
			files = (
				421774269F5DF5997622C2F9 /* libPods-Lets Do This.a in Frameworks */,
			);
			runOnlyForDeploymentPostprocessing = 0;
		};
		C2B152021ACE04C30028C336 /* Frameworks */ = {
			isa = PBXFrameworksBuildPhase;
			buildActionMask = 2147483647;
			files = (
			);
			runOnlyForDeploymentPostprocessing = 0;
		};
/* End PBXFrameworksBuildPhase section */

/* Begin PBXGroup section */
		71A8950E509C5F1CA390B540 /* Frameworks */ = {
			isa = PBXGroup;
			children = (
				FD644C9FDE4E95B4C94D523F /* libPods-Lets Do This.a */,
			);
			name = Frameworks;
			sourceTree = "<group>";
		};
		B22273FF1B58792D005C896D /* Campaign */ = {
			isa = PBXGroup;
			children = (
				B22274001B5879B3005C896D /* LDTCampaignListView.xib */,
				B2DB71961B754E3F00915A18 /* LDTCampaignListCampaignCell.h */,
				B2DB71971B754E3F00915A18 /* LDTCampaignListCampaignCell.m */,
				B2DB71981B754E3F00915A18 /* LDTCampaignListCampaignCell.xib */,
				B2DB719B1B755E6300915A18 /* LDTCampaignListReportbackItemCell.h */,
				B2DB719C1B755E6300915A18 /* LDTCampaignListReportbackItemCell.m */,
				B2DB719D1B755E6300915A18 /* LDTCampaignListReportbackItemCell.xib */,
				B27F49E91B6ADB68005CFC35 /* LDTCampaignDetailView.xib */,
				B23E681E1B8FC728005BFB5E /* LDTCampaignDetailCampaignCell.h */,
				B23E681F1B8FC728005BFB5E /* LDTCampaignDetailCampaignCell.m */,
				B23E68201B8FC728005BFB5E /* LDTCampaignDetailCampaignCell.xib */,
				B23E68231B8FC74E005BFB5E /* LDTCampaignDetailReportbackItemCell.h */,
				B23E68241B8FC74E005BFB5E /* LDTCampaignDetailReportbackItemCell.m */,
				B23E68251B8FC74E005BFB5E /* LDTCampaignDetailReportbackItemCell.xib */,
				B2399FD11BB4A00D00314F39 /* LDTCampaignDetailSelfReportbackCell.h */,
				B2399FD21BB4A00D00314F39 /* LDTCampaignDetailSelfReportbackCell.m */,
				B2399FD31BB4A00D00314F39 /* LDTCampaignDetailSelfReportbackCell.xib */,
			);
			name = Campaign;
			sourceTree = "<group>";
		};
		B22274021B587A02005C896D /* Campaign */ = {
			isa = PBXGroup;
			children = (
				B22274031B587A20005C896D /* LDTCampaignListViewController.h */,
				B22274041B587A20005C896D /* LDTCampaignListViewController.m */,
				B27F49EB1B6ADB93005CFC35 /* LDTCampaignDetailViewController.h */,
				B27F49EC1B6ADB93005CFC35 /* LDTCampaignDetailViewController.m */,
			);
			name = Campaign;
			sourceTree = "<group>";
		};
		B239391A1B44495400E5BCC8 /* Login */ = {
			isa = PBXGroup;
			children = (
				B2A1365A1B3C9FDA00D20273 /* LDTUserConnectView.xib */,
				B2A1365F1B3D1AEF00D20273 /* LDTUserRegisterView.xib */,
				B22AB7671B4EE7BE00BE7052 /* LDTUserLoginView.xib */,
			);
			name = Login;
			sourceTree = "<group>";
		};
		B260387E1B44F84D002FE362 /* Resources */ = {
			isa = PBXGroup;
			children = (
				B273A7651B459B5400CBD4E1 /* Fonts */,
			);
			name = Resources;
			sourceTree = "<group>";
		};
		B2629F201BAB459E00A1B5C3 /* Settings */ = {
			isa = PBXGroup;
			children = (
				C2B152361ACE0BB50028C336 /* LDTSettingsViewController.h */,
				C2B152371ACE0BB50028C336 /* LDTSettingsViewController.m */,
				B2629F211BAB45C800A1B5C3 /* LDTUpdateAvatarViewController.h */,
				B2629F221BAB45C800A1B5C3 /* LDTUpdateAvatarViewController.m */,
			);
			name = Settings;
			sourceTree = "<group>";
		};
		B2629F241BAB45EA00A1B5C3 /* Settings */ = {
			isa = PBXGroup;
			children = (
				B2A41A041B5DCC5300C6C1A6 /* LDTSettingsView.xib */,
				B2629F251BAB460D00A1B5C3 /* LDTUpdateAvatarView.xib */,
			);
			name = Settings;
			sourceTree = "<group>";
		};
		B273A7651B459B5400CBD4E1 /* Fonts */ = {
			isa = PBXGroup;
			children = (
				B273A7661B459B6C00CBD4E1 /* Brandon_med.otf */,
				B273A7671B459BA300CBD4E1 /* Brandon_bld.otf */,
			);
			name = Fonts;
			sourceTree = "<group>";
		};
		B27AF0E11B4F487C00164926 /* Profile */ = {
			isa = PBXGroup;
			children = (
				B27AF0E21B4F48BC00164926 /* LDTUserProfileViewController.h */,
				B27AF0E31B4F48BC00164926 /* LDTUserProfileViewController.m */,
			);
			name = Profile;
			sourceTree = "<group>";
		};
		B27AF0E51B4F490800164926 /* Profile */ = {
			isa = PBXGroup;
			children = (
				B27AF0E61B4F493D00164926 /* LDTUserProfileView.xib */,
			);
			name = Profile;
			sourceTree = "<group>";
		};
		B27AF0E81B4F647A00164926 /* Base */ = {
			isa = PBXGroup;
			children = (
				B27AF0E91B4F64B200164926 /* LDTLoadingViewController.h */,
				B27AF0EA1B4F64B200164926 /* LDTLoadingViewController.m */,
				B240DD301B73DA4D00CA6C6E /* LDTTabBarController.h */,
				B240DD311B73DA4D00CA6C6E /* LDTTabBarController.m */,
				B212C2601B4ED6F300376BB1 /* LDTBaseViewController.h */,
				B212C2611B4ED6F300376BB1 /* LDTBaseViewController.m */,
			);
			name = Base;
			sourceTree = "<group>";
		};
		B2810B021B59749200426BEF /* Networking */ = {
			isa = PBXGroup;
			children = (
				B22273FC1B58076F005C896D /* DSOAPI.h */,
				B22273FD1B58076F005C896D /* DSOAPI.m */,
				B21126251B618038009128E7 /* DSOUserManager.h */,
				B21126261B618038009128E7 /* DSOUserManager.m */,
			);
			name = Networking;
			sourceTree = "<group>";
		};
		B2E652DC1B43807000EF9D69 /* Base */ = {
			isa = PBXGroup;
			children = (
				569AA55C1B4085A000D8C8C9 /* InterfaceBuilderView.h */,
				569AA55D1B4085A000D8C8C9 /* InterfaceBuilderView.m */,
				B2E652DD1B4380AD00EF9D69 /* LDTTheme.h */,
				B2E652DE1B4380AD00EF9D69 /* LDTTheme.m */,
				B2E652E01B43822600EF9D69 /* LDTButton.h */,
				B2E652E11B43822600EF9D69 /* LDTButton.m */,
				B27AF0EC1B4F64D200164926 /* LDTLoadingView.xib */,
			);
			name = Base;
			sourceTree = "<group>";
		};
		B2E75D7D1B87B1300015BE4A /* Reportback */ = {
			isa = PBXGroup;
			children = (
				B258EB2F1B8E548B00B298C0 /* LDTReportbackItemDetailView.h */,
				B258EB301B8E548B00B298C0 /* LDTReportbackItemDetailView.m */,
				B2E75D7E1B87B1610015BE4A /* LDTReportbackItemDetailView.xib */,
				B258EB321B8E696100B298C0 /* LDTReportbackItemDetailSingleView.xib */,
				B24FE0321BAA49CE001CAD5D /* LDTSubmitReportbackView.xib */,
			);
			name = Reportback;
			sourceTree = "<group>";
		};
		B2E75D801B87B16C0015BE4A /* Reportback */ = {
			isa = PBXGroup;
			children = (
				B2E75D811B87B1920015BE4A /* LDTReportbackItemDetailSingleViewController.h */,
				B2E75D821B87B1920015BE4A /* LDTReportbackItemDetailSingleViewController.m */,
				B24FE02F1BAA49AA001CAD5D /* LDTSubmitReportbackViewController.h */,
				B24FE0301BAA49AA001CAD5D /* LDTSubmitReportbackViewController.m */,
			);
			name = Reportback;
			sourceTree = "<group>";
		};
		C2B151E01ACE04C30028C336 = {
			isa = PBXGroup;
			children = (
				C2B151EB1ACE04C30028C336 /* Lets Do This */,
				C2B152081ACE04C30028C336 /* Lets Do ThisTests */,
				C2B151EA1ACE04C30028C336 /* Products */,
				DBD38C1FC81949D66DE6A1A4 /* Pods */,
				71A8950E509C5F1CA390B540 /* Frameworks */,
			);
			sourceTree = "<group>";
		};
		C2B151EA1ACE04C30028C336 /* Products */ = {
			isa = PBXGroup;
			children = (
				C2B151E91ACE04C30028C336 /* Lets Do This.app */,
				C2B152051ACE04C30028C336 /* Lets Do ThisTests.xctest */,
			);
			name = Products;
			sourceTree = "<group>";
		};
		C2B151EB1ACE04C30028C336 /* Lets Do This */ = {
			isa = PBXGroup;
			children = (
				C2B152151ACE05510028C336 /* Categories */,
				C2B152161ACE05510028C336 /* Classes */,
				B2810B021B59749200426BEF /* Networking */,
				C2B152191ACE05510028C336 /* Controllers */,
				C2B1521E1ACE05510028C336 /* Models */,
				C2B1521F1ACE05510028C336 /* Views */,
				C2B151FC1ACE04C30028C336 /* Images.xcassets */,
				C2B151FE1ACE04C30028C336 /* LaunchScreen.xib */,
				B260387E1B44F84D002FE362 /* Resources */,
				C2B151EC1ACE04C30028C336 /* Supporting Files */,
			);
			path = "Lets Do This";
			sourceTree = "<group>";
		};
		C2B151EC1ACE04C30028C336 /* Supporting Files */ = {
			isa = PBXGroup;
			children = (
				C2B151ED1ACE04C30028C336 /* Info.plist */,
				C2B151EE1ACE04C30028C336 /* main.m */,
				C20BA28F1AF3DE0D00E9886F /* LetsDoThis.pch */,
				B20881A01B0B9B0F00E697B2 /* keys.plist */,
				EA6FBC711BBDBFC1006736AC /* debug-keys.plist */,
			);
			name = "Supporting Files";
			sourceTree = "<group>";
		};
		C2B152081ACE04C30028C336 /* Lets Do ThisTests */ = {
			isa = PBXGroup;
			children = (
				C2B1520B1ACE04C30028C336 /* Lets_Do_ThisTests.m */,
				C2B152091ACE04C30028C336 /* Supporting Files */,
			);
			path = "Lets Do ThisTests";
			sourceTree = "<group>";
		};
		C2B152091ACE04C30028C336 /* Supporting Files */ = {
			isa = PBXGroup;
			children = (
				C2B1520A1ACE04C30028C336 /* Info.plist */,
			);
			name = "Supporting Files";
			sourceTree = "<group>";
		};
		C2B152151ACE05510028C336 /* Categories */ = {
			isa = PBXGroup;
			children = (
				C20BA2891AF3DCAB00E9886F /* NSDate+DSO.h */,
				C20BA28A1AF3DCAB00E9886F /* NSDate+DSO.m */,
				C20BA28B1AF3DCAB00E9886F /* NSDictionary+DSOJsonHelper.h */,
				C20BA28C1AF3DCAB00E9886F /* NSDictionary+DSOJsonHelper.m */,
				B216CFC41B685EE8007E1914 /* UIImageView+LDT.h */,
				B216CFC51B685EE8007E1914 /* UIImageView+LDT.m */,
				B28124CD1BAA0DF000DF58DA /* UINavigationController+LDT.h */,
				B28124CE1BAA0DF000DF58DA /* UINavigationController+LDT.m */,
				EA5C9F191B694712001D3EEA /* UITextField+LDT.h */,
				EA5C9F1A1B694712001D3EEA /* UITextField+LDT.m */,
				B28124D01BAA1FB700DF58DA /* UIViewController+LDT.h */,
				B28124D11BAA1FB700DF58DA /* UIViewController+LDT.m */,
			);
			path = Categories;
			sourceTree = "<group>";
		};
		C2B152161ACE05510028C336 /* Classes */ = {
			isa = PBXGroup;
			children = (
				C2B152171ACE05510028C336 /* AppDelegate.h */,
				C2B152181ACE05510028C336 /* AppDelegate.m */,
			);
			path = Classes;
			sourceTree = "<group>";
		};
		C2B152191ACE05510028C336 /* Controllers */ = {
			isa = PBXGroup;
			children = (
				B27AF0E81B4F647A00164926 /* Base */,
				C2F35F0A1AD8272C00D12FE5 /* Login */,
				B22274021B587A02005C896D /* Campaign */,
				B27AF0E11B4F487C00164926 /* Profile */,
				B2E75D801B87B16C0015BE4A /* Reportback */,
				B2629F201BAB459E00A1B5C3 /* Settings */,
				B27FD03C1BBD99FF00A44952 /* LDTEpicFailViewController.h */,
				B27FD03D1BBD99FF00A44952 /* LDTEpicFailViewController.m */,
			);
			path = Controllers;
			sourceTree = "<group>";
		};
		C2B1521E1ACE05510028C336 /* Models */ = {
			isa = PBXGroup;
			children = (
				C20BA2811AF3DBE400E9886F /* DSOUser.h */,
				C20BA2821AF3DBE400E9886F /* DSOUser.m */,
				C20BA2771AF3DBE400E9886F /* DSOCampaign.h */,
				C20BA2781AF3DBE400E9886F /* DSOCampaign.m */,
				B29A657D1BB60F0B008C0E2A /* DSOCampaignSignup.h */,
				B29A657E1BB60F0B008C0E2A /* DSOCampaignSignup.m */,
				B223AD741B7A724000D4AA40 /* DSOReportbackItem.h */,
				B223AD751B7A724000D4AA40 /* DSOReportbackItem.m */,
			);
			path = Models;
			sourceTree = "<group>";
		};
		C2B1521F1ACE05510028C336 /* Views */ = {
			isa = PBXGroup;
			children = (
				B2E652DC1B43807000EF9D69 /* Base */,
				B239391A1B44495400E5BCC8 /* Login */,
				B22273FF1B58792D005C896D /* Campaign */,
				B27AF0E51B4F490800164926 /* Profile */,
				B2E75D7D1B87B1300015BE4A /* Reportback */,
				B2629F241BAB45EA00A1B5C3 /* Settings */,
				B27FD03E1BBD99FF00A44952 /* LDTEpicFailView.xib */,
				B20D06CF1B3A58F40053D3B6 /* LDTMessage.h */,
				B20D06D01B3A58F40053D3B6 /* LDTMessage.m */,
				B21996AE1B7CFEDA0054EADC /* LDTHeaderCollectionReusableView.h */,
				B21996AF1B7CFEDA0054EADC /* LDTHeaderCollectionReusableView.m */,
				B21996B01B7CFEDA0054EADC /* LDTHeaderCollectionReusableView.xib */,
				EA0353301BAC63BA00D2B987 /* LDTMessageDefaultDesign.json */,
			);
			path = Views;
			sourceTree = "<group>";
		};
		C2F35F0A1AD8272C00D12FE5 /* Login */ = {
			isa = PBXGroup;
			children = (
				B2A1365C1B3CA4B100D20273 /* LDTUserConnectViewController.h */,
				B2A1365D1B3CA4B100D20273 /* LDTUserConnectViewController.m */,
				B2A136611B3D9BC600D20273 /* LDTUserRegisterViewController.h */,
				B2A136621B3D9BC600D20273 /* LDTUserRegisterViewController.m */,
				B22AB7641B4EE78500BE7052 /* LDTUserLoginViewController.h */,
				B22AB7651B4EE78500BE7052 /* LDTUserLoginViewController.m */,
			);
			name = Login;
			sourceTree = "<group>";
		};
		DBD38C1FC81949D66DE6A1A4 /* Pods */ = {
			isa = PBXGroup;
			children = (
				481832CD7E534871B0CC8938 /* Pods-Lets Do This.debug.xcconfig */,
				B92B81EBB03D9FF4D34E3FD9 /* Pods-Lets Do This.release.xcconfig */,
			);
			name = Pods;
			sourceTree = "<group>";
		};
/* End PBXGroup section */

/* Begin PBXNativeTarget section */
		C2B151E81ACE04C30028C336 /* Lets Do This */ = {
			isa = PBXNativeTarget;
			buildConfigurationList = C2B1520F1ACE04C30028C336 /* Build configuration list for PBXNativeTarget "Lets Do This" */;
			buildPhases = (
				40371D8870697C6A0052D49B /* Check Pods Manifest.lock */,
				C2B151E51ACE04C30028C336 /* Sources */,
				C2B151E61ACE04C30028C336 /* Frameworks */,
				C2B151E71ACE04C30028C336 /* Resources */,
				57A97D3FE5F4843F35259D92 /* Copy Pods Resources */,
				568131DF1B730BA700FF9854 /* ShellScript */,
			);
			buildRules = (
			);
			dependencies = (
			);
			name = "Lets Do This";
			productName = "Lets Do This";
			productReference = C2B151E91ACE04C30028C336 /* Lets Do This.app */;
			productType = "com.apple.product-type.application";
		};
		C2B152041ACE04C30028C336 /* Lets Do ThisTests */ = {
			isa = PBXNativeTarget;
			buildConfigurationList = C2B152121ACE04C30028C336 /* Build configuration list for PBXNativeTarget "Lets Do ThisTests" */;
			buildPhases = (
				C2B152011ACE04C30028C336 /* Sources */,
				C2B152021ACE04C30028C336 /* Frameworks */,
				C2B152031ACE04C30028C336 /* Resources */,
			);
			buildRules = (
			);
			dependencies = (
				C2B152071ACE04C30028C336 /* PBXTargetDependency */,
			);
			name = "Lets Do ThisTests";
			productName = "Lets Do ThisTests";
			productReference = C2B152051ACE04C30028C336 /* Lets Do ThisTests.xctest */;
			productType = "com.apple.product-type.bundle.unit-test";
		};
/* End PBXNativeTarget section */

/* Begin PBXProject section */
		C2B151E11ACE04C30028C336 /* Project object */ = {
			isa = PBXProject;
			attributes = {
				LastUpgradeCheck = 0620;
				ORGANIZATIONNAME = "Do Something";
				TargetAttributes = {
					C2B151E81ACE04C30028C336 = {
						CreatedOnToolsVersion = 6.2;
						DevelopmentTeam = S4HV7AJFFK;
					};
					C2B152041ACE04C30028C336 = {
						CreatedOnToolsVersion = 6.2;
						TestTargetID = C2B151E81ACE04C30028C336;
					};
				};
			};
			buildConfigurationList = C2B151E41ACE04C30028C336 /* Build configuration list for PBXProject "Lets Do This" */;
			compatibilityVersion = "Xcode 3.2";
			developmentRegion = English;
			hasScannedForEncodings = 0;
			knownRegions = (
				en,
				Base,
			);
			mainGroup = C2B151E01ACE04C30028C336;
			productRefGroup = C2B151EA1ACE04C30028C336 /* Products */;
			projectDirPath = "";
			projectRoot = "";
			targets = (
				C2B151E81ACE04C30028C336 /* Lets Do This */,
				C2B152041ACE04C30028C336 /* Lets Do ThisTests */,
			);
		};
/* End PBXProject section */

/* Begin PBXResourcesBuildPhase section */
		C2B151E71ACE04C30028C336 /* Resources */ = {
			isa = PBXResourcesBuildPhase;
			buildActionMask = 2147483647;
			files = (
				EA0353311BAC63BA00D2B987 /* LDTMessageDefaultDesign.json in Resources */,
				B27AF0ED1B4F64D200164926 /* LDTLoadingView.xib in Resources */,
				B27F49EA1B6ADB68005CFC35 /* LDTCampaignDetailView.xib in Resources */,
				B21996B21B7CFEDA0054EADC /* LDTHeaderCollectionReusableView.xib in Resources */,
				B2629F261BAB460D00A1B5C3 /* LDTUpdateAvatarView.xib in Resources */,
				B2E75D7F1B87B1610015BE4A /* LDTReportbackItemDetailView.xib in Resources */,
				B20881A11B0B9B0F00E697B2 /* keys.plist in Resources */,
				B273A7681B459BB700CBD4E1 /* Brandon_med.otf in Resources */,
				B27FD0401BBD99FF00A44952 /* LDTEpicFailView.xib in Resources */,
				EA6FBC721BBDBFC1006736AC /* debug-keys.plist in Resources */,
				B258EB331B8E696100B298C0 /* LDTReportbackItemDetailSingleView.xib in Resources */,
				B2A136601B3D1AEF00D20273 /* LDTUserRegisterView.xib in Resources */,
				B22274011B5879B3005C896D /* LDTCampaignListView.xib in Resources */,
				B2399FD51BB4A00D00314F39 /* LDTCampaignDetailSelfReportbackCell.xib in Resources */,
				B23E68271B8FC74E005BFB5E /* LDTCampaignDetailReportbackItemCell.xib in Resources */,
				B2DB719F1B755E6300915A18 /* LDTCampaignListReportbackItemCell.xib in Resources */,
				B24FE0331BAA49CE001CAD5D /* LDTSubmitReportbackView.xib in Resources */,
				B273A7691B459BBA00CBD4E1 /* Brandon_bld.otf in Resources */,
				B23E68221B8FC728005BFB5E /* LDTCampaignDetailCampaignCell.xib in Resources */,
				B27AF0E71B4F493D00164926 /* LDTUserProfileView.xib in Resources */,
				B2DB719A1B754E3F00915A18 /* LDTCampaignListCampaignCell.xib in Resources */,
				B2A1365B1B3C9FDA00D20273 /* LDTUserConnectView.xib in Resources */,
				C2B152001ACE04C30028C336 /* LaunchScreen.xib in Resources */,
				B2A41A051B5DCC5300C6C1A6 /* LDTSettingsView.xib in Resources */,
				C2B151FD1ACE04C30028C336 /* Images.xcassets in Resources */,
				B22AB7681B4EE7BE00BE7052 /* LDTUserLoginView.xib in Resources */,
			);
			runOnlyForDeploymentPostprocessing = 0;
		};
		C2B152031ACE04C30028C336 /* Resources */ = {
			isa = PBXResourcesBuildPhase;
			buildActionMask = 2147483647;
			files = (
			);
			runOnlyForDeploymentPostprocessing = 0;
		};
/* End PBXResourcesBuildPhase section */

/* Begin PBXShellScriptBuildPhase section */
		40371D8870697C6A0052D49B /* Check Pods Manifest.lock */ = {
			isa = PBXShellScriptBuildPhase;
			buildActionMask = 2147483647;
			files = (
			);
			inputPaths = (
			);
			name = "Check Pods Manifest.lock";
			outputPaths = (
			);
			runOnlyForDeploymentPostprocessing = 0;
			shellPath = /bin/sh;
			shellScript = "diff \"${PODS_ROOT}/../Podfile.lock\" \"${PODS_ROOT}/Manifest.lock\" > /dev/null\nif [[ $? != 0 ]] ; then\n    cat << EOM\nerror: The sandbox is not in sync with the Podfile.lock. Run 'pod install' or update your CocoaPods installation.\nEOM\n    exit 1\nfi\n";
			showEnvVarsInLog = 0;
		};
		568131DF1B730BA700FF9854 /* ShellScript */ = {
			isa = PBXShellScriptBuildPhase;
			buildActionMask = 2147483647;
			files = (
			);
			inputPaths = (
			);
			outputPaths = (
			);
			runOnlyForDeploymentPostprocessing = 0;
			shellPath = /bin/sh;
			shellScript = "\"${PODS_ROOT}/Fabric/Fabric.framework/run\" b5c3db6ecd3573a1a4c204ec71cae7498f676ddb e605234b0a5c7a6271829f1fd3ac9718f8d3b37404f523a1a30088ac53f3e94f";
		};
		57A97D3FE5F4843F35259D92 /* Copy Pods Resources */ = {
			isa = PBXShellScriptBuildPhase;
			buildActionMask = 2147483647;
			files = (
			);
			inputPaths = (
			);
			name = "Copy Pods Resources";
			outputPaths = (
			);
			runOnlyForDeploymentPostprocessing = 0;
			shellPath = /bin/sh;
			shellScript = "\"${SRCROOT}/Pods/Target Support Files/Pods-Lets Do This/Pods-Lets Do This-resources.sh\"\n";
			showEnvVarsInLog = 0;
		};
/* End PBXShellScriptBuildPhase section */

/* Begin PBXSourcesBuildPhase section */
		C2B151E51ACE04C30028C336 /* Sources */ = {
			isa = PBXSourcesBuildPhase;
			buildActionMask = 2147483647;
			files = (
				B2629F231BAB45C800A1B5C3 /* LDTUpdateAvatarViewController.m in Sources */,
				B27FD03F1BBD99FF00A44952 /* LDTEpicFailViewController.m in Sources */,
				C20BA28E1AF3DCAB00E9886F /* NSDictionary+DSOJsonHelper.m in Sources */,
				EA5C9F1B1B694712001D3EEA /* UITextField+LDT.m in Sources */,
				B2399FD41BB4A00D00314F39 /* LDTCampaignDetailSelfReportbackCell.m in Sources */,
				B2A1365E1B3CA4B100D20273 /* LDTUserConnectViewController.m in Sources */,
				B29A657F1BB60F0B008C0E2A /* DSOCampaignSignup.m in Sources */,
				B22274051B587A20005C896D /* LDTCampaignListViewController.m in Sources */,
				B28124D21BAA1FB700DF58DA /* UIViewController+LDT.m in Sources */,
				B2A136631B3D9BC600D20273 /* LDTUserRegisterViewController.m in Sources */,
				B258EB311B8E548B00B298C0 /* LDTReportbackItemDetailView.m in Sources */,
				B212C2621B4ED6F300376BB1 /* LDTBaseViewController.m in Sources */,
				C2B152381ACE0BB50028C336 /* LDTSettingsViewController.m in Sources */,
				B27AF0E41B4F48BC00164926 /* LDTUserProfileViewController.m in Sources */,
				B22AB7661B4EE78500BE7052 /* LDTUserLoginViewController.m in Sources */,
				B2DB719E1B755E6300915A18 /* LDTCampaignListReportbackItemCell.m in Sources */,
				B223AD761B7A724000D4AA40 /* DSOReportbackItem.m in Sources */,
				C20BA28D1AF3DCAB00E9886F /* NSDate+DSO.m in Sources */,
				B24FE0311BAA49AA001CAD5D /* LDTSubmitReportbackViewController.m in Sources */,
				B27AF0EB1B4F64B200164926 /* LDTLoadingViewController.m in Sources */,
				B22273FE1B58076F005C896D /* DSOAPI.m in Sources */,
				C20BA2881AF3DBE400E9886F /* DSOUser.m in Sources */,
				B2DB71991B754E3F00915A18 /* LDTCampaignListCampaignCell.m in Sources */,
				B23E68211B8FC728005BFB5E /* LDTCampaignDetailCampaignCell.m in Sources */,
				B27F49ED1B6ADB93005CFC35 /* LDTCampaignDetailViewController.m in Sources */,
				B2E75D831B87B1920015BE4A /* LDTReportbackItemDetailSingleViewController.m in Sources */,
				B240DD321B73DA4D00CA6C6E /* LDTTabBarController.m in Sources */,
				B21996B11B7CFEDA0054EADC /* LDTHeaderCollectionReusableView.m in Sources */,
				B2E652E21B43822600EF9D69 /* LDTButton.m in Sources */,
				C2B152201ACE05510028C336 /* AppDelegate.m in Sources */,
				B216CFC61B685EE8007E1914 /* UIImageView+LDT.m in Sources */,
				C2B151EF1ACE04C30028C336 /* main.m in Sources */,
				B21126271B618038009128E7 /* DSOUserManager.m in Sources */,
				569AA55E1B4085A000D8C8C9 /* InterfaceBuilderView.m in Sources */,
				B2E652DF1B4380AD00EF9D69 /* LDTTheme.m in Sources */,
				B20D06D11B3A58F40053D3B6 /* LDTMessage.m in Sources */,
				C20BA2831AF3DBE400E9886F /* DSOCampaign.m in Sources */,
				B23E68261B8FC74E005BFB5E /* LDTCampaignDetailReportbackItemCell.m in Sources */,
				B28124CF1BAA0DF000DF58DA /* UINavigationController+LDT.m in Sources */,
			);
			runOnlyForDeploymentPostprocessing = 0;
		};
		C2B152011ACE04C30028C336 /* Sources */ = {
			isa = PBXSourcesBuildPhase;
			buildActionMask = 2147483647;
			files = (
				C2B1520C1ACE04C30028C336 /* Lets_Do_ThisTests.m in Sources */,
			);
			runOnlyForDeploymentPostprocessing = 0;
		};
/* End PBXSourcesBuildPhase section */

/* Begin PBXTargetDependency section */
		C2B152071ACE04C30028C336 /* PBXTargetDependency */ = {
			isa = PBXTargetDependency;
			target = C2B151E81ACE04C30028C336 /* Lets Do This */;
			targetProxy = C2B152061ACE04C30028C336 /* PBXContainerItemProxy */;
		};
/* End PBXTargetDependency section */

/* Begin PBXVariantGroup section */
		C2B151FE1ACE04C30028C336 /* LaunchScreen.xib */ = {
			isa = PBXVariantGroup;
			children = (
				C2B151FF1ACE04C30028C336 /* Base */,
			);
			name = LaunchScreen.xib;
			sourceTree = "<group>";
		};
/* End PBXVariantGroup section */

/* Begin XCBuildConfiguration section */
		C2B1520D1ACE04C30028C336 /* Debug */ = {
			isa = XCBuildConfiguration;
			buildSettings = {
				ALWAYS_SEARCH_USER_PATHS = NO;
				CLANG_CXX_LANGUAGE_STANDARD = "gnu++0x";
				CLANG_CXX_LIBRARY = "libc++";
				CLANG_ENABLE_MODULES = YES;
				CLANG_ENABLE_OBJC_ARC = YES;
				CLANG_WARN_BOOL_CONVERSION = YES;
				CLANG_WARN_CONSTANT_CONVERSION = YES;
				CLANG_WARN_DIRECT_OBJC_ISA_USAGE = YES_ERROR;
				CLANG_WARN_EMPTY_BODY = YES;
				CLANG_WARN_ENUM_CONVERSION = YES;
				CLANG_WARN_INT_CONVERSION = YES;
				CLANG_WARN_OBJC_ROOT_CLASS = YES_ERROR;
				CLANG_WARN_UNREACHABLE_CODE = YES;
				CLANG_WARN__DUPLICATE_METHOD_MATCH = YES;
				"CODE_SIGN_IDENTITY[sdk=iphoneos*]" = "iPhone Developer";
				COPY_PHASE_STRIP = NO;
				ENABLE_STRICT_OBJC_MSGSEND = YES;
				GCC_C_LANGUAGE_STANDARD = gnu99;
				GCC_DYNAMIC_NO_PIC = NO;
				GCC_OPTIMIZATION_LEVEL = 0;
				GCC_PREPROCESSOR_DEFINITIONS = (
					"DEBUG=1",
					"$(inherited)",
				);
				GCC_SYMBOLS_PRIVATE_EXTERN = NO;
				GCC_WARN_64_TO_32_BIT_CONVERSION = YES;
				GCC_WARN_ABOUT_RETURN_TYPE = YES_ERROR;
				GCC_WARN_UNDECLARED_SELECTOR = YES;
				GCC_WARN_UNINITIALIZED_AUTOS = YES_AGGRESSIVE;
				GCC_WARN_UNUSED_FUNCTION = YES;
				GCC_WARN_UNUSED_VARIABLE = YES;
				IPHONEOS_DEPLOYMENT_TARGET = 8.0;
				MTL_ENABLE_DEBUG_INFO = YES;
				New_Setting = "";
				ONLY_ACTIVE_ARCH = YES;
				SDKROOT = iphoneos;
			};
			name = Debug;
		};
		C2B1520E1ACE04C30028C336 /* Release */ = {
			isa = XCBuildConfiguration;
			buildSettings = {
				ALWAYS_SEARCH_USER_PATHS = NO;
				CLANG_CXX_LANGUAGE_STANDARD = "gnu++0x";
				CLANG_CXX_LIBRARY = "libc++";
				CLANG_ENABLE_MODULES = YES;
				CLANG_ENABLE_OBJC_ARC = YES;
				CLANG_WARN_BOOL_CONVERSION = YES;
				CLANG_WARN_CONSTANT_CONVERSION = YES;
				CLANG_WARN_DIRECT_OBJC_ISA_USAGE = YES_ERROR;
				CLANG_WARN_EMPTY_BODY = YES;
				CLANG_WARN_ENUM_CONVERSION = YES;
				CLANG_WARN_INT_CONVERSION = YES;
				CLANG_WARN_OBJC_ROOT_CLASS = YES_ERROR;
				CLANG_WARN_UNREACHABLE_CODE = YES;
				CLANG_WARN__DUPLICATE_METHOD_MATCH = YES;
				"CODE_SIGN_IDENTITY[sdk=iphoneos*]" = "iPhone Developer";
				COPY_PHASE_STRIP = NO;
				ENABLE_NS_ASSERTIONS = NO;
				ENABLE_STRICT_OBJC_MSGSEND = YES;
				GCC_C_LANGUAGE_STANDARD = gnu99;
				GCC_PREPROCESSOR_DEFINITIONS = "RELEASE=1";
				GCC_WARN_64_TO_32_BIT_CONVERSION = YES;
				GCC_WARN_ABOUT_RETURN_TYPE = YES_ERROR;
				GCC_WARN_UNDECLARED_SELECTOR = YES;
				GCC_WARN_UNINITIALIZED_AUTOS = YES_AGGRESSIVE;
				GCC_WARN_UNUSED_FUNCTION = YES;
				GCC_WARN_UNUSED_VARIABLE = YES;
				IPHONEOS_DEPLOYMENT_TARGET = 8.0;
				MTL_ENABLE_DEBUG_INFO = NO;
				New_Setting = "";
				SDKROOT = iphoneos;
				VALIDATE_PRODUCT = YES;
			};
			name = Release;
		};
		C2B152101ACE04C30028C336 /* Debug */ = {
			isa = XCBuildConfiguration;
			baseConfigurationReference = 481832CD7E534871B0CC8938 /* Pods-Lets Do This.debug.xcconfig */;
			buildSettings = {
				ASSETCATALOG_COMPILER_APPICON_NAME = AppIcon;
				CODE_SIGN_IDENTITY = "";
				"CODE_SIGN_IDENTITY[sdk=iphoneos*]" = "iPhone Developer";
				GCC_PREFIX_HEADER = "Lets Do This/LetsDoThis.pch";
				INFOPLIST_FILE = "Lets Do This/Info.plist";
				IPHONEOS_DEPLOYMENT_TARGET = 8.0;
				LD_RUNPATH_SEARCH_PATHS = "$(inherited) @executable_path/Frameworks";
				PRODUCT_NAME = "$(TARGET_NAME)";
				PROVISIONING_PROFILE = "";
			};
			name = Debug;
		};
		C2B152111ACE04C30028C336 /* Release */ = {
			isa = XCBuildConfiguration;
			baseConfigurationReference = B92B81EBB03D9FF4D34E3FD9 /* Pods-Lets Do This.release.xcconfig */;
			buildSettings = {
				ASSETCATALOG_COMPILER_APPICON_NAME = AppIcon;
				CODE_SIGN_IDENTITY = "";
				"CODE_SIGN_IDENTITY[sdk=iphoneos*]" = "iPhone Developer";
				GCC_PREFIX_HEADER = "Lets Do This/LetsDoThis.pch";
				INFOPLIST_FILE = "Lets Do This/Info.plist";
				IPHONEOS_DEPLOYMENT_TARGET = 8.0;
				LD_RUNPATH_SEARCH_PATHS = "$(inherited) @executable_path/Frameworks";
				PRODUCT_NAME = "$(TARGET_NAME)";
				PROVISIONING_PROFILE = "";
			};
			name = Release;
		};
		C2B152131ACE04C30028C336 /* Debug */ = {
			isa = XCBuildConfiguration;
			buildSettings = {
				BUNDLE_LOADER = "$(TEST_HOST)";
				FRAMEWORK_SEARCH_PATHS = (
					"$(SDKROOT)/Developer/Library/Frameworks",
					"$(inherited)",
				);
				GCC_PREPROCESSOR_DEFINITIONS = (
					"DEBUG=1",
					"$(inherited)",
				);
				INFOPLIST_FILE = "Lets Do ThisTests/Info.plist";
				LD_RUNPATH_SEARCH_PATHS = "$(inherited) @executable_path/Frameworks @loader_path/Frameworks";
				PRODUCT_NAME = "$(TARGET_NAME)";
				TEST_HOST = "$(BUILT_PRODUCTS_DIR)/Lets Do This.app/Lets Do This";
			};
			name = Debug;
		};
		C2B152141ACE04C30028C336 /* Release */ = {
			isa = XCBuildConfiguration;
			buildSettings = {
				BUNDLE_LOADER = "$(TEST_HOST)";
				FRAMEWORK_SEARCH_PATHS = (
					"$(SDKROOT)/Developer/Library/Frameworks",
					"$(inherited)",
				);
				INFOPLIST_FILE = "Lets Do ThisTests/Info.plist";
				LD_RUNPATH_SEARCH_PATHS = "$(inherited) @executable_path/Frameworks @loader_path/Frameworks";
				PRODUCT_NAME = "$(TARGET_NAME)";
				TEST_HOST = "$(BUILT_PRODUCTS_DIR)/Lets Do This.app/Lets Do This";
			};
			name = Release;
		};
		EA6FBC6E1BBD97A8006736AC /* Thor */ = {
			isa = XCBuildConfiguration;
			buildSettings = {
				ALWAYS_SEARCH_USER_PATHS = NO;
				CLANG_CXX_LANGUAGE_STANDARD = "gnu++0x";
				CLANG_CXX_LIBRARY = "libc++";
				CLANG_ENABLE_MODULES = YES;
				CLANG_ENABLE_OBJC_ARC = YES;
				CLANG_WARN_BOOL_CONVERSION = YES;
				CLANG_WARN_CONSTANT_CONVERSION = YES;
				CLANG_WARN_DIRECT_OBJC_ISA_USAGE = YES_ERROR;
				CLANG_WARN_EMPTY_BODY = YES;
				CLANG_WARN_ENUM_CONVERSION = YES;
				CLANG_WARN_INT_CONVERSION = YES;
				CLANG_WARN_OBJC_ROOT_CLASS = YES_ERROR;
				CLANG_WARN_UNREACHABLE_CODE = YES;
				CLANG_WARN__DUPLICATE_METHOD_MATCH = YES;
				"CODE_SIGN_IDENTITY[sdk=iphoneos*]" = "iPhone Developer";
				COPY_PHASE_STRIP = NO;
				ENABLE_NS_ASSERTIONS = NO;
				ENABLE_STRICT_OBJC_MSGSEND = YES;
				GCC_C_LANGUAGE_STANDARD = gnu99;
				GCC_PREPROCESSOR_DEFINITIONS = "THOR=1";
				GCC_WARN_64_TO_32_BIT_CONVERSION = YES;
				GCC_WARN_ABOUT_RETURN_TYPE = YES_ERROR;
				GCC_WARN_UNDECLARED_SELECTOR = YES;
				GCC_WARN_UNINITIALIZED_AUTOS = YES_AGGRESSIVE;
				GCC_WARN_UNUSED_FUNCTION = YES;
				GCC_WARN_UNUSED_VARIABLE = YES;
				IPHONEOS_DEPLOYMENT_TARGET = 8.0;
				MTL_ENABLE_DEBUG_INFO = NO;
				New_Setting = "";
				SDKROOT = iphoneos;
				VALIDATE_PRODUCT = YES;
			};
			name = Thor;
		};
		EA6FBC6F1BBD97A8006736AC /* Thor */ = {
			isa = XCBuildConfiguration;
			baseConfigurationReference = B92B81EBB03D9FF4D34E3FD9 /* Pods-Lets Do This.release.xcconfig */;
			buildSettings = {
				ASSETCATALOG_COMPILER_APPICON_NAME = AppIcon;
				CODE_SIGN_IDENTITY = "";
				"CODE_SIGN_IDENTITY[sdk=iphoneos*]" = "iPhone Developer";
				GCC_PREFIX_HEADER = "Lets Do This/LetsDoThis.pch";
				INFOPLIST_FILE = "Lets Do This/Info.plist";
				IPHONEOS_DEPLOYMENT_TARGET = 8.0;
				LD_RUNPATH_SEARCH_PATHS = "$(inherited) @executable_path/Frameworks";
				PRODUCT_NAME = "$(TARGET_NAME)";
				PROVISIONING_PROFILE = "";
			};
			name = Thor;
		};
		EA6FBC701BBD97A8006736AC /* Thor */ = {
			isa = XCBuildConfiguration;
			buildSettings = {
				BUNDLE_LOADER = "$(TEST_HOST)";
				FRAMEWORK_SEARCH_PATHS = (
					"$(SDKROOT)/Developer/Library/Frameworks",
					"$(inherited)",
				);
				INFOPLIST_FILE = "Lets Do ThisTests/Info.plist";
				LD_RUNPATH_SEARCH_PATHS = "$(inherited) @executable_path/Frameworks @loader_path/Frameworks";
				PRODUCT_NAME = "$(TARGET_NAME)";
				TEST_HOST = "$(BUILT_PRODUCTS_DIR)/Lets Do This.app/Lets Do This";
			};
			name = Thor;
		};
/* End XCBuildConfiguration section */

/* Begin XCConfigurationList section */
		C2B151E41ACE04C30028C336 /* Build configuration list for PBXProject "Lets Do This" */ = {
			isa = XCConfigurationList;
			buildConfigurations = (
				C2B1520D1ACE04C30028C336 /* Debug */,
				C2B1520E1ACE04C30028C336 /* Release */,
				EA6FBC6E1BBD97A8006736AC /* Thor */,
			);
			defaultConfigurationIsVisible = 0;
			defaultConfigurationName = Release;
		};
		C2B1520F1ACE04C30028C336 /* Build configuration list for PBXNativeTarget "Lets Do This" */ = {
			isa = XCConfigurationList;
			buildConfigurations = (
				C2B152101ACE04C30028C336 /* Debug */,
				C2B152111ACE04C30028C336 /* Release */,
				EA6FBC6F1BBD97A8006736AC /* Thor */,
			);
			defaultConfigurationIsVisible = 0;
			defaultConfigurationName = Release;
		};
		C2B152121ACE04C30028C336 /* Build configuration list for PBXNativeTarget "Lets Do ThisTests" */ = {
			isa = XCConfigurationList;
			buildConfigurations = (
				C2B152131ACE04C30028C336 /* Debug */,
				C2B152141ACE04C30028C336 /* Release */,
				EA6FBC701BBD97A8006736AC /* Thor */,
			);
			defaultConfigurationIsVisible = 0;
			defaultConfigurationName = Release;
		};
/* End XCConfigurationList section */
	};
	rootObject = C2B151E11ACE04C30028C336 /* Project object */;
}
