// !$*UTF8*$!
{
	archiveVersion = 1;
	classes = {
	};
	objectVersion = 46;
	objects = {

/* Begin PBXBuildFile section */
		421774269F5DF5997622C2F9 /* libPods-Lets Do This.a in Frameworks */ = {isa = PBXBuildFile; fileRef = FD644C9FDE4E95B4C94D523F /* libPods-Lets Do This.a */; };
		B20881A11B0B9B0F00E697B2 /* keys.plist in Resources */ = {isa = PBXBuildFile; fileRef = B20881A01B0B9B0F00E697B2 /* keys.plist */; };
		B24710991B0E413500552EDE /* LDTSetEmailViewController.m in Sources */ = {isa = PBXBuildFile; fileRef = B24710981B0E413500552EDE /* LDTSetEmailViewController.m */; };
		C20126751AF27FF700CB33B3 /* LetsDoThis.xcdatamodeld in Sources */ = {isa = PBXBuildFile; fileRef = C20126731AF27FF700CB33B3 /* LetsDoThis.xcdatamodeld */; };
		C20BA2831AF3DBE400E9886F /* DSOCampaign.m in Sources */ = {isa = PBXBuildFile; fileRef = C20BA2781AF3DBE400E9886F /* DSOCampaign.m */; };
		C20BA2841AF3DBE400E9886F /* DSOCampaignActivity.m in Sources */ = {isa = PBXBuildFile; fileRef = C20BA27A1AF3DBE400E9886F /* DSOCampaignActivity.m */; };
		C20BA2851AF3DBE400E9886F /* DSOReportback.m in Sources */ = {isa = PBXBuildFile; fileRef = C20BA27C1AF3DBE400E9886F /* DSOReportback.m */; };
		C20BA2861AF3DBE400E9886F /* DSOSession.m in Sources */ = {isa = PBXBuildFile; fileRef = C20BA27E1AF3DBE400E9886F /* DSOSession.m */; };
		C20BA2871AF3DBE400E9886F /* DSOTaxonomyTerm.m in Sources */ = {isa = PBXBuildFile; fileRef = C20BA2801AF3DBE400E9886F /* DSOTaxonomyTerm.m */; };
		C20BA2881AF3DBE400E9886F /* DSOUser.m in Sources */ = {isa = PBXBuildFile; fileRef = C20BA2821AF3DBE400E9886F /* DSOUser.m */; };
		C20BA28D1AF3DCAB00E9886F /* NSDate+DSO.m in Sources */ = {isa = PBXBuildFile; fileRef = C20BA28A1AF3DCAB00E9886F /* NSDate+DSO.m */; };
		C20BA28E1AF3DCAB00E9886F /* NSDictionary+DSOJsonHelper.m in Sources */ = {isa = PBXBuildFile; fileRef = C20BA28C1AF3DCAB00E9886F /* NSDictionary+DSOJsonHelper.m */; };
		C20BA2921AF3FDBE00E9886F /* LDTImportQueue.m in Sources */ = {isa = PBXBuildFile; fileRef = C20BA2911AF3FDBE00E9886F /* LDTImportQueue.m */; };
		C28D340D1AE5F99C0091D781 /* LDTLoginRegNavigationController.m in Sources */ = {isa = PBXBuildFile; fileRef = C28D340C1AE5F99C0091D781 /* LDTLoginRegNavigationController.m */; };
		C2B151EF1ACE04C30028C336 /* main.m in Sources */ = {isa = PBXBuildFile; fileRef = C2B151EE1ACE04C30028C336 /* main.m */; };
		C2B151FB1ACE04C30028C336 /* Main.storyboard in Resources */ = {isa = PBXBuildFile; fileRef = C2B151F91ACE04C30028C336 /* Main.storyboard */; };
		C2B151FD1ACE04C30028C336 /* Images.xcassets in Resources */ = {isa = PBXBuildFile; fileRef = C2B151FC1ACE04C30028C336 /* Images.xcassets */; };
		C2B152001ACE04C30028C336 /* LaunchScreen.xib in Resources */ = {isa = PBXBuildFile; fileRef = C2B151FE1ACE04C30028C336 /* LaunchScreen.xib */; };
		C2B1520C1ACE04C30028C336 /* Lets_Do_ThisTests.m in Sources */ = {isa = PBXBuildFile; fileRef = C2B1520B1ACE04C30028C336 /* Lets_Do_ThisTests.m */; };
		C2B152201ACE05510028C336 /* AppDelegate.m in Sources */ = {isa = PBXBuildFile; fileRef = C2B152181ACE05510028C336 /* AppDelegate.m */; };
		C2B152251ACE07560028C336 /* LDTCampaignActionsViewController.m in Sources */ = {isa = PBXBuildFile; fileRef = C2B152241ACE07560028C336 /* LDTCampaignActionsViewController.m */; };
		C2B152281ACE078A0028C336 /* LDTHubViewController.m in Sources */ = {isa = PBXBuildFile; fileRef = C2B152271ACE078A0028C336 /* LDTHubViewController.m */; };
		C2B1522B1ACE07C20028C336 /* LDTInvitesViewController.m in Sources */ = {isa = PBXBuildFile; fileRef = C2B1522A1ACE07C20028C336 /* LDTInvitesViewController.m */; };
		C2B1522E1ACE07EB0028C336 /* LDTNotificationsViewController.m in Sources */ = {isa = PBXBuildFile; fileRef = C2B1522D1ACE07EB0028C336 /* LDTNotificationsViewController.m */; };
		C2B152341ACE0A080028C336 /* LDTTabBarController.m in Sources */ = {isa = PBXBuildFile; fileRef = C2B152331ACE0A080028C336 /* LDTTabBarController.m */; };
		C2B152381ACE0BB50028C336 /* LDTSettingsViewController.m in Sources */ = {isa = PBXBuildFile; fileRef = C2B152371ACE0BB50028C336 /* LDTSettingsViewController.m */; };
		C2B1523B1ACE0BE90028C336 /* LDTBrowserViewController.m in Sources */ = {isa = PBXBuildFile; fileRef = C2B1523A1ACE0BE90028C336 /* LDTBrowserViewController.m */; };
		C2B1523E1ACE0BFC0028C336 /* LDTAboutViewController.m in Sources */ = {isa = PBXBuildFile; fileRef = C2B1523D1ACE0BFC0028C336 /* LDTAboutViewController.m */; };
		C2B152411ACE0C0D0028C336 /* LDTPrivacyPolicyViewController.m in Sources */ = {isa = PBXBuildFile; fileRef = C2B152401ACE0C0D0028C336 /* LDTPrivacyPolicyViewController.m */; };
		C2B152441ACE0C400028C336 /* LDTEditAccountViewController.m in Sources */ = {isa = PBXBuildFile; fileRef = C2B152431ACE0C400028C336 /* LDTEditAccountViewController.m */; };
		C2C112D31B066A710070993C /* LDTCampaignActionsLayout.m in Sources */ = {isa = PBXBuildFile; fileRef = C2C112D21B066A710070993C /* LDTCampaignActionsLayout.m */; };
		C2C112D71B0670120070993C /* LDTCampaignCollectionCell.m in Sources */ = {isa = PBXBuildFile; fileRef = C2C112D61B0670120070993C /* LDTCampaignCollectionCell.m */; };
		C2F35F061AD825DF00D12FE5 /* LDTCampaignDetailViewController.m in Sources */ = {isa = PBXBuildFile; fileRef = C2F35F051AD825DF00D12FE5 /* LDTCampaignDetailViewController.m */; };
		C2F35F091AD8261E00D12FE5 /* LDTReportbackDetailViewController.m in Sources */ = {isa = PBXBuildFile; fileRef = C2F35F081AD8261E00D12FE5 /* LDTReportbackDetailViewController.m */; };
		C2F35F0D1AD8274200D12FE5 /* LDTLoginViewController.m in Sources */ = {isa = PBXBuildFile; fileRef = C2F35F0C1AD8274200D12FE5 /* LDTLoginViewController.m */; };
		C2F35F101AD827B600D12FE5 /* LDTInviteViewController.m in Sources */ = {isa = PBXBuildFile; fileRef = C2F35F0F1AD827B600D12FE5 /* LDTInviteViewController.m */; };
		C2F35F141AD8288A00D12FE5 /* LDTPhotoAcquisitionController.m in Sources */ = {isa = PBXBuildFile; fileRef = C2F35F131AD8288A00D12FE5 /* LDTPhotoAcquisitionController.m */; };
		C2F35F171AD828BD00D12FE5 /* LTDPhotoCaptureViewController.m in Sources */ = {isa = PBXBuildFile; fileRef = C2F35F161AD828BD00D12FE5 /* LTDPhotoCaptureViewController.m */; };
		C2F35F1A1AD828DA00D12FE5 /* LTDPhotoSelectionViewController.m in Sources */ = {isa = PBXBuildFile; fileRef = C2F35F191AD828DA00D12FE5 /* LTDPhotoSelectionViewController.m */; };
		C2F35F1D1AD8294400D12FE5 /* LDTRegisterViewController.m in Sources */ = {isa = PBXBuildFile; fileRef = C2F35F1C1AD8294400D12FE5 /* LDTRegisterViewController.m */; };
/* End PBXBuildFile section */

/* Begin PBXContainerItemProxy section */
		C2B152061ACE04C30028C336 /* PBXContainerItemProxy */ = {
			isa = PBXContainerItemProxy;
			containerPortal = C2B151E11ACE04C30028C336 /* Project object */;
			proxyType = 1;
			remoteGlobalIDString = C2B151E81ACE04C30028C336;
			remoteInfo = "Lets Do This";
		};
/* End PBXContainerItemProxy section */

/* Begin PBXFileReference section */
		481832CD7E534871B0CC8938 /* Pods-Lets Do This.debug.xcconfig */ = {isa = PBXFileReference; includeInIndex = 1; lastKnownFileType = text.xcconfig; name = "Pods-Lets Do This.debug.xcconfig"; path = "Pods/Target Support Files/Pods-Lets Do This/Pods-Lets Do This.debug.xcconfig"; sourceTree = "<group>"; };
		B20881A01B0B9B0F00E697B2 /* keys.plist */ = {isa = PBXFileReference; fileEncoding = 4; lastKnownFileType = text.plist.xml; path = keys.plist; sourceTree = "<group>"; };
		B24710971B0E413500552EDE /* LDTSetEmailViewController.h */ = {isa = PBXFileReference; fileEncoding = 4; lastKnownFileType = sourcecode.c.h; path = LDTSetEmailViewController.h; sourceTree = "<group>"; };
		B24710981B0E413500552EDE /* LDTSetEmailViewController.m */ = {isa = PBXFileReference; fileEncoding = 4; lastKnownFileType = sourcecode.c.objc; path = LDTSetEmailViewController.m; sourceTree = "<group>"; };
		B92B81EBB03D9FF4D34E3FD9 /* Pods-Lets Do This.release.xcconfig */ = {isa = PBXFileReference; includeInIndex = 1; lastKnownFileType = text.xcconfig; name = "Pods-Lets Do This.release.xcconfig"; path = "Pods/Target Support Files/Pods-Lets Do This/Pods-Lets Do This.release.xcconfig"; sourceTree = "<group>"; };
		C20126741AF27FF700CB33B3 /* LetsDoThis.xcdatamodel */ = {isa = PBXFileReference; lastKnownFileType = wrapper.xcdatamodel; path = LetsDoThis.xcdatamodel; sourceTree = "<group>"; };
		C20BA2771AF3DBE400E9886F /* DSOCampaign.h */ = {isa = PBXFileReference; fileEncoding = 4; lastKnownFileType = sourcecode.c.h; path = DSOCampaign.h; sourceTree = "<group>"; };
		C20BA2781AF3DBE400E9886F /* DSOCampaign.m */ = {isa = PBXFileReference; fileEncoding = 4; lastKnownFileType = sourcecode.c.objc; path = DSOCampaign.m; sourceTree = "<group>"; };
		C20BA2791AF3DBE400E9886F /* DSOCampaignActivity.h */ = {isa = PBXFileReference; fileEncoding = 4; lastKnownFileType = sourcecode.c.h; path = DSOCampaignActivity.h; sourceTree = "<group>"; };
		C20BA27A1AF3DBE400E9886F /* DSOCampaignActivity.m */ = {isa = PBXFileReference; fileEncoding = 4; lastKnownFileType = sourcecode.c.objc; path = DSOCampaignActivity.m; sourceTree = "<group>"; };
		C20BA27B1AF3DBE400E9886F /* DSOReportback.h */ = {isa = PBXFileReference; fileEncoding = 4; lastKnownFileType = sourcecode.c.h; path = DSOReportback.h; sourceTree = "<group>"; };
		C20BA27C1AF3DBE400E9886F /* DSOReportback.m */ = {isa = PBXFileReference; fileEncoding = 4; lastKnownFileType = sourcecode.c.objc; path = DSOReportback.m; sourceTree = "<group>"; };
		C20BA27D1AF3DBE400E9886F /* DSOSession.h */ = {isa = PBXFileReference; fileEncoding = 4; lastKnownFileType = sourcecode.c.h; path = DSOSession.h; sourceTree = "<group>"; };
		C20BA27E1AF3DBE400E9886F /* DSOSession.m */ = {isa = PBXFileReference; fileEncoding = 4; lastKnownFileType = sourcecode.c.objc; path = DSOSession.m; sourceTree = "<group>"; };
		C20BA27F1AF3DBE400E9886F /* DSOTaxonomyTerm.h */ = {isa = PBXFileReference; fileEncoding = 4; lastKnownFileType = sourcecode.c.h; path = DSOTaxonomyTerm.h; sourceTree = "<group>"; };
		C20BA2801AF3DBE400E9886F /* DSOTaxonomyTerm.m */ = {isa = PBXFileReference; fileEncoding = 4; lastKnownFileType = sourcecode.c.objc; path = DSOTaxonomyTerm.m; sourceTree = "<group>"; };
		C20BA2811AF3DBE400E9886F /* DSOUser.h */ = {isa = PBXFileReference; fileEncoding = 4; lastKnownFileType = sourcecode.c.h; path = DSOUser.h; sourceTree = "<group>"; };
		C20BA2821AF3DBE400E9886F /* DSOUser.m */ = {isa = PBXFileReference; fileEncoding = 4; lastKnownFileType = sourcecode.c.objc; path = DSOUser.m; sourceTree = "<group>"; };
		C20BA2891AF3DCAB00E9886F /* NSDate+DSO.h */ = {isa = PBXFileReference; fileEncoding = 4; lastKnownFileType = sourcecode.c.h; path = "NSDate+DSO.h"; sourceTree = "<group>"; };
		C20BA28A1AF3DCAB00E9886F /* NSDate+DSO.m */ = {isa = PBXFileReference; fileEncoding = 4; lastKnownFileType = sourcecode.c.objc; path = "NSDate+DSO.m"; sourceTree = "<group>"; };
		C20BA28B1AF3DCAB00E9886F /* NSDictionary+DSOJsonHelper.h */ = {isa = PBXFileReference; fileEncoding = 4; lastKnownFileType = sourcecode.c.h; path = "NSDictionary+DSOJsonHelper.h"; sourceTree = "<group>"; };
		C20BA28C1AF3DCAB00E9886F /* NSDictionary+DSOJsonHelper.m */ = {isa = PBXFileReference; fileEncoding = 4; lastKnownFileType = sourcecode.c.objc; path = "NSDictionary+DSOJsonHelper.m"; sourceTree = "<group>"; };
		C20BA28F1AF3DE0D00E9886F /* LetsDoThis.pch */ = {isa = PBXFileReference; lastKnownFileType = sourcecode.c.h; path = LetsDoThis.pch; sourceTree = "<group>"; };
		C20BA2901AF3FDBE00E9886F /* LDTImportQueue.h */ = {isa = PBXFileReference; fileEncoding = 4; lastKnownFileType = sourcecode.c.h; path = LDTImportQueue.h; sourceTree = "<group>"; };
		C20BA2911AF3FDBE00E9886F /* LDTImportQueue.m */ = {isa = PBXFileReference; fileEncoding = 4; lastKnownFileType = sourcecode.c.objc; path = LDTImportQueue.m; sourceTree = "<group>"; };
		C28D340B1AE5F99C0091D781 /* LDTLoginRegNavigationController.h */ = {isa = PBXFileReference; fileEncoding = 4; lastKnownFileType = sourcecode.c.h; path = LDTLoginRegNavigationController.h; sourceTree = "<group>"; };
		C28D340C1AE5F99C0091D781 /* LDTLoginRegNavigationController.m */ = {isa = PBXFileReference; fileEncoding = 4; lastKnownFileType = sourcecode.c.objc; path = LDTLoginRegNavigationController.m; sourceTree = "<group>"; };
		C2B151E91ACE04C30028C336 /* Lets Do This.app */ = {isa = PBXFileReference; explicitFileType = wrapper.application; includeInIndex = 0; path = "Lets Do This.app"; sourceTree = BUILT_PRODUCTS_DIR; };
		C2B151ED1ACE04C30028C336 /* Info.plist */ = {isa = PBXFileReference; lastKnownFileType = text.plist.xml; path = Info.plist; sourceTree = "<group>"; };
		C2B151EE1ACE04C30028C336 /* main.m */ = {isa = PBXFileReference; lastKnownFileType = sourcecode.c.objc; path = main.m; sourceTree = "<group>"; };
		C2B151FA1ACE04C30028C336 /* Base */ = {isa = PBXFileReference; lastKnownFileType = file.storyboard; name = Base; path = Base.lproj/Main.storyboard; sourceTree = "<group>"; };
		C2B151FC1ACE04C30028C336 /* Images.xcassets */ = {isa = PBXFileReference; lastKnownFileType = folder.assetcatalog; path = Images.xcassets; sourceTree = "<group>"; };
		C2B151FF1ACE04C30028C336 /* Base */ = {isa = PBXFileReference; lastKnownFileType = file.xib; name = Base; path = Base.lproj/LaunchScreen.xib; sourceTree = "<group>"; };
		C2B152051ACE04C30028C336 /* Lets Do ThisTests.xctest */ = {isa = PBXFileReference; explicitFileType = wrapper.cfbundle; includeInIndex = 0; path = "Lets Do ThisTests.xctest"; sourceTree = BUILT_PRODUCTS_DIR; };
		C2B1520A1ACE04C30028C336 /* Info.plist */ = {isa = PBXFileReference; lastKnownFileType = text.plist.xml; path = Info.plist; sourceTree = "<group>"; };
		C2B1520B1ACE04C30028C336 /* Lets_Do_ThisTests.m */ = {isa = PBXFileReference; lastKnownFileType = sourcecode.c.objc; path = Lets_Do_ThisTests.m; sourceTree = "<group>"; };
		C2B152171ACE05510028C336 /* AppDelegate.h */ = {isa = PBXFileReference; fileEncoding = 4; lastKnownFileType = sourcecode.c.h; path = AppDelegate.h; sourceTree = "<group>"; };
		C2B152181ACE05510028C336 /* AppDelegate.m */ = {isa = PBXFileReference; fileEncoding = 4; lastKnownFileType = sourcecode.c.objc; path = AppDelegate.m; sourceTree = "<group>"; };
		C2B152231ACE07560028C336 /* LDTCampaignActionsViewController.h */ = {isa = PBXFileReference; fileEncoding = 4; lastKnownFileType = sourcecode.c.h; path = LDTCampaignActionsViewController.h; sourceTree = "<group>"; };
		C2B152241ACE07560028C336 /* LDTCampaignActionsViewController.m */ = {isa = PBXFileReference; fileEncoding = 4; lastKnownFileType = sourcecode.c.objc; path = LDTCampaignActionsViewController.m; sourceTree = "<group>"; };
		C2B152261ACE078A0028C336 /* LDTHubViewController.h */ = {isa = PBXFileReference; fileEncoding = 4; lastKnownFileType = sourcecode.c.h; path = LDTHubViewController.h; sourceTree = "<group>"; };
		C2B152271ACE078A0028C336 /* LDTHubViewController.m */ = {isa = PBXFileReference; fileEncoding = 4; lastKnownFileType = sourcecode.c.objc; path = LDTHubViewController.m; sourceTree = "<group>"; };
		C2B152291ACE07C20028C336 /* LDTInvitesViewController.h */ = {isa = PBXFileReference; fileEncoding = 4; lastKnownFileType = sourcecode.c.h; path = LDTInvitesViewController.h; sourceTree = "<group>"; };
		C2B1522A1ACE07C20028C336 /* LDTInvitesViewController.m */ = {isa = PBXFileReference; fileEncoding = 4; lastKnownFileType = sourcecode.c.objc; path = LDTInvitesViewController.m; sourceTree = "<group>"; };
		C2B1522C1ACE07EB0028C336 /* LDTNotificationsViewController.h */ = {isa = PBXFileReference; fileEncoding = 4; lastKnownFileType = sourcecode.c.h; path = LDTNotificationsViewController.h; sourceTree = "<group>"; };
		C2B1522D1ACE07EB0028C336 /* LDTNotificationsViewController.m */ = {isa = PBXFileReference; fileEncoding = 4; lastKnownFileType = sourcecode.c.objc; path = LDTNotificationsViewController.m; sourceTree = "<group>"; };
		C2B152321ACE0A080028C336 /* LDTTabBarController.h */ = {isa = PBXFileReference; fileEncoding = 4; lastKnownFileType = sourcecode.c.h; path = LDTTabBarController.h; sourceTree = "<group>"; };
		C2B152331ACE0A080028C336 /* LDTTabBarController.m */ = {isa = PBXFileReference; fileEncoding = 4; lastKnownFileType = sourcecode.c.objc; path = LDTTabBarController.m; sourceTree = "<group>"; };
		C2B152361ACE0BB50028C336 /* LDTSettingsViewController.h */ = {isa = PBXFileReference; fileEncoding = 4; lastKnownFileType = sourcecode.c.h; path = LDTSettingsViewController.h; sourceTree = "<group>"; };
		C2B152371ACE0BB50028C336 /* LDTSettingsViewController.m */ = {isa = PBXFileReference; fileEncoding = 4; lastKnownFileType = sourcecode.c.objc; path = LDTSettingsViewController.m; sourceTree = "<group>"; };
		C2B152391ACE0BE90028C336 /* LDTBrowserViewController.h */ = {isa = PBXFileReference; fileEncoding = 4; lastKnownFileType = sourcecode.c.h; path = LDTBrowserViewController.h; sourceTree = "<group>"; };
		C2B1523A1ACE0BE90028C336 /* LDTBrowserViewController.m */ = {isa = PBXFileReference; fileEncoding = 4; lastKnownFileType = sourcecode.c.objc; path = LDTBrowserViewController.m; sourceTree = "<group>"; };
		C2B1523C1ACE0BFC0028C336 /* LDTAboutViewController.h */ = {isa = PBXFileReference; fileEncoding = 4; lastKnownFileType = sourcecode.c.h; path = LDTAboutViewController.h; sourceTree = "<group>"; };
		C2B1523D1ACE0BFC0028C336 /* LDTAboutViewController.m */ = {isa = PBXFileReference; fileEncoding = 4; lastKnownFileType = sourcecode.c.objc; path = LDTAboutViewController.m; sourceTree = "<group>"; };
		C2B1523F1ACE0C0D0028C336 /* LDTPrivacyPolicyViewController.h */ = {isa = PBXFileReference; fileEncoding = 4; lastKnownFileType = sourcecode.c.h; path = LDTPrivacyPolicyViewController.h; sourceTree = "<group>"; };
		C2B152401ACE0C0D0028C336 /* LDTPrivacyPolicyViewController.m */ = {isa = PBXFileReference; fileEncoding = 4; lastKnownFileType = sourcecode.c.objc; path = LDTPrivacyPolicyViewController.m; sourceTree = "<group>"; };
		C2B152421ACE0C400028C336 /* LDTEditAccountViewController.h */ = {isa = PBXFileReference; fileEncoding = 4; lastKnownFileType = sourcecode.c.h; path = LDTEditAccountViewController.h; sourceTree = "<group>"; };
		C2B152431ACE0C400028C336 /* LDTEditAccountViewController.m */ = {isa = PBXFileReference; fileEncoding = 4; lastKnownFileType = sourcecode.c.objc; path = LDTEditAccountViewController.m; sourceTree = "<group>"; };
		C2C112D11B066A710070993C /* LDTCampaignActionsLayout.h */ = {isa = PBXFileReference; fileEncoding = 4; lastKnownFileType = sourcecode.c.h; path = LDTCampaignActionsLayout.h; sourceTree = "<group>"; };
		C2C112D21B066A710070993C /* LDTCampaignActionsLayout.m */ = {isa = PBXFileReference; fileEncoding = 4; lastKnownFileType = sourcecode.c.objc; path = LDTCampaignActionsLayout.m; sourceTree = "<group>"; };
		C2C112D51B0670120070993C /* LDTCampaignCollectionCell.h */ = {isa = PBXFileReference; fileEncoding = 4; lastKnownFileType = sourcecode.c.h; path = LDTCampaignCollectionCell.h; sourceTree = "<group>"; };
		C2C112D61B0670120070993C /* LDTCampaignCollectionCell.m */ = {isa = PBXFileReference; fileEncoding = 4; lastKnownFileType = sourcecode.c.objc; path = LDTCampaignCollectionCell.m; sourceTree = "<group>"; };
		C2F35F041AD825DF00D12FE5 /* LDTCampaignDetailViewController.h */ = {isa = PBXFileReference; fileEncoding = 4; lastKnownFileType = sourcecode.c.h; path = LDTCampaignDetailViewController.h; sourceTree = "<group>"; };
		C2F35F051AD825DF00D12FE5 /* LDTCampaignDetailViewController.m */ = {isa = PBXFileReference; fileEncoding = 4; lastKnownFileType = sourcecode.c.objc; path = LDTCampaignDetailViewController.m; sourceTree = "<group>"; };
		C2F35F071AD8261E00D12FE5 /* LDTReportbackDetailViewController.h */ = {isa = PBXFileReference; fileEncoding = 4; lastKnownFileType = sourcecode.c.h; path = LDTReportbackDetailViewController.h; sourceTree = "<group>"; };
		C2F35F081AD8261E00D12FE5 /* LDTReportbackDetailViewController.m */ = {isa = PBXFileReference; fileEncoding = 4; lastKnownFileType = sourcecode.c.objc; path = LDTReportbackDetailViewController.m; sourceTree = "<group>"; };
		C2F35F0B1AD8274200D12FE5 /* LDTLoginViewController.h */ = {isa = PBXFileReference; fileEncoding = 4; lastKnownFileType = sourcecode.c.h; path = LDTLoginViewController.h; sourceTree = "<group>"; };
		C2F35F0C1AD8274200D12FE5 /* LDTLoginViewController.m */ = {isa = PBXFileReference; fileEncoding = 4; lastKnownFileType = sourcecode.c.objc; path = LDTLoginViewController.m; sourceTree = "<group>"; };
		C2F35F0E1AD827B600D12FE5 /* LDTInviteViewController.h */ = {isa = PBXFileReference; fileEncoding = 4; lastKnownFileType = sourcecode.c.h; path = LDTInviteViewController.h; sourceTree = "<group>"; };
		C2F35F0F1AD827B600D12FE5 /* LDTInviteViewController.m */ = {isa = PBXFileReference; fileEncoding = 4; lastKnownFileType = sourcecode.c.objc; path = LDTInviteViewController.m; sourceTree = "<group>"; };
		C2F35F121AD8288A00D12FE5 /* LDTPhotoAcquisitionController.h */ = {isa = PBXFileReference; fileEncoding = 4; lastKnownFileType = sourcecode.c.h; path = LDTPhotoAcquisitionController.h; sourceTree = "<group>"; };
		C2F35F131AD8288A00D12FE5 /* LDTPhotoAcquisitionController.m */ = {isa = PBXFileReference; fileEncoding = 4; lastKnownFileType = sourcecode.c.objc; path = LDTPhotoAcquisitionController.m; sourceTree = "<group>"; };
		C2F35F151AD828BD00D12FE5 /* LTDPhotoCaptureViewController.h */ = {isa = PBXFileReference; fileEncoding = 4; lastKnownFileType = sourcecode.c.h; path = LTDPhotoCaptureViewController.h; sourceTree = "<group>"; };
		C2F35F161AD828BD00D12FE5 /* LTDPhotoCaptureViewController.m */ = {isa = PBXFileReference; fileEncoding = 4; lastKnownFileType = sourcecode.c.objc; path = LTDPhotoCaptureViewController.m; sourceTree = "<group>"; };
		C2F35F181AD828DA00D12FE5 /* LTDPhotoSelectionViewController.h */ = {isa = PBXFileReference; fileEncoding = 4; lastKnownFileType = sourcecode.c.h; path = LTDPhotoSelectionViewController.h; sourceTree = "<group>"; };
		C2F35F191AD828DA00D12FE5 /* LTDPhotoSelectionViewController.m */ = {isa = PBXFileReference; fileEncoding = 4; lastKnownFileType = sourcecode.c.objc; path = LTDPhotoSelectionViewController.m; sourceTree = "<group>"; };
		C2F35F1B1AD8294400D12FE5 /* LDTRegisterViewController.h */ = {isa = PBXFileReference; fileEncoding = 4; lastKnownFileType = sourcecode.c.h; path = LDTRegisterViewController.h; sourceTree = "<group>"; };
		C2F35F1C1AD8294400D12FE5 /* LDTRegisterViewController.m */ = {isa = PBXFileReference; fileEncoding = 4; lastKnownFileType = sourcecode.c.objc; path = LDTRegisterViewController.m; sourceTree = "<group>"; };
		FD644C9FDE4E95B4C94D523F /* libPods-Lets Do This.a */ = {isa = PBXFileReference; explicitFileType = archive.ar; includeInIndex = 0; path = "libPods-Lets Do This.a"; sourceTree = BUILT_PRODUCTS_DIR; };
/* End PBXFileReference section */

/* Begin PBXFrameworksBuildPhase section */
		C2B151E61ACE04C30028C336 /* Frameworks */ = {
			isa = PBXFrameworksBuildPhase;
			buildActionMask = 2147483647;
			files = (
				421774269F5DF5997622C2F9 /* libPods-Lets Do This.a in Frameworks */,
			);
			runOnlyForDeploymentPostprocessing = 0;
		};
		C2B152021ACE04C30028C336 /* Frameworks */ = {
			isa = PBXFrameworksBuildPhase;
			buildActionMask = 2147483647;
			files = (
			);
			runOnlyForDeploymentPostprocessing = 0;
		};
/* End PBXFrameworksBuildPhase section */

/* Begin PBXGroup section */
		71A8950E509C5F1CA390B540 /* Frameworks */ = {
			isa = PBXGroup;
			children = (
				FD644C9FDE4E95B4C94D523F /* libPods-Lets Do This.a */,
			);
			name = Frameworks;
			sourceTree = "<group>";
		};
		C2B151E01ACE04C30028C336 = {
			isa = PBXGroup;
			children = (
				C2B151EB1ACE04C30028C336 /* Lets Do This */,
				C2B152081ACE04C30028C336 /* Lets Do ThisTests */,
				C2B151EA1ACE04C30028C336 /* Products */,
				DBD38C1FC81949D66DE6A1A4 /* Pods */,
				71A8950E509C5F1CA390B540 /* Frameworks */,
			);
			sourceTree = "<group>";
		};
		C2B151EA1ACE04C30028C336 /* Products */ = {
			isa = PBXGroup;
			children = (
				C2B151E91ACE04C30028C336 /* Lets Do This.app */,
				C2B152051ACE04C30028C336 /* Lets Do ThisTests.xctest */,
			);
			name = Products;
			sourceTree = "<group>";
		};
		C2B151EB1ACE04C30028C336 /* Lets Do This */ = {
			isa = PBXGroup;
			children = (
				C2B152151ACE05510028C336 /* Categories */,
				C2B152161ACE05510028C336 /* Classes */,
				C2B152191ACE05510028C336 /* Controllers */,
				C2B1521E1ACE05510028C336 /* Models */,
				C2B1521F1ACE05510028C336 /* Views */,
				C2B151F91ACE04C30028C336 /* Main.storyboard */,
				C2B151FC1ACE04C30028C336 /* Images.xcassets */,
				C2B151FE1ACE04C30028C336 /* LaunchScreen.xib */,
				C2B151EC1ACE04C30028C336 /* Supporting Files */,
			);
			path = "Lets Do This";
			sourceTree = "<group>";
		};
		C2B151EC1ACE04C30028C336 /* Supporting Files */ = {
			isa = PBXGroup;
			children = (
				C2B151ED1ACE04C30028C336 /* Info.plist */,
				C2B151EE1ACE04C30028C336 /* main.m */,
				C20BA28F1AF3DE0D00E9886F /* LetsDoThis.pch */,
				B20881A01B0B9B0F00E697B2 /* keys.plist */,
			);
			name = "Supporting Files";
			sourceTree = "<group>";
		};
		C2B152081ACE04C30028C336 /* Lets Do ThisTests */ = {
			isa = PBXGroup;
			children = (
				C2B1520B1ACE04C30028C336 /* Lets_Do_ThisTests.m */,
				C2B152091ACE04C30028C336 /* Supporting Files */,
			);
			path = "Lets Do ThisTests";
			sourceTree = "<group>";
		};
		C2B152091ACE04C30028C336 /* Supporting Files */ = {
			isa = PBXGroup;
			children = (
				C2B1520A1ACE04C30028C336 /* Info.plist */,
			);
			name = "Supporting Files";
			sourceTree = "<group>";
		};
		C2B152151ACE05510028C336 /* Categories */ = {
			isa = PBXGroup;
			children = (
				C20BA2891AF3DCAB00E9886F /* NSDate+DSO.h */,
				C20BA28A1AF3DCAB00E9886F /* NSDate+DSO.m */,
				C20BA28B1AF3DCAB00E9886F /* NSDictionary+DSOJsonHelper.h */,
				C20BA28C1AF3DCAB00E9886F /* NSDictionary+DSOJsonHelper.m */,
			);
			path = Categories;
			sourceTree = "<group>";
		};
		C2B152161ACE05510028C336 /* Classes */ = {
			isa = PBXGroup;
			children = (
				C2B152171ACE05510028C336 /* AppDelegate.h */,
				C2B152181ACE05510028C336 /* AppDelegate.m */,
				C20BA2901AF3FDBE00E9886F /* LDTImportQueue.h */,
				C20BA2911AF3FDBE00E9886F /* LDTImportQueue.m */,
				C2C112D11B066A710070993C /* LDTCampaignActionsLayout.h */,
				C2C112D21B066A710070993C /* LDTCampaignActionsLayout.m */,
			);
			path = Classes;
			sourceTree = "<group>";
		};
		C2B152191ACE05510028C336 /* Controllers */ = {
			isa = PBXGroup;
			children = (
				C2F35F111AD8283C00D12FE5 /* Photo Acquisition */,
				C2F35F0A1AD8272C00D12FE5 /* Login/Registration */,
				C2B152351ACE0B9D0028C336 /* Settings */,
				C2B152231ACE07560028C336 /* LDTCampaignActionsViewController.h */,
				C2B152241ACE07560028C336 /* LDTCampaignActionsViewController.m */,
				C2B152261ACE078A0028C336 /* LDTHubViewController.h */,
				C2B152271ACE078A0028C336 /* LDTHubViewController.m */,
				C2B152291ACE07C20028C336 /* LDTInvitesViewController.h */,
				C2B1522A1ACE07C20028C336 /* LDTInvitesViewController.m */,
				C2B1522C1ACE07EB0028C336 /* LDTNotificationsViewController.h */,
				C2B1522D1ACE07EB0028C336 /* LDTNotificationsViewController.m */,
				C2B152321ACE0A080028C336 /* LDTTabBarController.h */,
				C2B152331ACE0A080028C336 /* LDTTabBarController.m */,
				C2B152391ACE0BE90028C336 /* LDTBrowserViewController.h */,
				C2B1523A1ACE0BE90028C336 /* LDTBrowserViewController.m */,
				C2F35F041AD825DF00D12FE5 /* LDTCampaignDetailViewController.h */,
				C2F35F051AD825DF00D12FE5 /* LDTCampaignDetailViewController.m */,
				C2F35F071AD8261E00D12FE5 /* LDTReportbackDetailViewController.h */,
				C2F35F081AD8261E00D12FE5 /* LDTReportbackDetailViewController.m */,
				C2F35F0E1AD827B600D12FE5 /* LDTInviteViewController.h */,
				C2F35F0F1AD827B600D12FE5 /* LDTInviteViewController.m */,
			);
			path = Controllers;
			sourceTree = "<group>";
		};
		C2B1521E1ACE05510028C336 /* Models */ = {
			isa = PBXGroup;
			children = (
				C20BA2771AF3DBE400E9886F /* DSOCampaign.h */,
				C20BA2781AF3DBE400E9886F /* DSOCampaign.m */,
				C20BA2791AF3DBE400E9886F /* DSOCampaignActivity.h */,
				C20BA27A1AF3DBE400E9886F /* DSOCampaignActivity.m */,
				C20BA27B1AF3DBE400E9886F /* DSOReportback.h */,
				C20BA27C1AF3DBE400E9886F /* DSOReportback.m */,
				C20BA27D1AF3DBE400E9886F /* DSOSession.h */,
				C20BA27E1AF3DBE400E9886F /* DSOSession.m */,
				C20BA27F1AF3DBE400E9886F /* DSOTaxonomyTerm.h */,
				C20BA2801AF3DBE400E9886F /* DSOTaxonomyTerm.m */,
				C20BA2811AF3DBE400E9886F /* DSOUser.h */,
				C20BA2821AF3DBE400E9886F /* DSOUser.m */,
				C20126731AF27FF700CB33B3 /* LetsDoThis.xcdatamodeld */,
			);
			path = Models;
			sourceTree = "<group>";
		};
		C2B1521F1ACE05510028C336 /* Views */ = {
			isa = PBXGroup;
			children = (
				C2C112D41B066FE80070993C /* Cells */,
			);
			path = Views;
			sourceTree = "<group>";
		};
		C2B152351ACE0B9D0028C336 /* Settings */ = {
			isa = PBXGroup;
			children = (
				C2B152361ACE0BB50028C336 /* LDTSettingsViewController.h */,
				C2B152371ACE0BB50028C336 /* LDTSettingsViewController.m */,
				C2B1523C1ACE0BFC0028C336 /* LDTAboutViewController.h */,
				C2B1523D1ACE0BFC0028C336 /* LDTAboutViewController.m */,
				C2B1523F1ACE0C0D0028C336 /* LDTPrivacyPolicyViewController.h */,
				C2B152401ACE0C0D0028C336 /* LDTPrivacyPolicyViewController.m */,
				C2B152421ACE0C400028C336 /* LDTEditAccountViewController.h */,
				C2B152431ACE0C400028C336 /* LDTEditAccountViewController.m */,
				B24710971B0E413500552EDE /* LDTSetEmailViewController.h */,
				B24710981B0E413500552EDE /* LDTSetEmailViewController.m */,
			);
			name = Settings;
			sourceTree = "<group>";
		};
		C2C112D41B066FE80070993C /* Cells */ = {
			isa = PBXGroup;
			children = (
				C2C112D51B0670120070993C /* LDTCampaignCollectionCell.h */,
				C2C112D61B0670120070993C /* LDTCampaignCollectionCell.m */,
			);
			name = Cells;
			sourceTree = "<group>";
		};
		C2F35F0A1AD8272C00D12FE5 /* Login/Registration */ = {
			isa = PBXGroup;
			children = (
				C2F35F0B1AD8274200D12FE5 /* LDTLoginViewController.h */,
				C2F35F0C1AD8274200D12FE5 /* LDTLoginViewController.m */,
				C2F35F1B1AD8294400D12FE5 /* LDTRegisterViewController.h */,
				C2F35F1C1AD8294400D12FE5 /* LDTRegisterViewController.m */,
				C28D340B1AE5F99C0091D781 /* LDTLoginRegNavigationController.h */,
				C28D340C1AE5F99C0091D781 /* LDTLoginRegNavigationController.m */,
			);
			name = Login/Registration;
			sourceTree = "<group>";
		};
		C2F35F111AD8283C00D12FE5 /* Photo Acquisition */ = {
			isa = PBXGroup;
			children = (
				C2F35F121AD8288A00D12FE5 /* LDTPhotoAcquisitionController.h */,
				C2F35F131AD8288A00D12FE5 /* LDTPhotoAcquisitionController.m */,
				C2F35F151AD828BD00D12FE5 /* LTDPhotoCaptureViewController.h */,
				C2F35F161AD828BD00D12FE5 /* LTDPhotoCaptureViewController.m */,
				C2F35F181AD828DA00D12FE5 /* LTDPhotoSelectionViewController.h */,
				C2F35F191AD828DA00D12FE5 /* LTDPhotoSelectionViewController.m */,
			);
			name = "Photo Acquisition";
			sourceTree = "<group>";
		};
		DBD38C1FC81949D66DE6A1A4 /* Pods */ = {
			isa = PBXGroup;
			children = (
				481832CD7E534871B0CC8938 /* Pods-Lets Do This.debug.xcconfig */,
				B92B81EBB03D9FF4D34E3FD9 /* Pods-Lets Do This.release.xcconfig */,
			);
			name = Pods;
			sourceTree = "<group>";
		};
/* End PBXGroup section */

/* Begin PBXNativeTarget section */
		C2B151E81ACE04C30028C336 /* Lets Do This */ = {
			isa = PBXNativeTarget;
			buildConfigurationList = C2B1520F1ACE04C30028C336 /* Build configuration list for PBXNativeTarget "Lets Do This" */;
			buildPhases = (
				40371D8870697C6A0052D49B /* Check Pods Manifest.lock */,
				C2B151E51ACE04C30028C336 /* Sources */,
				C2B151E61ACE04C30028C336 /* Frameworks */,
				C2B151E71ACE04C30028C336 /* Resources */,
				57A97D3FE5F4843F35259D92 /* Copy Pods Resources */,
			);
			buildRules = (
			);
			dependencies = (
			);
			name = "Lets Do This";
			productName = "Lets Do This";
			productReference = C2B151E91ACE04C30028C336 /* Lets Do This.app */;
			productType = "com.apple.product-type.application";
		};
		C2B152041ACE04C30028C336 /* Lets Do ThisTests */ = {
			isa = PBXNativeTarget;
			buildConfigurationList = C2B152121ACE04C30028C336 /* Build configuration list for PBXNativeTarget "Lets Do ThisTests" */;
			buildPhases = (
				C2B152011ACE04C30028C336 /* Sources */,
				C2B152021ACE04C30028C336 /* Frameworks */,
				C2B152031ACE04C30028C336 /* Resources */,
			);
			buildRules = (
			);
			dependencies = (
				C2B152071ACE04C30028C336 /* PBXTargetDependency */,
			);
			name = "Lets Do ThisTests";
			productName = "Lets Do ThisTests";
			productReference = C2B152051ACE04C30028C336 /* Lets Do ThisTests.xctest */;
			productType = "com.apple.product-type.bundle.unit-test";
		};
/* End PBXNativeTarget section */

/* Begin PBXProject section */
		C2B151E11ACE04C30028C336 /* Project object */ = {
			isa = PBXProject;
			attributes = {
				LastUpgradeCheck = 0620;
				ORGANIZATIONNAME = "Do Something";
				TargetAttributes = {
					C2B151E81ACE04C30028C336 = {
						CreatedOnToolsVersion = 6.2;
					};
					C2B152041ACE04C30028C336 = {
						CreatedOnToolsVersion = 6.2;
						TestTargetID = C2B151E81ACE04C30028C336;
					};
				};
			};
			buildConfigurationList = C2B151E41ACE04C30028C336 /* Build configuration list for PBXProject "Lets Do This" */;
			compatibilityVersion = "Xcode 3.2";
			developmentRegion = English;
			hasScannedForEncodings = 0;
			knownRegions = (
				en,
				Base,
			);
			mainGroup = C2B151E01ACE04C30028C336;
			productRefGroup = C2B151EA1ACE04C30028C336 /* Products */;
			projectDirPath = "";
			projectRoot = "";
			targets = (
				C2B151E81ACE04C30028C336 /* Lets Do This */,
				C2B152041ACE04C30028C336 /* Lets Do ThisTests */,
			);
		};
/* End PBXProject section */

/* Begin PBXResourcesBuildPhase section */
		C2B151E71ACE04C30028C336 /* Resources */ = {
			isa = PBXResourcesBuildPhase;
			buildActionMask = 2147483647;
			files = (
				B20881A11B0B9B0F00E697B2 /* keys.plist in Resources */,
				C2B151FB1ACE04C30028C336 /* Main.storyboard in Resources */,
				C2B152001ACE04C30028C336 /* LaunchScreen.xib in Resources */,
				C2B151FD1ACE04C30028C336 /* Images.xcassets in Resources */,
			);
			runOnlyForDeploymentPostprocessing = 0;
		};
		C2B152031ACE04C30028C336 /* Resources */ = {
			isa = PBXResourcesBuildPhase;
			buildActionMask = 2147483647;
			files = (
			);
			runOnlyForDeploymentPostprocessing = 0;
		};
/* End PBXResourcesBuildPhase section */

/* Begin PBXShellScriptBuildPhase section */
		40371D8870697C6A0052D49B /* Check Pods Manifest.lock */ = {
			isa = PBXShellScriptBuildPhase;
			buildActionMask = 2147483647;
			files = (
			);
			inputPaths = (
			);
			name = "Check Pods Manifest.lock";
			outputPaths = (
			);
			runOnlyForDeploymentPostprocessing = 0;
			shellPath = /bin/sh;
			shellScript = "diff \"${PODS_ROOT}/../Podfile.lock\" \"${PODS_ROOT}/Manifest.lock\" > /dev/null\nif [[ $? != 0 ]] ; then\n    cat << EOM\nerror: The sandbox is not in sync with the Podfile.lock. Run 'pod install' or update your CocoaPods installation.\nEOM\n    exit 1\nfi\n";
			showEnvVarsInLog = 0;
		};
		57A97D3FE5F4843F35259D92 /* Copy Pods Resources */ = {
			isa = PBXShellScriptBuildPhase;
			buildActionMask = 2147483647;
			files = (
			);
			inputPaths = (
			);
			name = "Copy Pods Resources";
			outputPaths = (
			);
			runOnlyForDeploymentPostprocessing = 0;
			shellPath = /bin/sh;
			shellScript = "\"${SRCROOT}/Pods/Target Support Files/Pods-Lets Do This/Pods-Lets Do This-resources.sh\"\n";
			showEnvVarsInLog = 0;
		};
/* End PBXShellScriptBuildPhase section */

/* Begin PBXSourcesBuildPhase section */
		C2B151E51ACE04C30028C336 /* Sources */ = {
			isa = PBXSourcesBuildPhase;
			buildActionMask = 2147483647;
			files = (
				C2B1522E1ACE07EB0028C336 /* LDTNotificationsViewController.m in Sources */,
				C2F35F061AD825DF00D12FE5 /* LDTCampaignDetailViewController.m in Sources */,
				C20BA2851AF3DBE400E9886F /* DSOReportback.m in Sources */,
				C2C112D71B0670120070993C /* LDTCampaignCollectionCell.m in Sources */,
				C20BA28E1AF3DCAB00E9886F /* NSDictionary+DSOJsonHelper.m in Sources */,
				C2B152341ACE0A080028C336 /* LDTTabBarController.m in Sources */,
				C2F35F171AD828BD00D12FE5 /* LTDPhotoCaptureViewController.m in Sources */,
				C2B152381ACE0BB50028C336 /* LDTSettingsViewController.m in Sources */,
				C20BA28D1AF3DCAB00E9886F /* NSDate+DSO.m in Sources */,
				C2C112D31B066A710070993C /* LDTCampaignActionsLayout.m in Sources */,
				C28D340D1AE5F99C0091D781 /* LDTLoginRegNavigationController.m in Sources */,
				C20126751AF27FF700CB33B3 /* LetsDoThis.xcdatamodeld in Sources */,
				C2F35F141AD8288A00D12FE5 /* LDTPhotoAcquisitionController.m in Sources */,
				C20BA2881AF3DBE400E9886F /* DSOUser.m in Sources */,
				C2F35F0D1AD8274200D12FE5 /* LDTLoginViewController.m in Sources */,
				C20BA2921AF3FDBE00E9886F /* LDTImportQueue.m in Sources */,
				C2B152441ACE0C400028C336 /* LDTEditAccountViewController.m in Sources */,
				C2F35F101AD827B600D12FE5 /* LDTInviteViewController.m in Sources */,
				C2B1523E1ACE0BFC0028C336 /* LDTAboutViewController.m in Sources */,
				C2F35F1D1AD8294400D12FE5 /* LDTRegisterViewController.m in Sources */,
				C2B1522B1ACE07C20028C336 /* LDTInvitesViewController.m in Sources */,
				C2F35F091AD8261E00D12FE5 /* LDTReportbackDetailViewController.m in Sources */,
				C2B1523B1ACE0BE90028C336 /* LDTBrowserViewController.m in Sources */,
				C2F35F1A1AD828DA00D12FE5 /* LTDPhotoSelectionViewController.m in Sources */,
				C2B152411ACE0C0D0028C336 /* LDTPrivacyPolicyViewController.m in Sources */,
				C20BA2871AF3DBE400E9886F /* DSOTaxonomyTerm.m in Sources */,
				C2B152281ACE078A0028C336 /* LDTHubViewController.m in Sources */,
				C20BA2841AF3DBE400E9886F /* DSOCampaignActivity.m in Sources */,
				C2B152201ACE05510028C336 /* AppDelegate.m in Sources */,
				C2B151EF1ACE04C30028C336 /* main.m in Sources */,
				C20BA2861AF3DBE400E9886F /* DSOSession.m in Sources */,
				C2B152251ACE07560028C336 /* LDTCampaignActionsViewController.m in Sources */,
				C20BA2831AF3DBE400E9886F /* DSOCampaign.m in Sources */,
				B24710991B0E413500552EDE /* LDTSetEmailViewController.m in Sources */,
			);
			runOnlyForDeploymentPostprocessing = 0;
		};
		C2B152011ACE04C30028C336 /* Sources */ = {
			isa = PBXSourcesBuildPhase;
			buildActionMask = 2147483647;
			files = (
				C2B1520C1ACE04C30028C336 /* Lets_Do_ThisTests.m in Sources */,
			);
			runOnlyForDeploymentPostprocessing = 0;
		};
/* End PBXSourcesBuildPhase section */

/* Begin PBXTargetDependency section */
		C2B152071ACE04C30028C336 /* PBXTargetDependency */ = {
			isa = PBXTargetDependency;
			target = C2B151E81ACE04C30028C336 /* Lets Do This */;
			targetProxy = C2B152061ACE04C30028C336 /* PBXContainerItemProxy */;
		};
/* End PBXTargetDependency section */

/* Begin PBXVariantGroup section */
		C2B151F91ACE04C30028C336 /* Main.storyboard */ = {
			isa = PBXVariantGroup;
			children = (
				C2B151FA1ACE04C30028C336 /* Base */,
			);
			name = Main.storyboard;
			sourceTree = "<group>";
		};
		C2B151FE1ACE04C30028C336 /* LaunchScreen.xib */ = {
			isa = PBXVariantGroup;
			children = (
				C2B151FF1ACE04C30028C336 /* Base */,
			);
			name = LaunchScreen.xib;
			sourceTree = "<group>";
		};
/* End PBXVariantGroup section */

/* Begin XCBuildConfiguration section */
		C2B1520D1ACE04C30028C336 /* Debug */ = {
			isa = XCBuildConfiguration;
			buildSettings = {
				ALWAYS_SEARCH_USER_PATHS = NO;
				CLANG_CXX_LANGUAGE_STANDARD = "gnu++0x";
				CLANG_CXX_LIBRARY = "libc++";
				CLANG_ENABLE_MODULES = YES;
				CLANG_ENABLE_OBJC_ARC = YES;
				CLANG_WARN_BOOL_CONVERSION = YES;
				CLANG_WARN_CONSTANT_CONVERSION = YES;
				CLANG_WARN_DIRECT_OBJC_ISA_USAGE = YES_ERROR;
				CLANG_WARN_EMPTY_BODY = YES;
				CLANG_WARN_ENUM_CONVERSION = YES;
				CLANG_WARN_INT_CONVERSION = YES;
				CLANG_WARN_OBJC_ROOT_CLASS = YES_ERROR;
				CLANG_WARN_UNREACHABLE_CODE = YES;
				CLANG_WARN__DUPLICATE_METHOD_MATCH = YES;
				"CODE_SIGN_IDENTITY[sdk=iphoneos*]" = "iPhone Developer";
				COPY_PHASE_STRIP = NO;
				ENABLE_STRICT_OBJC_MSGSEND = YES;
				GCC_C_LANGUAGE_STANDARD = gnu99;
				GCC_DYNAMIC_NO_PIC = NO;
				GCC_OPTIMIZATION_LEVEL = 0;
				GCC_PREPROCESSOR_DEFINITIONS = (
					"DEBUG=1",
					"$(inherited)",
				);
				GCC_SYMBOLS_PRIVATE_EXTERN = NO;
				GCC_WARN_64_TO_32_BIT_CONVERSION = YES;
				GCC_WARN_ABOUT_RETURN_TYPE = YES_ERROR;
				GCC_WARN_UNDECLARED_SELECTOR = YES;
				GCC_WARN_UNINITIALIZED_AUTOS = YES_AGGRESSIVE;
				GCC_WARN_UNUSED_FUNCTION = YES;
				GCC_WARN_UNUSED_VARIABLE = YES;
				IPHONEOS_DEPLOYMENT_TARGET = 8.2;
				MTL_ENABLE_DEBUG_INFO = YES;
				ONLY_ACTIVE_ARCH = YES;
				SDKROOT = iphoneos;
			};
			name = Debug;
		};
		C2B1520E1ACE04C30028C336 /* Release */ = {
			isa = XCBuildConfiguration;
			buildSettings = {
				ALWAYS_SEARCH_USER_PATHS = NO;
				CLANG_CXX_LANGUAGE_STANDARD = "gnu++0x";
				CLANG_CXX_LIBRARY = "libc++";
				CLANG_ENABLE_MODULES = YES;
				CLANG_ENABLE_OBJC_ARC = YES;
				CLANG_WARN_BOOL_CONVERSION = YES;
				CLANG_WARN_CONSTANT_CONVERSION = YES;
				CLANG_WARN_DIRECT_OBJC_ISA_USAGE = YES_ERROR;
				CLANG_WARN_EMPTY_BODY = YES;
				CLANG_WARN_ENUM_CONVERSION = YES;
				CLANG_WARN_INT_CONVERSION = YES;
				CLANG_WARN_OBJC_ROOT_CLASS = YES_ERROR;
				CLANG_WARN_UNREACHABLE_CODE = YES;
				CLANG_WARN__DUPLICATE_METHOD_MATCH = YES;
				"CODE_SIGN_IDENTITY[sdk=iphoneos*]" = "iPhone Developer";
				COPY_PHASE_STRIP = NO;
				ENABLE_NS_ASSERTIONS = NO;
				ENABLE_STRICT_OBJC_MSGSEND = YES;
				GCC_C_LANGUAGE_STANDARD = gnu99;
				GCC_WARN_64_TO_32_BIT_CONVERSION = YES;
				GCC_WARN_ABOUT_RETURN_TYPE = YES_ERROR;
				GCC_WARN_UNDECLARED_SELECTOR = YES;
				GCC_WARN_UNINITIALIZED_AUTOS = YES_AGGRESSIVE;
				GCC_WARN_UNUSED_FUNCTION = YES;
				GCC_WARN_UNUSED_VARIABLE = YES;
				IPHONEOS_DEPLOYMENT_TARGET = 8.2;
				MTL_ENABLE_DEBUG_INFO = NO;
				SDKROOT = iphoneos;
				VALIDATE_PRODUCT = YES;
			};
			name = Release;
		};
		C2B152101ACE04C30028C336 /* Debug */ = {
			isa = XCBuildConfiguration;
			baseConfigurationReference = 481832CD7E534871B0CC8938 /* Pods-Lets Do This.debug.xcconfig */;
			buildSettings = {
				ASSETCATALOG_COMPILER_APPICON_NAME = AppIcon;
				GCC_PREFIX_HEADER = "Lets Do This/LetsDoThis.pch";
				INFOPLIST_FILE = "Lets Do This/Info.plist";
				LD_RUNPATH_SEARCH_PATHS = "$(inherited) @executable_path/Frameworks";
				PRODUCT_NAME = "$(TARGET_NAME)";
			};
			name = Debug;
		};
		C2B152111ACE04C30028C336 /* Release */ = {
			isa = XCBuildConfiguration;
			baseConfigurationReference = B92B81EBB03D9FF4D34E3FD9 /* Pods-Lets Do This.release.xcconfig */;
			buildSettings = {
				ASSETCATALOG_COMPILER_APPICON_NAME = AppIcon;
				GCC_PREFIX_HEADER = "Lets Do This/LetsDoThis.pch";
				INFOPLIST_FILE = "Lets Do This/Info.plist";
				LD_RUNPATH_SEARCH_PATHS = "$(inherited) @executable_path/Frameworks";
				PRODUCT_NAME = "$(TARGET_NAME)";
			};
			name = Release;
		};
		C2B152131ACE04C30028C336 /* Debug */ = {
			isa = XCBuildConfiguration;
			buildSettings = {
				BUNDLE_LOADER = "$(TEST_HOST)";
				FRAMEWORK_SEARCH_PATHS = (
					"$(SDKROOT)/Developer/Library/Frameworks",
					"$(inherited)",
				);
				GCC_PREPROCESSOR_DEFINITIONS = (
					"DEBUG=1",
					"$(inherited)",
				);
				INFOPLIST_FILE = "Lets Do ThisTests/Info.plist";
				LD_RUNPATH_SEARCH_PATHS = "$(inherited) @executable_path/Frameworks @loader_path/Frameworks";
				PRODUCT_NAME = "$(TARGET_NAME)";
				TEST_HOST = "$(BUILT_PRODUCTS_DIR)/Lets Do This.app/Lets Do This";
			};
			name = Debug;
		};
		C2B152141ACE04C30028C336 /* Release */ = {
			isa = XCBuildConfiguration;
			buildSettings = {
				BUNDLE_LOADER = "$(TEST_HOST)";
				FRAMEWORK_SEARCH_PATHS = (
					"$(SDKROOT)/Developer/Library/Frameworks",
					"$(inherited)",
				);
				INFOPLIST_FILE = "Lets Do ThisTests/Info.plist";
				LD_RUNPATH_SEARCH_PATHS = "$(inherited) @executable_path/Frameworks @loader_path/Frameworks";
				PRODUCT_NAME = "$(TARGET_NAME)";
				TEST_HOST = "$(BUILT_PRODUCTS_DIR)/Lets Do This.app/Lets Do This";
			};
			name = Release;
		};
/* End XCBuildConfiguration section */

/* Begin XCConfigurationList section */
		C2B151E41ACE04C30028C336 /* Build configuration list for PBXProject "Lets Do This" */ = {
			isa = XCConfigurationList;
			buildConfigurations = (
				C2B1520D1ACE04C30028C336 /* Debug */,
				C2B1520E1ACE04C30028C336 /* Release */,
			);
			defaultConfigurationIsVisible = 0;
			defaultConfigurationName = Release;
		};
		C2B1520F1ACE04C30028C336 /* Build configuration list for PBXNativeTarget "Lets Do This" */ = {
			isa = XCConfigurationList;
			buildConfigurations = (
				C2B152101ACE04C30028C336 /* Debug */,
				C2B152111ACE04C30028C336 /* Release */,
			);
			defaultConfigurationIsVisible = 0;
			defaultConfigurationName = Release;
		};
		C2B152121ACE04C30028C336 /* Build configuration list for PBXNativeTarget "Lets Do ThisTests" */ = {
			isa = XCConfigurationList;
			buildConfigurations = (
				C2B152131ACE04C30028C336 /* Debug */,
				C2B152141ACE04C30028C336 /* Release */,
			);
			defaultConfigurationIsVisible = 0;
			defaultConfigurationName = Release;
		};
/* End XCConfigurationList section */

/* Begin XCVersionGroup section */
		C20126731AF27FF700CB33B3 /* LetsDoThis.xcdatamodeld */ = {
			isa = XCVersionGroup;
			children = (
				C20126741AF27FF700CB33B3 /* LetsDoThis.xcdatamodel */,
			);
			currentVersion = C20126741AF27FF700CB33B3 /* LetsDoThis.xcdatamodel */;
			path = LetsDoThis.xcdatamodeld;
			sourceTree = "<group>";
			versionGroupType = wrapper.xcdatamodel;
		};
/* End XCVersionGroup section */
	};
	rootObject = C2B151E11ACE04C30028C336 /* Project object */;
}
