// !$*UTF8*$!
{
	archiveVersion = 1;
	classes = {
	};
	objectVersion = 46;
	objects = {

/* Begin PBXBuildFile section */
		421774269F5DF5997622C2F9 /* libPods-Lets Do This.a in Frameworks */ = {isa = PBXBuildFile; fileRef = FD644C9FDE4E95B4C94D523F /* libPods-Lets Do This.a */; };
		569AA55E1B4085A000D8C8C9 /* InterfaceBuilderView.m in Sources */ = {isa = PBXBuildFile; fileRef = 569AA55D1B4085A000D8C8C9 /* InterfaceBuilderView.m */; };
		B20881A11B0B9B0F00E697B2 /* keys.plist in Resources */ = {isa = PBXBuildFile; fileRef = B20881A01B0B9B0F00E697B2 /* keys.plist */; };
		B20D06D11B3A58F40053D3B6 /* LDTMessage.m in Sources */ = {isa = PBXBuildFile; fileRef = B20D06D01B3A58F40053D3B6 /* LDTMessage.m */; };
		B212C2621B4ED6F300376BB1 /* LDTBaseUserLoginViewController.m in Sources */ = {isa = PBXBuildFile; fileRef = B212C2611B4ED6F300376BB1 /* LDTBaseUserLoginViewController.m */; };
		B22273FE1B58076F005C896D /* DSOAPI.m in Sources */ = {isa = PBXBuildFile; fileRef = B22273FD1B58076F005C896D /* DSOAPI.m */; };
		B22274011B5879B3005C896D /* LDTCampaignListView.xib in Resources */ = {isa = PBXBuildFile; fileRef = B22274001B5879B3005C896D /* LDTCampaignListView.xib */; };
		B22274051B587A20005C896D /* LDTCampaignListViewController.m in Sources */ = {isa = PBXBuildFile; fileRef = B22274041B587A20005C896D /* LDTCampaignListViewController.m */; };
		B22AB7661B4EE78500BE7052 /* LDTUserLoginViewController.m in Sources */ = {isa = PBXBuildFile; fileRef = B22AB7651B4EE78500BE7052 /* LDTUserLoginViewController.m */; };
		B22AB7681B4EE7BE00BE7052 /* LDTUserLoginView.xib in Resources */ = {isa = PBXBuildFile; fileRef = B22AB7671B4EE7BE00BE7052 /* LDTUserLoginView.xib */; };
		B24CE3D11B507DEE00377727 /* john-connor.jpg in Resources */ = {isa = PBXBuildFile; fileRef = B24CE3D01B507DEE00377727 /* john-connor.jpg */; };
		B25A729C1B56B87300BC8A2B /* LDTNavigationController.m in Sources */ = {isa = PBXBuildFile; fileRef = B25A729B1B56B87300BC8A2B /* LDTNavigationController.m */; };
		B25A729E1B5712B300BC8A2B /* avatar-default.png in Resources */ = {isa = PBXBuildFile; fileRef = B25A729D1B5712B300BC8A2B /* avatar-default.png */; };
		B25C1C9C1B17648200607FF1 /* ds-logo.png in Resources */ = {isa = PBXBuildFile; fileRef = B25C1C9B1B17648200607FF1 /* ds-logo.png */; };
		B260387B1B449491002FE362 /* LDTUserSignupCodeView.m in Sources */ = {isa = PBXBuildFile; fileRef = B260387A1B449491002FE362 /* LDTUserSignupCodeView.m */; };
		B260387D1B4494A8002FE362 /* LDTUserSignupCodeView.xib in Resources */ = {isa = PBXBuildFile; fileRef = B260387C1B4494A8002FE362 /* LDTUserSignupCodeView.xib */; };
		B26038811B44F8A4002FE362 /* plus-icon.png in Resources */ = {isa = PBXBuildFile; fileRef = B26038801B44F8A4002FE362 /* plus-icon.png */; };
		B26038831B44F8FC002FE362 /* bg-lightning.png in Resources */ = {isa = PBXBuildFile; fileRef = B26038821B44F8FC002FE362 /* bg-lightning.png */; };
		B273A7681B459BB700CBD4E1 /* Brandon_med.otf in Resources */ = {isa = PBXBuildFile; fileRef = B273A7661B459B6C00CBD4E1 /* Brandon_med.otf */; };
		B273A7691B459BBA00CBD4E1 /* Brandon_bld.otf in Resources */ = {isa = PBXBuildFile; fileRef = B273A7671B459BA300CBD4E1 /* Brandon_bld.otf */; };
		B27AF0E41B4F48BC00164926 /* LDTUserProfileViewController.m in Sources */ = {isa = PBXBuildFile; fileRef = B27AF0E31B4F48BC00164926 /* LDTUserProfileViewController.m */; };
		B27AF0E71B4F493D00164926 /* LDTUserProfileView.xib in Resources */ = {isa = PBXBuildFile; fileRef = B27AF0E61B4F493D00164926 /* LDTUserProfileView.xib */; };
		B27AF0EB1B4F64B200164926 /* LDTLoadingViewController.m in Sources */ = {isa = PBXBuildFile; fileRef = B27AF0EA1B4F64B200164926 /* LDTLoadingViewController.m */; };
		B27AF0ED1B4F64D200164926 /* LDTLoadingView.xib in Resources */ = {isa = PBXBuildFile; fileRef = B27AF0EC1B4F64D200164926 /* LDTLoadingView.xib */; };
		B2A1365B1B3C9FDA00D20273 /* LDTUserConnectView.xib in Resources */ = {isa = PBXBuildFile; fileRef = B2A1365A1B3C9FDA00D20273 /* LDTUserConnectView.xib */; };
		B2A1365E1B3CA4B100D20273 /* LDTUserConnectViewController.m in Sources */ = {isa = PBXBuildFile; fileRef = B2A1365D1B3CA4B100D20273 /* LDTUserConnectViewController.m */; };
		B2A136601B3D1AEF00D20273 /* LDTUserRegisterView.xib in Resources */ = {isa = PBXBuildFile; fileRef = B2A1365F1B3D1AEF00D20273 /* LDTUserRegisterView.xib */; };
		B2A136631B3D9BC600D20273 /* LDTUserRegisterViewController.m in Sources */ = {isa = PBXBuildFile; fileRef = B2A136621B3D9BC600D20273 /* LDTUserRegisterViewController.m */; };
		B2A41A051B5DCC5300C6C1A6 /* LDTSettingsView.xib in Resources */ = {isa = PBXBuildFile; fileRef = B2A41A041B5DCC5300C6C1A6 /* LDTSettingsView.xib */; };
		B2E652DF1B4380AD00EF9D69 /* LDTTheme.m in Sources */ = {isa = PBXBuildFile; fileRef = B2E652DE1B4380AD00EF9D69 /* LDTTheme.m */; };
		B2E652E21B43822600EF9D69 /* LDTButton.m in Sources */ = {isa = PBXBuildFile; fileRef = B2E652E11B43822600EF9D69 /* LDTButton.m */; };
		C20BA2831AF3DBE400E9886F /* DSOCampaign.m in Sources */ = {isa = PBXBuildFile; fileRef = C20BA2781AF3DBE400E9886F /* DSOCampaign.m */; };
		C20BA2881AF3DBE400E9886F /* DSOUser.m in Sources */ = {isa = PBXBuildFile; fileRef = C20BA2821AF3DBE400E9886F /* DSOUser.m */; };
		C20BA28D1AF3DCAB00E9886F /* NSDate+DSO.m in Sources */ = {isa = PBXBuildFile; fileRef = C20BA28A1AF3DCAB00E9886F /* NSDate+DSO.m */; };
		C20BA28E1AF3DCAB00E9886F /* NSDictionary+DSOJsonHelper.m in Sources */ = {isa = PBXBuildFile; fileRef = C20BA28C1AF3DCAB00E9886F /* NSDictionary+DSOJsonHelper.m */; };
		C2B151EF1ACE04C30028C336 /* main.m in Sources */ = {isa = PBXBuildFile; fileRef = C2B151EE1ACE04C30028C336 /* main.m */; };
		C2B151FD1ACE04C30028C336 /* Images.xcassets in Resources */ = {isa = PBXBuildFile; fileRef = C2B151FC1ACE04C30028C336 /* Images.xcassets */; };
		C2B152001ACE04C30028C336 /* LaunchScreen.xib in Resources */ = {isa = PBXBuildFile; fileRef = C2B151FE1ACE04C30028C336 /* LaunchScreen.xib */; };
		C2B1520C1ACE04C30028C336 /* Lets_Do_ThisTests.m in Sources */ = {isa = PBXBuildFile; fileRef = C2B1520B1ACE04C30028C336 /* Lets_Do_ThisTests.m */; };
		C2B152201ACE05510028C336 /* AppDelegate.m in Sources */ = {isa = PBXBuildFile; fileRef = C2B152181ACE05510028C336 /* AppDelegate.m */; };
		C2B152381ACE0BB50028C336 /* LDTSettingsViewController.m in Sources */ = {isa = PBXBuildFile; fileRef = C2B152371ACE0BB50028C336 /* LDTSettingsViewController.m */; };
/* End PBXBuildFile section */

/* Begin PBXContainerItemProxy section */
		C2B152061ACE04C30028C336 /* PBXContainerItemProxy */ = {
			isa = PBXContainerItemProxy;
			containerPortal = C2B151E11ACE04C30028C336 /* Project object */;
			proxyType = 1;
			remoteGlobalIDString = C2B151E81ACE04C30028C336;
			remoteInfo = "Lets Do This";
		};
/* End PBXContainerItemProxy section */

/* Begin PBXFileReference section */
		481832CD7E534871B0CC8938 /* Pods-Lets Do This.debug.xcconfig */ = {isa = PBXFileReference; includeInIndex = 1; lastKnownFileType = text.xcconfig; name = "Pods-Lets Do This.debug.xcconfig"; path = "Pods/Target Support Files/Pods-Lets Do This/Pods-Lets Do This.debug.xcconfig"; sourceTree = "<group>"; };
		569AA55C1B4085A000D8C8C9 /* InterfaceBuilderView.h */ = {isa = PBXFileReference; fileEncoding = 4; lastKnownFileType = sourcecode.c.h; name = InterfaceBuilderView.h; path = Base/InterfaceBuilderView.h; sourceTree = "<group>"; };
		569AA55D1B4085A000D8C8C9 /* InterfaceBuilderView.m */ = {isa = PBXFileReference; fileEncoding = 4; lastKnownFileType = sourcecode.c.objc; name = InterfaceBuilderView.m; path = Base/InterfaceBuilderView.m; sourceTree = "<group>"; };
		B20881A01B0B9B0F00E697B2 /* keys.plist */ = {isa = PBXFileReference; fileEncoding = 4; lastKnownFileType = text.plist.xml; path = keys.plist; sourceTree = "<group>"; };
		B20D06CF1B3A58F40053D3B6 /* LDTMessage.h */ = {isa = PBXFileReference; fileEncoding = 4; lastKnownFileType = sourcecode.c.h; path = LDTMessage.h; sourceTree = "<group>"; };
		B20D06D01B3A58F40053D3B6 /* LDTMessage.m */ = {isa = PBXFileReference; fileEncoding = 4; lastKnownFileType = sourcecode.c.objc; path = LDTMessage.m; sourceTree = "<group>"; };
		B212C2601B4ED6F300376BB1 /* LDTBaseUserLoginViewController.h */ = {isa = PBXFileReference; fileEncoding = 4; lastKnownFileType = sourcecode.c.h; name = LDTBaseUserLoginViewController.h; path = Login/LDTBaseUserLoginViewController.h; sourceTree = "<group>"; };
		B212C2611B4ED6F300376BB1 /* LDTBaseUserLoginViewController.m */ = {isa = PBXFileReference; fileEncoding = 4; lastKnownFileType = sourcecode.c.objc; name = LDTBaseUserLoginViewController.m; path = Login/LDTBaseUserLoginViewController.m; sourceTree = "<group>"; };
		B22273FC1B58076F005C896D /* DSOAPI.h */ = {isa = PBXFileReference; fileEncoding = 4; lastKnownFileType = sourcecode.c.h; name = DSOAPI.h; path = Networking/DSOAPI.h; sourceTree = "<group>"; };
		B22273FD1B58076F005C896D /* DSOAPI.m */ = {isa = PBXFileReference; fileEncoding = 4; lastKnownFileType = sourcecode.c.objc; name = DSOAPI.m; path = Networking/DSOAPI.m; sourceTree = "<group>"; };
		B22274001B5879B3005C896D /* LDTCampaignListView.xib */ = {isa = PBXFileReference; fileEncoding = 4; lastKnownFileType = file.xib; name = LDTCampaignListView.xib; path = Campaign/LDTCampaignListView.xib; sourceTree = "<group>"; };
		B22274031B587A20005C896D /* LDTCampaignListViewController.h */ = {isa = PBXFileReference; fileEncoding = 4; lastKnownFileType = sourcecode.c.h; name = LDTCampaignListViewController.h; path = Campaign/LDTCampaignListViewController.h; sourceTree = "<group>"; };
		B22274041B587A20005C896D /* LDTCampaignListViewController.m */ = {isa = PBXFileReference; fileEncoding = 4; lastKnownFileType = sourcecode.c.objc; name = LDTCampaignListViewController.m; path = Campaign/LDTCampaignListViewController.m; sourceTree = "<group>"; };
		B22AB7641B4EE78500BE7052 /* LDTUserLoginViewController.h */ = {isa = PBXFileReference; fileEncoding = 4; lastKnownFileType = sourcecode.c.h; name = LDTUserLoginViewController.h; path = Login/LDTUserLoginViewController.h; sourceTree = "<group>"; };
		B22AB7651B4EE78500BE7052 /* LDTUserLoginViewController.m */ = {isa = PBXFileReference; fileEncoding = 4; lastKnownFileType = sourcecode.c.objc; name = LDTUserLoginViewController.m; path = Login/LDTUserLoginViewController.m; sourceTree = "<group>"; };
		B22AB7671B4EE7BE00BE7052 /* LDTUserLoginView.xib */ = {isa = PBXFileReference; fileEncoding = 4; lastKnownFileType = file.xib; name = LDTUserLoginView.xib; path = Login/LDTUserLoginView.xib; sourceTree = "<group>"; };
		B24CE3D01B507DEE00377727 /* john-connor.jpg */ = {isa = PBXFileReference; lastKnownFileType = image.jpeg; name = "john-connor.jpg"; path = "Resources/Images/john-connor.jpg"; sourceTree = "<group>"; };
		B25A729A1B56B87300BC8A2B /* LDTNavigationController.h */ = {isa = PBXFileReference; fileEncoding = 4; lastKnownFileType = sourcecode.c.h; name = LDTNavigationController.h; path = Base/LDTNavigationController.h; sourceTree = "<group>"; };
		B25A729B1B56B87300BC8A2B /* LDTNavigationController.m */ = {isa = PBXFileReference; fileEncoding = 4; lastKnownFileType = sourcecode.c.objc; name = LDTNavigationController.m; path = Base/LDTNavigationController.m; sourceTree = "<group>"; };
		B25A729D1B5712B300BC8A2B /* avatar-default.png */ = {isa = PBXFileReference; lastKnownFileType = image.png; name = "avatar-default.png"; path = "Resources/Images/avatar-default.png"; sourceTree = "<group>"; };
		B25C1C9B1B17648200607FF1 /* ds-logo.png */ = {isa = PBXFileReference; lastKnownFileType = image.png; path = "ds-logo.png"; sourceTree = "<group>"; };
		B26038791B449491002FE362 /* LDTUserSignupCodeView.h */ = {isa = PBXFileReference; fileEncoding = 4; lastKnownFileType = sourcecode.c.h; name = LDTUserSignupCodeView.h; path = Login/LDTUserSignupCodeView.h; sourceTree = "<group>"; };
		B260387A1B449491002FE362 /* LDTUserSignupCodeView.m */ = {isa = PBXFileReference; fileEncoding = 4; lastKnownFileType = sourcecode.c.objc; name = LDTUserSignupCodeView.m; path = Login/LDTUserSignupCodeView.m; sourceTree = "<group>"; };
		B260387C1B4494A8002FE362 /* LDTUserSignupCodeView.xib */ = {isa = PBXFileReference; fileEncoding = 4; lastKnownFileType = file.xib; path = LDTUserSignupCodeView.xib; sourceTree = "<group>"; };
		B26038801B44F8A4002FE362 /* plus-icon.png */ = {isa = PBXFileReference; lastKnownFileType = image.png; name = "plus-icon.png"; path = "Resources/Images/plus-icon.png"; sourceTree = "<group>"; };
		B26038821B44F8FC002FE362 /* bg-lightning.png */ = {isa = PBXFileReference; lastKnownFileType = image.png; name = "bg-lightning.png"; path = "Resources/Images/bg-lightning.png"; sourceTree = "<group>"; };
		B273A7661B459B6C00CBD4E1 /* Brandon_med.otf */ = {isa = PBXFileReference; lastKnownFileType = file; name = Brandon_med.otf; path = Resources/Fonts/Brandon_med.otf; sourceTree = "<group>"; };
		B273A7671B459BA300CBD4E1 /* Brandon_bld.otf */ = {isa = PBXFileReference; lastKnownFileType = file; name = Brandon_bld.otf; path = Resources/Fonts/Brandon_bld.otf; sourceTree = "<group>"; };
		B27AF0E21B4F48BC00164926 /* LDTUserProfileViewController.h */ = {isa = PBXFileReference; fileEncoding = 4; lastKnownFileType = sourcecode.c.h; name = LDTUserProfileViewController.h; path = Profile/LDTUserProfileViewController.h; sourceTree = "<group>"; };
		B27AF0E31B4F48BC00164926 /* LDTUserProfileViewController.m */ = {isa = PBXFileReference; fileEncoding = 4; lastKnownFileType = sourcecode.c.objc; name = LDTUserProfileViewController.m; path = Profile/LDTUserProfileViewController.m; sourceTree = "<group>"; };
		B27AF0E61B4F493D00164926 /* LDTUserProfileView.xib */ = {isa = PBXFileReference; fileEncoding = 4; lastKnownFileType = file.xib; name = LDTUserProfileView.xib; path = Profile/LDTUserProfileView.xib; sourceTree = "<group>"; };
		B27AF0E91B4F64B200164926 /* LDTLoadingViewController.h */ = {isa = PBXFileReference; fileEncoding = 4; lastKnownFileType = sourcecode.c.h; name = LDTLoadingViewController.h; path = Base/LDTLoadingViewController.h; sourceTree = "<group>"; };
		B27AF0EA1B4F64B200164926 /* LDTLoadingViewController.m */ = {isa = PBXFileReference; fileEncoding = 4; lastKnownFileType = sourcecode.c.objc; name = LDTLoadingViewController.m; path = Base/LDTLoadingViewController.m; sourceTree = "<group>"; };
		B27AF0EC1B4F64D200164926 /* LDTLoadingView.xib */ = {isa = PBXFileReference; fileEncoding = 4; lastKnownFileType = file.xib; name = LDTLoadingView.xib; path = Base/LDTLoadingView.xib; sourceTree = "<group>"; };
		B2A1365A1B3C9FDA00D20273 /* LDTUserConnectView.xib */ = {isa = PBXFileReference; fileEncoding = 4; lastKnownFileType = file.xib; name = LDTUserConnectView.xib; path = Login/LDTUserConnectView.xib; sourceTree = "<group>"; };
		B2A1365C1B3CA4B100D20273 /* LDTUserConnectViewController.h */ = {isa = PBXFileReference; fileEncoding = 4; lastKnownFileType = sourcecode.c.h; name = LDTUserConnectViewController.h; path = Login/LDTUserConnectViewController.h; sourceTree = "<group>"; };
		B2A1365D1B3CA4B100D20273 /* LDTUserConnectViewController.m */ = {isa = PBXFileReference; fileEncoding = 4; lastKnownFileType = sourcecode.c.objc; name = LDTUserConnectViewController.m; path = Login/LDTUserConnectViewController.m; sourceTree = "<group>"; };
		B2A1365F1B3D1AEF00D20273 /* LDTUserRegisterView.xib */ = {isa = PBXFileReference; fileEncoding = 4; lastKnownFileType = file.xib; name = LDTUserRegisterView.xib; path = Login/LDTUserRegisterView.xib; sourceTree = "<group>"; };
		B2A136611B3D9BC600D20273 /* LDTUserRegisterViewController.h */ = {isa = PBXFileReference; fileEncoding = 4; lastKnownFileType = sourcecode.c.h; name = LDTUserRegisterViewController.h; path = Login/LDTUserRegisterViewController.h; sourceTree = "<group>"; };
		B2A136621B3D9BC600D20273 /* LDTUserRegisterViewController.m */ = {isa = PBXFileReference; fileEncoding = 4; lastKnownFileType = sourcecode.c.objc; name = LDTUserRegisterViewController.m; path = Login/LDTUserRegisterViewController.m; sourceTree = "<group>"; };
		B2A41A041B5DCC5300C6C1A6 /* LDTSettingsView.xib */ = {isa = PBXFileReference; fileEncoding = 4; lastKnownFileType = file.xib; name = LDTSettingsView.xib; path = Profile/LDTSettingsView.xib; sourceTree = "<group>"; };
		B2E652DD1B4380AD00EF9D69 /* LDTTheme.h */ = {isa = PBXFileReference; fileEncoding = 4; lastKnownFileType = sourcecode.c.h; name = LDTTheme.h; path = Base/LDTTheme.h; sourceTree = "<group>"; };
		B2E652DE1B4380AD00EF9D69 /* LDTTheme.m */ = {isa = PBXFileReference; fileEncoding = 4; lastKnownFileType = sourcecode.c.objc; name = LDTTheme.m; path = Base/LDTTheme.m; sourceTree = "<group>"; };
		B2E652E01B43822600EF9D69 /* LDTButton.h */ = {isa = PBXFileReference; fileEncoding = 4; lastKnownFileType = sourcecode.c.h; name = LDTButton.h; path = Base/LDTButton.h; sourceTree = "<group>"; };
		B2E652E11B43822600EF9D69 /* LDTButton.m */ = {isa = PBXFileReference; fileEncoding = 4; lastKnownFileType = sourcecode.c.objc; name = LDTButton.m; path = Base/LDTButton.m; sourceTree = "<group>"; };
		B92B81EBB03D9FF4D34E3FD9 /* Pods-Lets Do This.release.xcconfig */ = {isa = PBXFileReference; includeInIndex = 1; lastKnownFileType = text.xcconfig; name = "Pods-Lets Do This.release.xcconfig"; path = "Pods/Target Support Files/Pods-Lets Do This/Pods-Lets Do This.release.xcconfig"; sourceTree = "<group>"; };
		C20BA2771AF3DBE400E9886F /* DSOCampaign.h */ = {isa = PBXFileReference; fileEncoding = 4; lastKnownFileType = sourcecode.c.h; path = DSOCampaign.h; sourceTree = "<group>"; };
		C20BA2781AF3DBE400E9886F /* DSOCampaign.m */ = {isa = PBXFileReference; fileEncoding = 4; lastKnownFileType = sourcecode.c.objc; path = DSOCampaign.m; sourceTree = "<group>"; };
		C20BA2811AF3DBE400E9886F /* DSOUser.h */ = {isa = PBXFileReference; fileEncoding = 4; lastKnownFileType = sourcecode.c.h; path = DSOUser.h; sourceTree = "<group>"; };
		C20BA2821AF3DBE400E9886F /* DSOUser.m */ = {isa = PBXFileReference; fileEncoding = 4; lastKnownFileType = sourcecode.c.objc; path = DSOUser.m; sourceTree = "<group>"; };
		C20BA2891AF3DCAB00E9886F /* NSDate+DSO.h */ = {isa = PBXFileReference; fileEncoding = 4; lastKnownFileType = sourcecode.c.h; path = "NSDate+DSO.h"; sourceTree = "<group>"; };
		C20BA28A1AF3DCAB00E9886F /* NSDate+DSO.m */ = {isa = PBXFileReference; fileEncoding = 4; lastKnownFileType = sourcecode.c.objc; path = "NSDate+DSO.m"; sourceTree = "<group>"; };
		C20BA28B1AF3DCAB00E9886F /* NSDictionary+DSOJsonHelper.h */ = {isa = PBXFileReference; fileEncoding = 4; lastKnownFileType = sourcecode.c.h; path = "NSDictionary+DSOJsonHelper.h"; sourceTree = "<group>"; };
		C20BA28C1AF3DCAB00E9886F /* NSDictionary+DSOJsonHelper.m */ = {isa = PBXFileReference; fileEncoding = 4; lastKnownFileType = sourcecode.c.objc; path = "NSDictionary+DSOJsonHelper.m"; sourceTree = "<group>"; };
		C20BA28F1AF3DE0D00E9886F /* LetsDoThis.pch */ = {isa = PBXFileReference; lastKnownFileType = sourcecode.c.h; path = LetsDoThis.pch; sourceTree = "<group>"; };
		C2B151E91ACE04C30028C336 /* Lets Do This.app */ = {isa = PBXFileReference; explicitFileType = wrapper.application; includeInIndex = 0; path = "Lets Do This.app"; sourceTree = BUILT_PRODUCTS_DIR; };
		C2B151ED1ACE04C30028C336 /* Info.plist */ = {isa = PBXFileReference; lastKnownFileType = text.plist.xml; path = Info.plist; sourceTree = "<group>"; };
		C2B151EE1ACE04C30028C336 /* main.m */ = {isa = PBXFileReference; lastKnownFileType = sourcecode.c.objc; path = main.m; sourceTree = "<group>"; };
		C2B151FC1ACE04C30028C336 /* Images.xcassets */ = {isa = PBXFileReference; lastKnownFileType = folder.assetcatalog; path = Images.xcassets; sourceTree = "<group>"; };
		C2B151FF1ACE04C30028C336 /* Base */ = {isa = PBXFileReference; lastKnownFileType = file.xib; name = Base; path = Base.lproj/LaunchScreen.xib; sourceTree = "<group>"; };
		C2B152051ACE04C30028C336 /* Lets Do ThisTests.xctest */ = {isa = PBXFileReference; explicitFileType = wrapper.cfbundle; includeInIndex = 0; path = "Lets Do ThisTests.xctest"; sourceTree = BUILT_PRODUCTS_DIR; };
		C2B1520A1ACE04C30028C336 /* Info.plist */ = {isa = PBXFileReference; lastKnownFileType = text.plist.xml; path = Info.plist; sourceTree = "<group>"; };
		C2B1520B1ACE04C30028C336 /* Lets_Do_ThisTests.m */ = {isa = PBXFileReference; lastKnownFileType = sourcecode.c.objc; path = Lets_Do_ThisTests.m; sourceTree = "<group>"; };
		C2B152171ACE05510028C336 /* AppDelegate.h */ = {isa = PBXFileReference; fileEncoding = 4; lastKnownFileType = sourcecode.c.h; path = AppDelegate.h; sourceTree = "<group>"; };
		C2B152181ACE05510028C336 /* AppDelegate.m */ = {isa = PBXFileReference; fileEncoding = 4; lastKnownFileType = sourcecode.c.objc; path = AppDelegate.m; sourceTree = "<group>"; };
		C2B152361ACE0BB50028C336 /* LDTSettingsViewController.h */ = {isa = PBXFileReference; fileEncoding = 4; lastKnownFileType = sourcecode.c.h; name = LDTSettingsViewController.h; path = Profile/LDTSettingsViewController.h; sourceTree = "<group>"; };
		C2B152371ACE0BB50028C336 /* LDTSettingsViewController.m */ = {isa = PBXFileReference; fileEncoding = 4; lastKnownFileType = sourcecode.c.objc; name = LDTSettingsViewController.m; path = Profile/LDTSettingsViewController.m; sourceTree = "<group>"; };
		FD644C9FDE4E95B4C94D523F /* libPods-Lets Do This.a */ = {isa = PBXFileReference; explicitFileType = archive.ar; includeInIndex = 0; path = "libPods-Lets Do This.a"; sourceTree = BUILT_PRODUCTS_DIR; };
/* End PBXFileReference section */

/* Begin PBXFrameworksBuildPhase section */
		C2B151E61ACE04C30028C336 /* Frameworks */ = {
			isa = PBXFrameworksBuildPhase;
			buildActionMask = 2147483647;
			files = (
				421774269F5DF5997622C2F9 /* libPods-Lets Do This.a in Frameworks */,
			);
			runOnlyForDeploymentPostprocessing = 0;
		};
		C2B152021ACE04C30028C336 /* Frameworks */ = {
			isa = PBXFrameworksBuildPhase;
			buildActionMask = 2147483647;
			files = (
			);
			runOnlyForDeploymentPostprocessing = 0;
		};
/* End PBXFrameworksBuildPhase section */

/* Begin PBXGroup section */
		71A8950E509C5F1CA390B540 /* Frameworks */ = {
			isa = PBXGroup;
			children = (
				FD644C9FDE4E95B4C94D523F /* libPods-Lets Do This.a */,
			);
			name = Frameworks;
			sourceTree = "<group>";
		};
		B22273FF1B58792D005C896D /* Campaign */ = {
			isa = PBXGroup;
			children = (
				B22274001B5879B3005C896D /* LDTCampaignListView.xib */,
			);
			name = Campaign;
			sourceTree = "<group>";
		};
		B22274021B587A02005C896D /* Campaign */ = {
			isa = PBXGroup;
			children = (
				B22274031B587A20005C896D /* LDTCampaignListViewController.h */,
				B22274041B587A20005C896D /* LDTCampaignListViewController.m */,
			);
			name = Campaign;
			sourceTree = "<group>";
		};
		B239391A1B44495400E5BCC8 /* Login */ = {
			isa = PBXGroup;
			children = (
				B2A1365A1B3C9FDA00D20273 /* LDTUserConnectView.xib */,
				B2A1365F1B3D1AEF00D20273 /* LDTUserRegisterView.xib */,
				B22AB7671B4EE7BE00BE7052 /* LDTUserLoginView.xib */,
				B26038791B449491002FE362 /* LDTUserSignupCodeView.h */,
				B260387A1B449491002FE362 /* LDTUserSignupCodeView.m */,
				B260387C1B4494A8002FE362 /* LDTUserSignupCodeView.xib */,
			);
			name = Login;
			sourceTree = "<group>";
		};
		B260387E1B44F84D002FE362 /* Resources */ = {
			isa = PBXGroup;
			children = (
				B273A7651B459B5400CBD4E1 /* Fonts */,
				B260387F1B44F891002FE362 /* Images */,
			);
			name = Resources;
			sourceTree = "<group>";
		};
		B260387F1B44F891002FE362 /* Images */ = {
			isa = PBXGroup;
			children = (
				B25A729D1B5712B300BC8A2B /* avatar-default.png */,
				B26038821B44F8FC002FE362 /* bg-lightning.png */,
				B24CE3D01B507DEE00377727 /* john-connor.jpg */,
				B26038801B44F8A4002FE362 /* plus-icon.png */,
			);
			name = Images;
			sourceTree = "<group>";
		};
		B273A7651B459B5400CBD4E1 /* Fonts */ = {
			isa = PBXGroup;
			children = (
				B273A7661B459B6C00CBD4E1 /* Brandon_med.otf */,
				B273A7671B459BA300CBD4E1 /* Brandon_bld.otf */,
			);
			name = Fonts;
			sourceTree = "<group>";
		};
		B27AF0E11B4F487C00164926 /* Profile */ = {
			isa = PBXGroup;
			children = (
				B27AF0E21B4F48BC00164926 /* LDTUserProfileViewController.h */,
				B27AF0E31B4F48BC00164926 /* LDTUserProfileViewController.m */,
				C2B152361ACE0BB50028C336 /* LDTSettingsViewController.h */,
				C2B152371ACE0BB50028C336 /* LDTSettingsViewController.m */,
			);
			name = Profile;
			sourceTree = "<group>";
		};
		B27AF0E51B4F490800164926 /* Profile */ = {
			isa = PBXGroup;
			children = (
				B27AF0E61B4F493D00164926 /* LDTUserProfileView.xib */,
				B2A41A041B5DCC5300C6C1A6 /* LDTSettingsView.xib */,
			);
			name = Profile;
			sourceTree = "<group>";
		};
		B27AF0E81B4F647A00164926 /* Base */ = {
			isa = PBXGroup;
			children = (
				B27AF0E91B4F64B200164926 /* LDTLoadingViewController.h */,
				B27AF0EA1B4F64B200164926 /* LDTLoadingViewController.m */,
				B25A729A1B56B87300BC8A2B /* LDTNavigationController.h */,
				B25A729B1B56B87300BC8A2B /* LDTNavigationController.m */,
			);
			name = Base;
			sourceTree = "<group>";
		};
		B2810B021B59749200426BEF /* Networking */ = {
			isa = PBXGroup;
			children = (
				B22273FC1B58076F005C896D /* DSOAPI.h */,
				B22273FD1B58076F005C896D /* DSOAPI.m */,
			);
			name = Networking;
			sourceTree = "<group>";
		};
		B2E652DC1B43807000EF9D69 /* Base */ = {
			isa = PBXGroup;
			children = (
				569AA55C1B4085A000D8C8C9 /* InterfaceBuilderView.h */,
				569AA55D1B4085A000D8C8C9 /* InterfaceBuilderView.m */,
				B2E652DD1B4380AD00EF9D69 /* LDTTheme.h */,
				B2E652DE1B4380AD00EF9D69 /* LDTTheme.m */,
				B2E652E01B43822600EF9D69 /* LDTButton.h */,
				B2E652E11B43822600EF9D69 /* LDTButton.m */,
				B27AF0EC1B4F64D200164926 /* LDTLoadingView.xib */,
			);
			name = Base;
			sourceTree = "<group>";
		};
		C2B151E01ACE04C30028C336 = {
			isa = PBXGroup;
			children = (
				C2B151EB1ACE04C30028C336 /* Lets Do This */,
				C2B152081ACE04C30028C336 /* Lets Do ThisTests */,
				C2B151EA1ACE04C30028C336 /* Products */,
				DBD38C1FC81949D66DE6A1A4 /* Pods */,
				71A8950E509C5F1CA390B540 /* Frameworks */,
			);
			sourceTree = "<group>";
		};
		C2B151EA1ACE04C30028C336 /* Products */ = {
			isa = PBXGroup;
			children = (
				C2B151E91ACE04C30028C336 /* Lets Do This.app */,
				C2B152051ACE04C30028C336 /* Lets Do ThisTests.xctest */,
			);
			name = Products;
			sourceTree = "<group>";
		};
		C2B151EB1ACE04C30028C336 /* Lets Do This */ = {
			isa = PBXGroup;
			children = (
				C2B152151ACE05510028C336 /* Categories */,
				C2B152161ACE05510028C336 /* Classes */,
				B2810B021B59749200426BEF /* Networking */,
				C2B152191ACE05510028C336 /* Controllers */,
				C2B1521E1ACE05510028C336 /* Models */,
				C2B1521F1ACE05510028C336 /* Views */,
				C2B151FC1ACE04C30028C336 /* Images.xcassets */,
				C2B151FE1ACE04C30028C336 /* LaunchScreen.xib */,
				B260387E1B44F84D002FE362 /* Resources */,
				C2B151EC1ACE04C30028C336 /* Supporting Files */,
			);
			path = "Lets Do This";
			sourceTree = "<group>";
		};
		C2B151EC1ACE04C30028C336 /* Supporting Files */ = {
			isa = PBXGroup;
			children = (
				B25C1C9B1B17648200607FF1 /* ds-logo.png */,
				C2B151ED1ACE04C30028C336 /* Info.plist */,
				C2B151EE1ACE04C30028C336 /* main.m */,
				C20BA28F1AF3DE0D00E9886F /* LetsDoThis.pch */,
				B20881A01B0B9B0F00E697B2 /* keys.plist */,
			);
			name = "Supporting Files";
			sourceTree = "<group>";
		};
		C2B152081ACE04C30028C336 /* Lets Do ThisTests */ = {
			isa = PBXGroup;
			children = (
				C2B1520B1ACE04C30028C336 /* Lets_Do_ThisTests.m */,
				C2B152091ACE04C30028C336 /* Supporting Files */,
			);
			path = "Lets Do ThisTests";
			sourceTree = "<group>";
		};
		C2B152091ACE04C30028C336 /* Supporting Files */ = {
			isa = PBXGroup;
			children = (
				C2B1520A1ACE04C30028C336 /* Info.plist */,
			);
			name = "Supporting Files";
			sourceTree = "<group>";
		};
		C2B152151ACE05510028C336 /* Categories */ = {
			isa = PBXGroup;
			children = (
				C20BA2891AF3DCAB00E9886F /* NSDate+DSO.h */,
				C20BA28A1AF3DCAB00E9886F /* NSDate+DSO.m */,
				C20BA28B1AF3DCAB00E9886F /* NSDictionary+DSOJsonHelper.h */,
				C20BA28C1AF3DCAB00E9886F /* NSDictionary+DSOJsonHelper.m */,
			);
			path = Categories;
			sourceTree = "<group>";
		};
		C2B152161ACE05510028C336 /* Classes */ = {
			isa = PBXGroup;
			children = (
				C2B152171ACE05510028C336 /* AppDelegate.h */,
				C2B152181ACE05510028C336 /* AppDelegate.m */,
				B20D06CF1B3A58F40053D3B6 /* LDTMessage.h */,
				B20D06D01B3A58F40053D3B6 /* LDTMessage.m */,
			);
			path = Classes;
			sourceTree = "<group>";
		};
		C2B152191ACE05510028C336 /* Controllers */ = {
			isa = PBXGroup;
			children = (
				B27AF0E81B4F647A00164926 /* Base */,
				C2F35F0A1AD8272C00D12FE5 /* Login */,
				B22274021B587A02005C896D /* Campaign */,
				B27AF0E11B4F487C00164926 /* Profile */,
			);
			path = Controllers;
			sourceTree = "<group>";
		};
		C2B1521E1ACE05510028C336 /* Models */ = {
			isa = PBXGroup;
			children = (
				C20BA2811AF3DBE400E9886F /* DSOUser.h */,
				C20BA2821AF3DBE400E9886F /* DSOUser.m */,
				C20BA2771AF3DBE400E9886F /* DSOCampaign.h */,
				C20BA2781AF3DBE400E9886F /* DSOCampaign.m */,
			);
			path = Models;
			sourceTree = "<group>";
		};
		C2B1521F1ACE05510028C336 /* Views */ = {
			isa = PBXGroup;
			children = (
				B2E652DC1B43807000EF9D69 /* Base */,
				B239391A1B44495400E5BCC8 /* Login */,
				B22273FF1B58792D005C896D /* Campaign */,
				B27AF0E51B4F490800164926 /* Profile */,
			);
			path = Views;
			sourceTree = "<group>";
		};
		C2F35F0A1AD8272C00D12FE5 /* Login */ = {
			isa = PBXGroup;
			children = (
				B2A1365C1B3CA4B100D20273 /* LDTUserConnectViewController.h */,
				B2A1365D1B3CA4B100D20273 /* LDTUserConnectViewController.m */,
				B212C2601B4ED6F300376BB1 /* LDTBaseUserLoginViewController.h */,
				B212C2611B4ED6F300376BB1 /* LDTBaseUserLoginViewController.m */,
				B2A136611B3D9BC600D20273 /* LDTUserRegisterViewController.h */,
				B2A136621B3D9BC600D20273 /* LDTUserRegisterViewController.m */,
				B22AB7641B4EE78500BE7052 /* LDTUserLoginViewController.h */,
				B22AB7651B4EE78500BE7052 /* LDTUserLoginViewController.m */,
			);
			name = Login;
			sourceTree = "<group>";
		};
		DBD38C1FC81949D66DE6A1A4 /* Pods */ = {
			isa = PBXGroup;
			children = (
				481832CD7E534871B0CC8938 /* Pods-Lets Do This.debug.xcconfig */,
				B92B81EBB03D9FF4D34E3FD9 /* Pods-Lets Do This.release.xcconfig */,
			);
			name = Pods;
			sourceTree = "<group>";
		};
/* End PBXGroup section */

/* Begin PBXNativeTarget section */
		C2B151E81ACE04C30028C336 /* Lets Do This */ = {
			isa = PBXNativeTarget;
			buildConfigurationList = C2B1520F1ACE04C30028C336 /* Build configuration list for PBXNativeTarget "Lets Do This" */;
			buildPhases = (
				40371D8870697C6A0052D49B /* Check Pods Manifest.lock */,
				C2B151E51ACE04C30028C336 /* Sources */,
				C2B151E61ACE04C30028C336 /* Frameworks */,
				C2B151E71ACE04C30028C336 /* Resources */,
				57A97D3FE5F4843F35259D92 /* Copy Pods Resources */,
			);
			buildRules = (
			);
			dependencies = (
			);
			name = "Lets Do This";
			productName = "Lets Do This";
			productReference = C2B151E91ACE04C30028C336 /* Lets Do This.app */;
			productType = "com.apple.product-type.application";
		};
		C2B152041ACE04C30028C336 /* Lets Do ThisTests */ = {
			isa = PBXNativeTarget;
			buildConfigurationList = C2B152121ACE04C30028C336 /* Build configuration list for PBXNativeTarget "Lets Do ThisTests" */;
			buildPhases = (
				C2B152011ACE04C30028C336 /* Sources */,
				C2B152021ACE04C30028C336 /* Frameworks */,
				C2B152031ACE04C30028C336 /* Resources */,
			);
			buildRules = (
			);
			dependencies = (
				C2B152071ACE04C30028C336 /* PBXTargetDependency */,
			);
			name = "Lets Do ThisTests";
			productName = "Lets Do ThisTests";
			productReference = C2B152051ACE04C30028C336 /* Lets Do ThisTests.xctest */;
			productType = "com.apple.product-type.bundle.unit-test";
		};
/* End PBXNativeTarget section */

/* Begin PBXProject section */
		C2B151E11ACE04C30028C336 /* Project object */ = {
			isa = PBXProject;
			attributes = {
				LastUpgradeCheck = 0620;
				ORGANIZATIONNAME = "Do Something";
				TargetAttributes = {
					C2B151E81ACE04C30028C336 = {
						CreatedOnToolsVersion = 6.2;
						DevelopmentTeam = S4HV7AJFFK;
					};
					C2B152041ACE04C30028C336 = {
						CreatedOnToolsVersion = 6.2;
						TestTargetID = C2B151E81ACE04C30028C336;
					};
				};
			};
			buildConfigurationList = C2B151E41ACE04C30028C336 /* Build configuration list for PBXProject "Lets Do This" */;
			compatibilityVersion = "Xcode 3.2";
			developmentRegion = English;
			hasScannedForEncodings = 0;
			knownRegions = (
				en,
				Base,
			);
			mainGroup = C2B151E01ACE04C30028C336;
			productRefGroup = C2B151EA1ACE04C30028C336 /* Products */;
			projectDirPath = "";
			projectRoot = "";
			targets = (
				C2B151E81ACE04C30028C336 /* Lets Do This */,
				C2B152041ACE04C30028C336 /* Lets Do ThisTests */,
			);
		};
/* End PBXProject section */

/* Begin PBXResourcesBuildPhase section */
		C2B151E71ACE04C30028C336 /* Resources */ = {
			isa = PBXResourcesBuildPhase;
			buildActionMask = 2147483647;
			files = (
				B27AF0ED1B4F64D200164926 /* LDTLoadingView.xib in Resources */,
				B26038831B44F8FC002FE362 /* bg-lightning.png in Resources */,
				B26038811B44F8A4002FE362 /* plus-icon.png in Resources */,
				B20881A11B0B9B0F00E697B2 /* keys.plist in Resources */,
				B273A7681B459BB700CBD4E1 /* Brandon_med.otf in Resources */,
				B2A136601B3D1AEF00D20273 /* LDTUserRegisterView.xib in Resources */,
				B25A729E1B5712B300BC8A2B /* avatar-default.png in Resources */,
				B22274011B5879B3005C896D /* LDTCampaignListView.xib in Resources */,
				B25C1C9C1B17648200607FF1 /* ds-logo.png in Resources */,
				B273A7691B459BBA00CBD4E1 /* Brandon_bld.otf in Resources */,
				B24CE3D11B507DEE00377727 /* john-connor.jpg in Resources */,
				B27AF0E71B4F493D00164926 /* LDTUserProfileView.xib in Resources */,
				B2A1365B1B3C9FDA00D20273 /* LDTUserConnectView.xib in Resources */,
				C2B152001ACE04C30028C336 /* LaunchScreen.xib in Resources */,
				B2A41A051B5DCC5300C6C1A6 /* LDTSettingsView.xib in Resources */,
				C2B151FD1ACE04C30028C336 /* Images.xcassets in Resources */,
				B260387D1B4494A8002FE362 /* LDTUserSignupCodeView.xib in Resources */,
				B22AB7681B4EE7BE00BE7052 /* LDTUserLoginView.xib in Resources */,
			);
			runOnlyForDeploymentPostprocessing = 0;
		};
		C2B152031ACE04C30028C336 /* Resources */ = {
			isa = PBXResourcesBuildPhase;
			buildActionMask = 2147483647;
			files = (
			);
			runOnlyForDeploymentPostprocessing = 0;
		};
/* End PBXResourcesBuildPhase section */

/* Begin PBXShellScriptBuildPhase section */
		40371D8870697C6A0052D49B /* Check Pods Manifest.lock */ = {
			isa = PBXShellScriptBuildPhase;
			buildActionMask = 2147483647;
			files = (
			);
			inputPaths = (
			);
			name = "Check Pods Manifest.lock";
			outputPaths = (
			);
			runOnlyForDeploymentPostprocessing = 0;
			shellPath = /bin/sh;
			shellScript = "diff \"${PODS_ROOT}/../Podfile.lock\" \"${PODS_ROOT}/Manifest.lock\" > /dev/null\nif [[ $? != 0 ]] ; then\n    cat << EOM\nerror: The sandbox is not in sync with the Podfile.lock. Run 'pod install' or update your CocoaPods installation.\nEOM\n    exit 1\nfi\n";
			showEnvVarsInLog = 0;
		};
		57A97D3FE5F4843F35259D92 /* Copy Pods Resources */ = {
			isa = PBXShellScriptBuildPhase;
			buildActionMask = 2147483647;
			files = (
			);
			inputPaths = (
			);
			name = "Copy Pods Resources";
			outputPaths = (
			);
			runOnlyForDeploymentPostprocessing = 0;
			shellPath = /bin/sh;
			shellScript = "\"${SRCROOT}/Pods/Target Support Files/Pods-Lets Do This/Pods-Lets Do This-resources.sh\"\n";
			showEnvVarsInLog = 0;
		};
/* End PBXShellScriptBuildPhase section */

/* Begin PBXSourcesBuildPhase section */
		C2B151E51ACE04C30028C336 /* Sources */ = {
			isa = PBXSourcesBuildPhase;
			buildActionMask = 2147483647;
			files = (
				B260387B1B449491002FE362 /* LDTUserSignupCodeView.m in Sources */,
				C20BA28E1AF3DCAB00E9886F /* NSDictionary+DSOJsonHelper.m in Sources */,
				B2A1365E1B3CA4B100D20273 /* LDTUserConnectViewController.m in Sources */,
				B22274051B587A20005C896D /* LDTCampaignListViewController.m in Sources */,
				B2A136631B3D9BC600D20273 /* LDTUserRegisterViewController.m in Sources */,
				B212C2621B4ED6F300376BB1 /* LDTBaseUserLoginViewController.m in Sources */,
				C2B152381ACE0BB50028C336 /* LDTSettingsViewController.m in Sources */,
				B27AF0E41B4F48BC00164926 /* LDTUserProfileViewController.m in Sources */,
				B22AB7661B4EE78500BE7052 /* LDTUserLoginViewController.m in Sources */,
				C20BA28D1AF3DCAB00E9886F /* NSDate+DSO.m in Sources */,
				B27AF0EB1B4F64B200164926 /* LDTLoadingViewController.m in Sources */,
				B22273FE1B58076F005C896D /* DSOAPI.m in Sources */,
				C20BA2881AF3DBE400E9886F /* DSOUser.m in Sources */,
				B2E652E21B43822600EF9D69 /* LDTButton.m in Sources */,
				C2B152201ACE05510028C336 /* AppDelegate.m in Sources */,
				C2B151EF1ACE04C30028C336 /* main.m in Sources */,
				569AA55E1B4085A000D8C8C9 /* InterfaceBuilderView.m in Sources */,
				B2E652DF1B4380AD00EF9D69 /* LDTTheme.m in Sources */,
				B20D06D11B3A58F40053D3B6 /* LDTMessage.m in Sources */,
				C20BA2831AF3DBE400E9886F /* DSOCampaign.m in Sources */,
				B25A729C1B56B87300BC8A2B /* LDTNavigationController.m in Sources */,
			);
			runOnlyForDeploymentPostprocessing = 0;
		};
		C2B152011ACE04C30028C336 /* Sources */ = {
			isa = PBXSourcesBuildPhase;
			buildActionMask = 2147483647;
			files = (
				C2B1520C1ACE04C30028C336 /* Lets_Do_ThisTests.m in Sources */,
			);
			runOnlyForDeploymentPostprocessing = 0;
		};
/* End PBXSourcesBuildPhase section */

/* Begin PBXTargetDependency section */
		C2B152071ACE04C30028C336 /* PBXTargetDependency */ = {
			isa = PBXTargetDependency;
			target = C2B151E81ACE04C30028C336 /* Lets Do This */;
			targetProxy = C2B152061ACE04C30028C336 /* PBXContainerItemProxy */;
		};
/* End PBXTargetDependency section */

/* Begin PBXVariantGroup section */
		C2B151FE1ACE04C30028C336 /* LaunchScreen.xib */ = {
			isa = PBXVariantGroup;
			children = (
				C2B151FF1ACE04C30028C336 /* Base */,
			);
			name = LaunchScreen.xib;
			sourceTree = "<group>";
		};
/* End PBXVariantGroup section */

/* Begin XCBuildConfiguration section */
		C2B1520D1ACE04C30028C336 /* Debug */ = {
			isa = XCBuildConfiguration;
			buildSettings = {
				ALWAYS_SEARCH_USER_PATHS = NO;
				CLANG_CXX_LANGUAGE_STANDARD = "gnu++0x";
				CLANG_CXX_LIBRARY = "libc++";
				CLANG_ENABLE_MODULES = YES;
				CLANG_ENABLE_OBJC_ARC = YES;
				CLANG_WARN_BOOL_CONVERSION = YES;
				CLANG_WARN_CONSTANT_CONVERSION = YES;
				CLANG_WARN_DIRECT_OBJC_ISA_USAGE = YES_ERROR;
				CLANG_WARN_EMPTY_BODY = YES;
				CLANG_WARN_ENUM_CONVERSION = YES;
				CLANG_WARN_INT_CONVERSION = YES;
				CLANG_WARN_OBJC_ROOT_CLASS = YES_ERROR;
				CLANG_WARN_UNREACHABLE_CODE = YES;
				CLANG_WARN__DUPLICATE_METHOD_MATCH = YES;
				"CODE_SIGN_IDENTITY[sdk=iphoneos*]" = "iPhone Developer";
				COPY_PHASE_STRIP = NO;
				ENABLE_STRICT_OBJC_MSGSEND = YES;
				GCC_C_LANGUAGE_STANDARD = gnu99;
				GCC_DYNAMIC_NO_PIC = NO;
				GCC_OPTIMIZATION_LEVEL = 0;
				GCC_PREPROCESSOR_DEFINITIONS = (
					"DEBUG=1",
					"$(inherited)",
				);
				GCC_SYMBOLS_PRIVATE_EXTERN = NO;
				GCC_WARN_64_TO_32_BIT_CONVERSION = YES;
				GCC_WARN_ABOUT_RETURN_TYPE = YES_ERROR;
				GCC_WARN_UNDECLARED_SELECTOR = YES;
				GCC_WARN_UNINITIALIZED_AUTOS = YES_AGGRESSIVE;
				GCC_WARN_UNUSED_FUNCTION = YES;
				GCC_WARN_UNUSED_VARIABLE = YES;
				IPHONEOS_DEPLOYMENT_TARGET = 8.2;
				MTL_ENABLE_DEBUG_INFO = YES;
				ONLY_ACTIVE_ARCH = YES;
				SDKROOT = iphoneos;
			};
			name = Debug;
		};
		C2B1520E1ACE04C30028C336 /* Release */ = {
			isa = XCBuildConfiguration;
			buildSettings = {
				ALWAYS_SEARCH_USER_PATHS = NO;
				CLANG_CXX_LANGUAGE_STANDARD = "gnu++0x";
				CLANG_CXX_LIBRARY = "libc++";
				CLANG_ENABLE_MODULES = YES;
				CLANG_ENABLE_OBJC_ARC = YES;
				CLANG_WARN_BOOL_CONVERSION = YES;
				CLANG_WARN_CONSTANT_CONVERSION = YES;
				CLANG_WARN_DIRECT_OBJC_ISA_USAGE = YES_ERROR;
				CLANG_WARN_EMPTY_BODY = YES;
				CLANG_WARN_ENUM_CONVERSION = YES;
				CLANG_WARN_INT_CONVERSION = YES;
				CLANG_WARN_OBJC_ROOT_CLASS = YES_ERROR;
				CLANG_WARN_UNREACHABLE_CODE = YES;
				CLANG_WARN__DUPLICATE_METHOD_MATCH = YES;
				"CODE_SIGN_IDENTITY[sdk=iphoneos*]" = "iPhone Developer";
				COPY_PHASE_STRIP = NO;
				ENABLE_NS_ASSERTIONS = NO;
				ENABLE_STRICT_OBJC_MSGSEND = YES;
				GCC_C_LANGUAGE_STANDARD = gnu99;
				GCC_WARN_64_TO_32_BIT_CONVERSION = YES;
				GCC_WARN_ABOUT_RETURN_TYPE = YES_ERROR;
				GCC_WARN_UNDECLARED_SELECTOR = YES;
				GCC_WARN_UNINITIALIZED_AUTOS = YES_AGGRESSIVE;
				GCC_WARN_UNUSED_FUNCTION = YES;
				GCC_WARN_UNUSED_VARIABLE = YES;
				IPHONEOS_DEPLOYMENT_TARGET = 8.2;
				MTL_ENABLE_DEBUG_INFO = NO;
				SDKROOT = iphoneos;
				VALIDATE_PRODUCT = YES;
			};
			name = Release;
		};
		C2B152101ACE04C30028C336 /* Debug */ = {
			isa = XCBuildConfiguration;
			baseConfigurationReference = 481832CD7E534871B0CC8938 /* Pods-Lets Do This.debug.xcconfig */;
			buildSettings = {
				ASSETCATALOG_COMPILER_APPICON_NAME = AppIcon;
				CODE_SIGN_IDENTITY = "";
				"CODE_SIGN_IDENTITY[sdk=iphoneos*]" = "iPhone Developer";
				GCC_PREFIX_HEADER = "Lets Do This/LetsDoThis.pch";
				INFOPLIST_FILE = "Lets Do This/Info.plist";
				LD_RUNPATH_SEARCH_PATHS = "$(inherited) @executable_path/Frameworks";
				PRODUCT_NAME = "$(TARGET_NAME)";
				PROVISIONING_PROFILE = "";
			};
			name = Debug;
		};
		C2B152111ACE04C30028C336 /* Release */ = {
			isa = XCBuildConfiguration;
			baseConfigurationReference = B92B81EBB03D9FF4D34E3FD9 /* Pods-Lets Do This.release.xcconfig */;
			buildSettings = {
				ASSETCATALOG_COMPILER_APPICON_NAME = AppIcon;
				CODE_SIGN_IDENTITY = "";
				"CODE_SIGN_IDENTITY[sdk=iphoneos*]" = "iPhone Developer";
				GCC_PREFIX_HEADER = "Lets Do This/LetsDoThis.pch";
				INFOPLIST_FILE = "Lets Do This/Info.plist";
				LD_RUNPATH_SEARCH_PATHS = "$(inherited) @executable_path/Frameworks";
				PRODUCT_NAME = "$(TARGET_NAME)";
				PROVISIONING_PROFILE = "";
			};
			name = Release;
		};
		C2B152131ACE04C30028C336 /* Debug */ = {
			isa = XCBuildConfiguration;
			buildSettings = {
				BUNDLE_LOADER = "$(TEST_HOST)";
				FRAMEWORK_SEARCH_PATHS = (
					"$(SDKROOT)/Developer/Library/Frameworks",
					"$(inherited)",
				);
				GCC_PREPROCESSOR_DEFINITIONS = (
					"DEBUG=1",
					"$(inherited)",
				);
				INFOPLIST_FILE = "Lets Do ThisTests/Info.plist";
				LD_RUNPATH_SEARCH_PATHS = "$(inherited) @executable_path/Frameworks @loader_path/Frameworks";
				PRODUCT_NAME = "$(TARGET_NAME)";
				TEST_HOST = "$(BUILT_PRODUCTS_DIR)/Lets Do This.app/Lets Do This";
			};
			name = Debug;
		};
		C2B152141ACE04C30028C336 /* Release */ = {
			isa = XCBuildConfiguration;
			buildSettings = {
				BUNDLE_LOADER = "$(TEST_HOST)";
				FRAMEWORK_SEARCH_PATHS = (
					"$(SDKROOT)/Developer/Library/Frameworks",
					"$(inherited)",
				);
				INFOPLIST_FILE = "Lets Do ThisTests/Info.plist";
				LD_RUNPATH_SEARCH_PATHS = "$(inherited) @executable_path/Frameworks @loader_path/Frameworks";
				PRODUCT_NAME = "$(TARGET_NAME)";
				TEST_HOST = "$(BUILT_PRODUCTS_DIR)/Lets Do This.app/Lets Do This";
			};
			name = Release;
		};
/* End XCBuildConfiguration section */

/* Begin XCConfigurationList section */
		C2B151E41ACE04C30028C336 /* Build configuration list for PBXProject "Lets Do This" */ = {
			isa = XCConfigurationList;
			buildConfigurations = (
				C2B1520D1ACE04C30028C336 /* Debug */,
				C2B1520E1ACE04C30028C336 /* Release */,
			);
			defaultConfigurationIsVisible = 0;
			defaultConfigurationName = Release;
		};
		C2B1520F1ACE04C30028C336 /* Build configuration list for PBXNativeTarget "Lets Do This" */ = {
			isa = XCConfigurationList;
			buildConfigurations = (
				C2B152101ACE04C30028C336 /* Debug */,
				C2B152111ACE04C30028C336 /* Release */,
			);
			defaultConfigurationIsVisible = 0;
			defaultConfigurationName = Release;
		};
		C2B152121ACE04C30028C336 /* Build configuration list for PBXNativeTarget "Lets Do ThisTests" */ = {
			isa = XCConfigurationList;
			buildConfigurations = (
				C2B152131ACE04C30028C336 /* Debug */,
				C2B152141ACE04C30028C336 /* Release */,
			);
			defaultConfigurationIsVisible = 0;
			defaultConfigurationName = Release;
		};
/* End XCConfigurationList section */
	};
	rootObject = C2B151E11ACE04C30028C336 /* Project object */;
}
